{
  "version": 4,
  "terraform_version": "1.11.4",
  "serial": 831,
  "lineage": "7c7396ae-abf5-1b55-f323-6905778acb46",
  "outputs": {
    "application_urls": {
      "value": {
        "load_balancer_url": "http://public-ms-balancer-992743410.us-east-1.elb.amazonaws.com",
        "service_urls": {
          "auth": {
            "internal_dns": "auth-service.microservices-ecommerce.local:8787"
          },
          "client": {
            "health_check": "http://public-ms-balancer-992743410.us-east-1.elb.amazonaws.com/client/",
            "url": "http://public-ms-balancer-992743410.us-east-1.elb.amazonaws.com/client"
          },
          "config": {
            "internal_dns": "config-server.microservices-ecommerce.local:8888"
          },
          "notification": {
            "internal_dns": "notification-service.microservices-ecommerce.local:8040"
          },
          "order": {
            "internal_dns": "order-service.microservices-ecommerce.local:8070"
          },
          "payment": {
            "internal_dns": "payment-service.microservices-ecommerce.local:8060"
          },
          "product": {
            "internal_dns": "product-api.microservices-ecommerce.local:8050"
          }
        }
      },
      "type": [
        "object",
        {
          "load_balancer_url": "string",
          "service_urls": [
            "object",
            {
              "auth": [
                "map",
                "string"
              ],
              "client": [
                "map",
                "string"
              ],
              "config": [
                "map",
                "string"
              ],
              "notification": [
                "map",
                "string"
              ],
              "order": [
                "map",
                "string"
              ],
              "payment": [
                "map",
                "string"
              ],
              "product": [
                "map",
                "string"
              ]
            }
          ]
        }
      ]
    },
    "aws_account_info": {
      "value": {
        "account_id": "068856380156",
        "region": "us-east-1"
      },
      "type": [
        "object",
        {
          "account_id": "string",
          "region": "string"
        }
      ]
    },
    "codebuild": {
      "value": {
        "projects": {
          "auth": {
            "arn": "arn:aws:codebuild:us-east-1:068856380156:project/microservices-ecommerce-auth-build",
            "name": "microservices-ecommerce-auth-build"
          },
          "client": {
            "arn": "arn:aws:codebuild:us-east-1:068856380156:project/microservices-ecommerce-client-build",
            "name": "microservices-ecommerce-client-build"
          },
          "config": {
            "arn": "arn:aws:codebuild:us-east-1:068856380156:project/microservices-ecommerce-config-build",
            "name": "microservices-ecommerce-config-build"
          },
          "notification": {
            "arn": "arn:aws:codebuild:us-east-1:068856380156:project/microservices-ecommerce-notification-build",
            "name": "microservices-ecommerce-notification-build"
          },
          "order": {
            "arn": "arn:aws:codebuild:us-east-1:068856380156:project/microservices-ecommerce-order-build",
            "name": "microservices-ecommerce-order-build"
          },
          "payment": {
            "arn": "arn:aws:codebuild:us-east-1:068856380156:project/microservices-ecommerce-payment-build",
            "name": "microservices-ecommerce-payment-build"
          },
          "product": {
            "arn": "arn:aws:codebuild:us-east-1:068856380156:project/microservices-ecommerce-product-build",
            "name": "microservices-ecommerce-product-build"
          }
        }
      },
      "type": [
        "object",
        {
          "projects": [
            "object",
            {
              "auth": [
                "object",
                {
                  "arn": "string",
                  "name": "string"
                }
              ],
              "client": [
                "object",
                {
                  "arn": "string",
                  "name": "string"
                }
              ],
              "config": [
                "object",
                {
                  "arn": "string",
                  "name": "string"
                }
              ],
              "notification": [
                "object",
                {
                  "arn": "string",
                  "name": "string"
                }
              ],
              "order": [
                "object",
                {
                  "arn": "string",
                  "name": "string"
                }
              ],
              "payment": [
                "object",
                {
                  "arn": "string",
                  "name": "string"
                }
              ],
              "product": [
                "object",
                {
                  "arn": "string",
                  "name": "string"
                }
              ]
            }
          ]
        }
      ]
    },
    "codepipeline": {
      "value": {
        "pipelines": {
          "auth": {
            "arn": "arn:aws:codepipeline:us-east-1:068856380156:microservices-ecommerce-auth-pipeline",
            "name": "microservices-ecommerce-auth-pipeline"
          },
          "client": {
            "arn": "arn:aws:codepipeline:us-east-1:068856380156:microservices-ecommerce-client-pipeline",
            "name": "microservices-ecommerce-client-pipeline"
          },
          "config": {
            "arn": "arn:aws:codepipeline:us-east-1:068856380156:microservices-ecommerce-config-pipeline",
            "name": "microservices-ecommerce-config-pipeline"
          },
          "notification": {
            "arn": "arn:aws:codepipeline:us-east-1:068856380156:microservices-ecommerce-notification-pipeline",
            "name": "microservices-ecommerce-notification-pipeline"
          },
          "order": {
            "arn": "arn:aws:codepipeline:us-east-1:068856380156:microservices-ecommerce-order-pipeline",
            "name": "microservices-ecommerce-order-pipeline"
          },
          "payment": {
            "arn": "arn:aws:codepipeline:us-east-1:068856380156:microservices-ecommerce-payment-pipeline",
            "name": "microservices-ecommerce-payment-pipeline"
          },
          "product": {
            "arn": "arn:aws:codepipeline:us-east-1:068856380156:microservices-ecommerce-product-pipeline",
            "name": "microservices-ecommerce-product-pipeline"
          }
        }
      },
      "type": [
        "object",
        {
          "pipelines": [
            "object",
            {
              "auth": [
                "object",
                {
                  "arn": "string",
                  "name": "string"
                }
              ],
              "client": [
                "object",
                {
                  "arn": "string",
                  "name": "string"
                }
              ],
              "config": [
                "object",
                {
                  "arn": "string",
                  "name": "string"
                }
              ],
              "notification": [
                "object",
                {
                  "arn": "string",
                  "name": "string"
                }
              ],
              "order": [
                "object",
                {
                  "arn": "string",
                  "name": "string"
                }
              ],
              "payment": [
                "object",
                {
                  "arn": "string",
                  "name": "string"
                }
              ],
              "product": [
                "object",
                {
                  "arn": "string",
                  "name": "string"
                }
              ]
            }
          ]
        }
      ]
    },
    "codestar_connection": {
      "value": {
        "arn": "arn:aws:codestar-connections:us-east-1:068856380156:connection/9bd3f9b1-df7d-4736-9315-abc575f20114",
        "status": "PENDING"
      },
      "type": [
        "object",
        {
          "arn": "string",
          "status": "string"
        }
      ],
      "sensitive": true
    },
    "deployment_summary": {
      "value": {
        "application_urls": {
          "load_balancer": "http://public-ms-balancer-992743410.us-east-1.elb.amazonaws.com",
          "services": {
            "auth": null,
            "client": {
              "health_check": "http://public-ms-balancer-992743410.us-east-1.elb.amazonaws.com/client/",
              "url": "http://public-ms-balancer-992743410.us-east-1.elb.amazonaws.com/client"
            },
            "config": null,
            "notification": null,
            "order": null,
            "payment": null,
            "product": null
          }
        },
        "codepipelines": {
          "auth": {
            "arn": "arn:aws:codepipeline:us-east-1:068856380156:microservices-ecommerce-auth-pipeline",
            "name": "microservices-ecommerce-auth-pipeline"
          },
          "client": {
            "arn": "arn:aws:codepipeline:us-east-1:068856380156:microservices-ecommerce-client-pipeline",
            "name": "microservices-ecommerce-client-pipeline"
          },
          "config": {
            "arn": "arn:aws:codepipeline:us-east-1:068856380156:microservices-ecommerce-config-pipeline",
            "name": "microservices-ecommerce-config-pipeline"
          },
          "notification": {
            "arn": "arn:aws:codepipeline:us-east-1:068856380156:microservices-ecommerce-notification-pipeline",
            "name": "microservices-ecommerce-notification-pipeline"
          },
          "order": {
            "arn": "arn:aws:codepipeline:us-east-1:068856380156:microservices-ecommerce-order-pipeline",
            "name": "microservices-ecommerce-order-pipeline"
          },
          "payment": {
            "arn": "arn:aws:codepipeline:us-east-1:068856380156:microservices-ecommerce-payment-pipeline",
            "name": "microservices-ecommerce-payment-pipeline"
          },
          "product": {
            "arn": "arn:aws:codepipeline:us-east-1:068856380156:microservices-ecommerce-product-pipeline",
            "name": "microservices-ecommerce-product-pipeline"
          }
        },
        "ecr_repositories": {
          "auth": {
            "arn": "arn:aws:ecr:us-east-1:068856380156:repository/auth-service",
            "name": "auth-service",
            "url": "068856380156.dkr.ecr.us-east-1.amazonaws.com/auth-service"
          },
          "client": {
            "arn": "arn:aws:ecr:us-east-1:068856380156:repository/client-service",
            "name": "client-service",
            "url": "068856380156.dkr.ecr.us-east-1.amazonaws.com/client-service"
          },
          "config": {
            "arn": "arn:aws:ecr:us-east-1:068856380156:repository/config-server",
            "name": "config-server",
            "url": "068856380156.dkr.ecr.us-east-1.amazonaws.com/config-server"
          },
          "notification": {
            "arn": "arn:aws:ecr:us-east-1:068856380156:repository/notification-service",
            "name": "notification-service",
            "url": "068856380156.dkr.ecr.us-east-1.amazonaws.com/notification-service"
          },
          "order": {
            "arn": "arn:aws:ecr:us-east-1:068856380156:repository/order-service",
            "name": "order-service",
            "url": "068856380156.dkr.ecr.us-east-1.amazonaws.com/order-service"
          },
          "payment": {
            "arn": "arn:aws:ecr:us-east-1:068856380156:repository/payment-service",
            "name": "payment-service",
            "url": "068856380156.dkr.ecr.us-east-1.amazonaws.com/payment-service"
          },
          "product": {
            "arn": "arn:aws:ecr:us-east-1:068856380156:repository/product-api",
            "name": "product-api",
            "url": "068856380156.dkr.ecr.us-east-1.amazonaws.com/product-api"
          }
        },
        "ecs_cluster_name": "sophisticated-fish-p08ixg",
        "ecs_services": {
          "auth": {
            "arn": "arn:aws:ecs:us-east-1:068856380156:service/sophisticated-fish-p08ixg/auth-service-service",
            "cluster": "arn:aws:ecs:us-east-1:068856380156:cluster/sophisticated-fish-p08ixg",
            "desired_count": 1,
            "name": "auth-service-service",
            "task_definition": "arn:aws:ecs:us-east-1:068856380156:task-definition/auth-service:7"
          },
          "client": {
            "arn": "arn:aws:ecs:us-east-1:068856380156:service/sophisticated-fish-p08ixg/client-service-service",
            "cluster": "arn:aws:ecs:us-east-1:068856380156:cluster/sophisticated-fish-p08ixg",
            "desired_count": 1,
            "name": "client-service-service",
            "task_definition": "arn:aws:ecs:us-east-1:068856380156:task-definition/client-service:7"
          },
          "config": {
            "arn": "arn:aws:ecs:us-east-1:068856380156:service/sophisticated-fish-p08ixg/config-server-service",
            "cluster": "arn:aws:ecs:us-east-1:068856380156:cluster/sophisticated-fish-p08ixg",
            "desired_count": 1,
            "name": "config-server-service",
            "task_definition": "arn:aws:ecs:us-east-1:068856380156:task-definition/config-server:6"
          },
          "notification": {
            "arn": "arn:aws:ecs:us-east-1:068856380156:service/sophisticated-fish-p08ixg/notification-service-service",
            "cluster": "arn:aws:ecs:us-east-1:068856380156:cluster/sophisticated-fish-p08ixg",
            "desired_count": 1,
            "name": "notification-service-service",
            "task_definition": "arn:aws:ecs:us-east-1:068856380156:task-definition/notification-service:7"
          },
          "order": {
            "arn": "arn:aws:ecs:us-east-1:068856380156:service/sophisticated-fish-p08ixg/order-service-service",
            "cluster": "arn:aws:ecs:us-east-1:068856380156:cluster/sophisticated-fish-p08ixg",
            "desired_count": 1,
            "name": "order-service-service",
            "task_definition": "arn:aws:ecs:us-east-1:068856380156:task-definition/order-service:7"
          },
          "payment": {
            "arn": "arn:aws:ecs:us-east-1:068856380156:service/sophisticated-fish-p08ixg/payment-service-service",
            "cluster": "arn:aws:ecs:us-east-1:068856380156:cluster/sophisticated-fish-p08ixg",
            "desired_count": 1,
            "name": "payment-service-service",
            "task_definition": "arn:aws:ecs:us-east-1:068856380156:task-definition/payment-service:7"
          },
          "product": {
            "arn": "arn:aws:ecs:us-east-1:068856380156:service/sophisticated-fish-p08ixg/product-api-service",
            "cluster": "arn:aws:ecs:us-east-1:068856380156:cluster/sophisticated-fish-p08ixg",
            "desired_count": 1,
            "name": "product-api-service",
            "task_definition": "arn:aws:ecs:us-east-1:068856380156:task-definition/product-api:7"
          }
        },
        "load_balancer_dns": "public-ms-balancer-992743410.us-east-1.elb.amazonaws.com",
        "msk_cluster": {
          "bootstrap_brokers": "b-1.microservicesecommerce.nmefo7.c8.kafka.us-east-1.amazonaws.com:9092,b-2.microservicesecommerce.nmefo7.c8.kafka.us-east-1.amazonaws.com:9092,b-3.microservicesecommerce.nmefo7.c8.kafka.us-east-1.amazonaws.com:9092",
          "bootstrap_brokers_tls": "b-1.microservicesecommerce.nmefo7.c8.kafka.us-east-1.amazonaws.com:9094,b-2.microservicesecommerce.nmefo7.c8.kafka.us-east-1.amazonaws.com:9094,b-3.microservicesecommerce.nmefo7.c8.kafka.us-east-1.amazonaws.com:9094",
          "cluster_arn": "arn:aws:kafka:us-east-1:068856380156:cluster/microservices-ecommerce-msk-cluster/b8b0ec67-8332-4033-af03-37d929129b08-8",
          "cluster_name": "microservices-ecommerce-msk-cluster",
          "kafka_version": "3.8.x",
          "zookeeper_connect_string": "z-1.microservicesecommerce.nmefo7.c8.kafka.us-east-1.amazonaws.com:2181,z-2.microservicesecommerce.nmefo7.c8.kafka.us-east-1.amazonaws.com:2181,z-3.microservicesecommerce.nmefo7.c8.kafka.us-east-1.amazonaws.com:2181"
        },
        "vpc_id": "vpc-0e7ec7a470f47bccd"
      },
      "type": [
        "object",
        {
          "application_urls": [
            "object",
            {
              "load_balancer": "string",
              "services": [
                "object",
                {
                  "auth": [
                    "object",
                    {
                      "health_check": "string",
                      "url": "string"
                    }
                  ],
                  "client": [
                    "object",
                    {
                      "health_check": "string",
                      "url": "string"
                    }
                  ],
                  "config": [
                    "object",
                    {
                      "health_check": "string",
                      "url": "string"
                    }
                  ],
                  "notification": [
                    "object",
                    {
                      "health_check": "string",
                      "url": "string"
                    }
                  ],
                  "order": [
                    "object",
                    {
                      "health_check": "string",
                      "url": "string"
                    }
                  ],
                  "payment": [
                    "object",
                    {
                      "health_check": "string",
                      "url": "string"
                    }
                  ],
                  "product": [
                    "object",
                    {
                      "health_check": "string",
                      "url": "string"
                    }
                  ]
                }
              ]
            }
          ],
          "codepipelines": [
            "object",
            {
              "auth": [
                "object",
                {
                  "arn": "string",
                  "name": "string"
                }
              ],
              "client": [
                "object",
                {
                  "arn": "string",
                  "name": "string"
                }
              ],
              "config": [
                "object",
                {
                  "arn": "string",
                  "name": "string"
                }
              ],
              "notification": [
                "object",
                {
                  "arn": "string",
                  "name": "string"
                }
              ],
              "order": [
                "object",
                {
                  "arn": "string",
                  "name": "string"
                }
              ],
              "payment": [
                "object",
                {
                  "arn": "string",
                  "name": "string"
                }
              ],
              "product": [
                "object",
                {
                  "arn": "string",
                  "name": "string"
                }
              ]
            }
          ],
          "ecr_repositories": [
            "object",
            {
              "auth": [
                "object",
                {
                  "arn": "string",
                  "name": "string",
                  "url": "string"
                }
              ],
              "client": [
                "object",
                {
                  "arn": "string",
                  "name": "string",
                  "url": "string"
                }
              ],
              "config": [
                "object",
                {
                  "arn": "string",
                  "name": "string",
                  "url": "string"
                }
              ],
              "notification": [
                "object",
                {
                  "arn": "string",
                  "name": "string",
                  "url": "string"
                }
              ],
              "order": [
                "object",
                {
                  "arn": "string",
                  "name": "string",
                  "url": "string"
                }
              ],
              "payment": [
                "object",
                {
                  "arn": "string",
                  "name": "string",
                  "url": "string"
                }
              ],
              "product": [
                "object",
                {
                  "arn": "string",
                  "name": "string",
                  "url": "string"
                }
              ]
            }
          ],
          "ecs_cluster_name": "string",
          "ecs_services": [
            "object",
            {
              "auth": [
                "object",
                {
                  "arn": "string",
                  "cluster": "string",
                  "desired_count": "number",
                  "name": "string",
                  "task_definition": "string"
                }
              ],
              "client": [
                "object",
                {
                  "arn": "string",
                  "cluster": "string",
                  "desired_count": "number",
                  "name": "string",
                  "task_definition": "string"
                }
              ],
              "config": [
                "object",
                {
                  "arn": "string",
                  "cluster": "string",
                  "desired_count": "number",
                  "name": "string",
                  "task_definition": "string"
                }
              ],
              "notification": [
                "object",
                {
                  "arn": "string",
                  "cluster": "string",
                  "desired_count": "number",
                  "name": "string",
                  "task_definition": "string"
                }
              ],
              "order": [
                "object",
                {
                  "arn": "string",
                  "cluster": "string",
                  "desired_count": "number",
                  "name": "string",
                  "task_definition": "string"
                }
              ],
              "payment": [
                "object",
                {
                  "arn": "string",
                  "cluster": "string",
                  "desired_count": "number",
                  "name": "string",
                  "task_definition": "string"
                }
              ],
              "product": [
                "object",
                {
                  "arn": "string",
                  "cluster": "string",
                  "desired_count": "number",
                  "name": "string",
                  "task_definition": "string"
                }
              ]
            }
          ],
          "load_balancer_dns": "string",
          "msk_cluster": [
            "object",
            {
              "bootstrap_brokers": "string",
              "bootstrap_brokers_tls": "string",
              "cluster_arn": "string",
              "cluster_name": "string",
              "kafka_version": "string",
              "zookeeper_connect_string": "string"
            }
          ],
          "vpc_id": "string"
        }
      ]
    },
    "ecr": {
      "value": {
        "repositories": {
          "auth": {
            "arn": "arn:aws:ecr:us-east-1:068856380156:repository/auth-service",
            "name": "auth-service",
            "url": "068856380156.dkr.ecr.us-east-1.amazonaws.com/auth-service"
          },
          "client": {
            "arn": "arn:aws:ecr:us-east-1:068856380156:repository/client-service",
            "name": "client-service",
            "url": "068856380156.dkr.ecr.us-east-1.amazonaws.com/client-service"
          },
          "config": {
            "arn": "arn:aws:ecr:us-east-1:068856380156:repository/config-server",
            "name": "config-server",
            "url": "068856380156.dkr.ecr.us-east-1.amazonaws.com/config-server"
          },
          "notification": {
            "arn": "arn:aws:ecr:us-east-1:068856380156:repository/notification-service",
            "name": "notification-service",
            "url": "068856380156.dkr.ecr.us-east-1.amazonaws.com/notification-service"
          },
          "order": {
            "arn": "arn:aws:ecr:us-east-1:068856380156:repository/order-service",
            "name": "order-service",
            "url": "068856380156.dkr.ecr.us-east-1.amazonaws.com/order-service"
          },
          "payment": {
            "arn": "arn:aws:ecr:us-east-1:068856380156:repository/payment-service",
            "name": "payment-service",
            "url": "068856380156.dkr.ecr.us-east-1.amazonaws.com/payment-service"
          },
          "product": {
            "arn": "arn:aws:ecr:us-east-1:068856380156:repository/product-api",
            "name": "product-api",
            "url": "068856380156.dkr.ecr.us-east-1.amazonaws.com/product-api"
          }
        }
      },
      "type": [
        "object",
        {
          "repositories": [
            "object",
            {
              "auth": [
                "object",
                {
                  "arn": "string",
                  "name": "string",
                  "url": "string"
                }
              ],
              "client": [
                "object",
                {
                  "arn": "string",
                  "name": "string",
                  "url": "string"
                }
              ],
              "config": [
                "object",
                {
                  "arn": "string",
                  "name": "string",
                  "url": "string"
                }
              ],
              "notification": [
                "object",
                {
                  "arn": "string",
                  "name": "string",
                  "url": "string"
                }
              ],
              "order": [
                "object",
                {
                  "arn": "string",
                  "name": "string",
                  "url": "string"
                }
              ],
              "payment": [
                "object",
                {
                  "arn": "string",
                  "name": "string",
                  "url": "string"
                }
              ],
              "product": [
                "object",
                {
                  "arn": "string",
                  "name": "string",
                  "url": "string"
                }
              ]
            }
          ]
        }
      ]
    },
    "ecs": {
      "value": {
        "cluster_arn": "arn:aws:ecs:us-east-1:068856380156:cluster/sophisticated-fish-p08ixg",
        "cluster_name": "sophisticated-fish-p08ixg",
        "services": {
          "auth": {
            "arn": "arn:aws:ecs:us-east-1:068856380156:service/sophisticated-fish-p08ixg/auth-service-service",
            "cluster": "arn:aws:ecs:us-east-1:068856380156:cluster/sophisticated-fish-p08ixg",
            "desired_count": 1,
            "name": "auth-service-service",
            "task_definition": "arn:aws:ecs:us-east-1:068856380156:task-definition/auth-service:7"
          },
          "client": {
            "arn": "arn:aws:ecs:us-east-1:068856380156:service/sophisticated-fish-p08ixg/client-service-service",
            "cluster": "arn:aws:ecs:us-east-1:068856380156:cluster/sophisticated-fish-p08ixg",
            "desired_count": 1,
            "name": "client-service-service",
            "task_definition": "arn:aws:ecs:us-east-1:068856380156:task-definition/client-service:7"
          },
          "config": {
            "arn": "arn:aws:ecs:us-east-1:068856380156:service/sophisticated-fish-p08ixg/config-server-service",
            "cluster": "arn:aws:ecs:us-east-1:068856380156:cluster/sophisticated-fish-p08ixg",
            "desired_count": 1,
            "name": "config-server-service",
            "task_definition": "arn:aws:ecs:us-east-1:068856380156:task-definition/config-server:6"
          },
          "notification": {
            "arn": "arn:aws:ecs:us-east-1:068856380156:service/sophisticated-fish-p08ixg/notification-service-service",
            "cluster": "arn:aws:ecs:us-east-1:068856380156:cluster/sophisticated-fish-p08ixg",
            "desired_count": 1,
            "name": "notification-service-service",
            "task_definition": "arn:aws:ecs:us-east-1:068856380156:task-definition/notification-service:7"
          },
          "order": {
            "arn": "arn:aws:ecs:us-east-1:068856380156:service/sophisticated-fish-p08ixg/order-service-service",
            "cluster": "arn:aws:ecs:us-east-1:068856380156:cluster/sophisticated-fish-p08ixg",
            "desired_count": 1,
            "name": "order-service-service",
            "task_definition": "arn:aws:ecs:us-east-1:068856380156:task-definition/order-service:7"
          },
          "payment": {
            "arn": "arn:aws:ecs:us-east-1:068856380156:service/sophisticated-fish-p08ixg/payment-service-service",
            "cluster": "arn:aws:ecs:us-east-1:068856380156:cluster/sophisticated-fish-p08ixg",
            "desired_count": 1,
            "name": "payment-service-service",
            "task_definition": "arn:aws:ecs:us-east-1:068856380156:task-definition/payment-service:7"
          },
          "product": {
            "arn": "arn:aws:ecs:us-east-1:068856380156:service/sophisticated-fish-p08ixg/product-api-service",
            "cluster": "arn:aws:ecs:us-east-1:068856380156:cluster/sophisticated-fish-p08ixg",
            "desired_count": 1,
            "name": "product-api-service",
            "task_definition": "arn:aws:ecs:us-east-1:068856380156:task-definition/product-api:7"
          }
        }
      },
      "type": [
        "object",
        {
          "cluster_arn": "string",
          "cluster_name": "string",
          "services": [
            "object",
            {
              "auth": [
                "object",
                {
                  "arn": "string",
                  "cluster": "string",
                  "desired_count": "number",
                  "name": "string",
                  "task_definition": "string"
                }
              ],
              "client": [
                "object",
                {
                  "arn": "string",
                  "cluster": "string",
                  "desired_count": "number",
                  "name": "string",
                  "task_definition": "string"
                }
              ],
              "config": [
                "object",
                {
                  "arn": "string",
                  "cluster": "string",
                  "desired_count": "number",
                  "name": "string",
                  "task_definition": "string"
                }
              ],
              "notification": [
                "object",
                {
                  "arn": "string",
                  "cluster": "string",
                  "desired_count": "number",
                  "name": "string",
                  "task_definition": "string"
                }
              ],
              "order": [
                "object",
                {
                  "arn": "string",
                  "cluster": "string",
                  "desired_count": "number",
                  "name": "string",
                  "task_definition": "string"
                }
              ],
              "payment": [
                "object",
                {
                  "arn": "string",
                  "cluster": "string",
                  "desired_count": "number",
                  "name": "string",
                  "task_definition": "string"
                }
              ],
              "product": [
                "object",
                {
                  "arn": "string",
                  "cluster": "string",
                  "desired_count": "number",
                  "name": "string",
                  "task_definition": "string"
                }
              ]
            }
          ]
        }
      ]
    },
    "iam_roles": {
      "value": {
        "codebuild_role": {
          "arn": "arn:aws:iam::068856380156:role/microservices-ecommerce-codebuild-service-role",
          "name": "microservices-ecommerce-codebuild-service-role"
        },
        "codepipeline_role": {
          "arn": "arn:aws:iam::068856380156:role/microservices-ecommerce-codepipeline-service-role",
          "name": "microservices-ecommerce-codepipeline-service-role"
        },
        "ecs_task_execution_role": {
          "arn": "arn:aws:iam::068856380156:role/microservices-ecommerce-ecs-task-execution-role",
          "name": "microservices-ecommerce-ecs-task-execution-role"
        },
        "ecs_task_role": {
          "arn": "arn:aws:iam::068856380156:role/microservices-ecommerce-ecs-task-role",
          "name": "microservices-ecommerce-ecs-task-role"
        }
      },
      "type": [
        "object",
        {
          "codebuild_role": [
            "object",
            {
              "arn": "string",
              "name": "string"
            }
          ],
          "codepipeline_role": [
            "object",
            {
              "arn": "string",
              "name": "string"
            }
          ],
          "ecs_task_execution_role": [
            "object",
            {
              "arn": "string",
              "name": "string"
            }
          ],
          "ecs_task_role": [
            "object",
            {
              "arn": "string",
              "name": "string"
            }
          ]
        }
      ]
    },
    "network": {
      "value": {
        "load_balancer_arn": "arn:aws:elasticloadbalancing:us-east-1:068856380156:loadbalancer/app/public-ms-balancer/fbb269a11188643e",
        "load_balancer_dns": "public-ms-balancer-992743410.us-east-1.elb.amazonaws.com",
        "private_subnet_ids": [
          "subnet-0b267e128d38dd3c4",
          "subnet-0d67c06c2b319904d",
          "subnet-0a5331ae248243ea2"
        ],
        "public_subnet_ids": [
          "subnet-0434cdb5aec53e770",
          "subnet-0a99bec6e8cb20a88",
          "subnet-0e75833a911eaba9c"
        ],
        "target_groups": {
          "auth": {
            "arn": "arn:aws:elasticloadbalancing:us-east-1:068856380156:targetgroup/auth-TG-P/0f3bee01ac80b97b",
            "name": "auth-TG-P",
            "port": 8787
          },
          "client": {
            "arn": "arn:aws:elasticloadbalancing:us-east-1:068856380156:targetgroup/frontedOne/7642d58d6f1e78ce",
            "name": "frontedOne",
            "port": 80
          },
          "order": {
            "arn": "arn:aws:elasticloadbalancing:us-east-1:068856380156:targetgroup/orders-TG-P/24ad70ed4094cd56",
            "name": "orders-TG-P",
            "port": 8070
          },
          "payment": {
            "arn": "arn:aws:elasticloadbalancing:us-east-1:068856380156:targetgroup/payment-TG-P/6759efbf29e29be8",
            "name": "payment-TG-P",
            "port": 8060
          },
          "product": {
            "arn": "arn:aws:elasticloadbalancing:us-east-1:068856380156:targetgroup/product-TG-P/e726293d28e87d58",
            "name": "product-TG-P",
            "port": 8050
          }
        },
        "vpc_cidr": "172.31.0.0/16",
        "vpc_id": "vpc-0e7ec7a470f47bccd"
      },
      "type": [
        "object",
        {
          "load_balancer_arn": "string",
          "load_balancer_dns": "string",
          "private_subnet_ids": [
            "tuple",
            [
              "string",
              "string",
              "string"
            ]
          ],
          "public_subnet_ids": [
            "tuple",
            [
              "string",
              "string",
              "string"
            ]
          ],
          "target_groups": [
            "object",
            {
              "auth": [
                "object",
                {
                  "arn": "string",
                  "name": "string",
                  "port": "number"
                }
              ],
              "client": [
                "object",
                {
                  "arn": "string",
                  "name": "string",
                  "port": "number"
                }
              ],
              "order": [
                "object",
                {
                  "arn": "string",
                  "name": "string",
                  "port": "number"
                }
              ],
              "payment": [
                "object",
                {
                  "arn": "string",
                  "name": "string",
                  "port": "number"
                }
              ],
              "product": [
                "object",
                {
                  "arn": "string",
                  "name": "string",
                  "port": "number"
                }
              ]
            }
          ],
          "vpc_cidr": "string",
          "vpc_id": "string"
        }
      ]
    },
    "next_steps": {
      "value": {
        "step_1": "Activate GitHub connection in AWS Console \u003e Developer Tools \u003e Settings \u003e Connections",
        "step_2": "Run initial CodeBuild projects to push first images to ECR",
        "step_3": "ECS services will automatically start using the new images",
        "step_4": "CI/CD pipelines are ready for automated deployments"
      },
      "type": [
        "object",
        {
          "step_1": "string",
          "step_2": "string",
          "step_3": "string",
          "step_4": "string"
        }
      ]
    }
  },
  "resources": [
    {
      "mode": "data",
      "type": "aws_caller_identity",
      "name": "current",
      "provider": "provider[\"registry.terraform.io/hashicorp/aws\"]",
      "instances": [
        {
          "schema_version": 0,
          "attributes": {
            "account_id": "068856380156",
            "arn": "arn:aws:iam::068856380156:root",
            "id": "068856380156",
            "user_id": "068856380156"
          },
          "sensitive_attributes": []
        }
      ]
    },
    {
      "mode": "data",
      "type": "aws_region",
      "name": "current",
      "provider": "provider[\"registry.terraform.io/hashicorp/aws\"]",
      "instances": [
        {
          "schema_version": 0,
          "attributes": {
            "description": "US East (N. Virginia)",
            "endpoint": "ec2.us-east-1.amazonaws.com",
            "id": "us-east-1",
            "name": "us-east-1",
            "region": "us-east-1"
          },
          "sensitive_attributes": []
        }
      ]
    },
    {
      "mode": "managed",
      "type": "aws_codestarconnections_connection",
      "name": "github",
      "provider": "provider[\"registry.terraform.io/hashicorp/aws\"]",
      "instances": [
        {
          "index_key": 0,
          "schema_version": 0,
          "attributes": {
            "arn": "arn:aws:codestar-connections:us-east-1:068856380156:connection/9bd3f9b1-df7d-4736-9315-abc575f20114",
            "connection_status": "PENDING",
            "host_arn": "",
            "id": "arn:aws:codestar-connections:us-east-1:068856380156:connection/9bd3f9b1-df7d-4736-9315-abc575f20114",
            "name": "microservices-ecommerce",
            "provider_type": "GitHub",
            "region": "us-east-1",
            "tags": {
              "Environment": "production",
              "ManagedBy": "terraform",
              "Project": "microservices-ecommerce"
            },
            "tags_all": {
              "Environment": "production",
              "ManagedBy": "terraform",
              "Project": "microservices-ecommerce"
            }
          },
          "sensitive_attributes": [],
          "private": "bnVsbA=="
        }
      ]
    },
    {
      "mode": "managed",
      "type": "aws_iam_role",
      "name": "codebuild",
      "provider": "provider[\"registry.terraform.io/hashicorp/aws\"]",
      "instances": [
        {
          "schema_version": 0,
          "attributes": {
            "arn": "arn:aws:iam::068856380156:role/microservices-ecommerce-codebuild-service-role",
            "assume_role_policy": "{\"Statement\":[{\"Action\":\"sts:AssumeRole\",\"Effect\":\"Allow\",\"Principal\":{\"Service\":\"codebuild.amazonaws.com\"}}],\"Version\":\"2012-10-17\"}",
            "create_date": "2025-09-15T13:10:51Z",
            "description": "",
            "force_detach_policies": false,
            "id": "microservices-ecommerce-codebuild-service-role",
            "inline_policy": [
              {
                "name": "microservices-ecommerce-codebuild-policy",
                "policy": "{\"Version\":\"2012-10-17\",\"Statement\":[{\"Action\":[\"logs:CreateLogGroup\",\"logs:CreateLogStream\",\"logs:PutLogEvents\"],\"Effect\":\"Allow\",\"Resource\":\"arn:aws:logs:us-east-1:068856380156:log-group:/aws/codebuild/*\"},{\"Action\":[\"s3:GetBucketAcl\",\"s3:GetBucketLocation\",\"s3:GetObject\",\"s3:GetObjectVersion\",\"s3:PutObject\"],\"Effect\":\"Allow\",\"Resource\":[\"arn:aws:s3:::microservices-ecommerce-codepipeline-artifacts-0c38fc15\",\"arn:aws:s3:::microservices-ecommerce-codepipeline-artifacts-0c38fc15/*\"]},{\"Action\":[\"ecr:BatchCheckLayerAvailability\",\"ecr:GetDownloadUrlForLayer\",\"ecr:BatchGetImage\",\"ecr:GetAuthorizationToken\",\"ecr:PutImage\",\"ecr:InitiateLayerUpload\",\"ecr:UploadLayerPart\",\"ecr:CompleteLayerUpload\"],\"Effect\":\"Allow\",\"Resource\":\"*\"},{\"Action\":[\"ecs:UpdateService\"],\"Effect\":\"Allow\",\"Resource\":\"*\"},{\"Action\":[\"codeconnections:GetConnection\",\"codeconnections:UseConnection\"],\"Effect\":\"Allow\",\"Resource\":\"*\"},{\"Action\":[\"codebuild:CreateReportGroup\",\"codebuild:CreateReport\",\"codebuild:UpdateReport\",\"codebuild:BatchPutTestCases\",\"codebuild:BatchPutCodeCoverages\"],\"Effect\":\"Allow\",\"Resource\":[\"arn:aws:codebuild:us-east-1:068856380156:report-group/microservices-ecommerce-*\"]}]}"
              }
            ],
            "managed_policy_arns": [],
            "max_session_duration": 3600,
            "name": "microservices-ecommerce-codebuild-service-role",
            "name_prefix": "",
            "path": "/",
            "permissions_boundary": "",
            "tags": {
              "Environment": "production",
              "ManagedBy": "terraform",
              "Project": "microservices-ecommerce"
            },
            "tags_all": {
              "Environment": "production",
              "ManagedBy": "terraform",
              "Project": "microservices-ecommerce"
            },
            "unique_id": "AROARACBI7L6DG2JUA26K"
          },
          "sensitive_attributes": [],
          "private": "bnVsbA=="
        }
      ]
    },
    {
      "mode": "managed",
      "type": "aws_iam_role",
      "name": "codepipeline",
      "provider": "provider[\"registry.terraform.io/hashicorp/aws\"]",
      "instances": [
        {
          "schema_version": 0,
          "attributes": {
            "arn": "arn:aws:iam::068856380156:role/microservices-ecommerce-codepipeline-service-role",
            "assume_role_policy": "{\"Statement\":[{\"Action\":\"sts:AssumeRole\",\"Effect\":\"Allow\",\"Principal\":{\"Service\":\"codepipeline.amazonaws.com\"}}],\"Version\":\"2012-10-17\"}",
            "create_date": "2025-09-15T13:10:51Z",
            "description": "",
            "force_detach_policies": false,
            "id": "microservices-ecommerce-codepipeline-service-role",
            "inline_policy": [
              {
                "name": "microservices-ecommerce-codepipeline-policy",
                "policy": "{\"Version\":\"2012-10-17\",\"Statement\":[{\"Action\":[\"s3:GetBucketVersioning\",\"s3:GetObject\",\"s3:GetObjectVersion\",\"s3:PutObject\"],\"Effect\":\"Allow\",\"Resource\":[\"arn:aws:s3:::microservices-ecommerce-codepipeline-artifacts-0c38fc15\",\"arn:aws:s3:::microservices-ecommerce-codepipeline-artifacts-0c38fc15/*\"]},{\"Action\":[\"codebuild:BatchGetBuilds\",\"codebuild:StartBuild\"],\"Effect\":\"Allow\",\"Resource\":\"*\"},{\"Action\":[\"ecs:DescribeServices\",\"ecs:DescribeTaskDefinition\",\"ecs:DescribeTasks\",\"ecs:ListTasks\",\"ecs:RegisterTaskDefinition\",\"ecs:UpdateService\",\"ecs:CreateService\",\"ecs:DeleteService\",\"ecs:DescribeClusters\",\"ecs:ListClusters\",\"ecs:ListServices\",\"ecs:StopTask\",\"ecs:RunTask\",\"ecs:TagResource\",\"ecs:UntagResource\"],\"Effect\":\"Allow\",\"Resource\":\"*\"},{\"Action\":[\"ecr:BatchCheckLayerAvailability\",\"ecr:GetDownloadUrlForLayer\",\"ecr:BatchGetImage\",\"ecr:GetAuthorizationToken\",\"ecr:DescribeRepositories\",\"ecr:ListImages\",\"ecr:DescribeImages\"],\"Effect\":\"Allow\",\"Resource\":\"*\"},{\"Action\":[\"elasticloadbalancing:DescribeTargetGroups\",\"elasticloadbalancing:DescribeListeners\",\"elasticloadbalancing:ModifyListener\",\"elasticloadbalancing:DescribeRules\",\"elasticloadbalancing:ModifyRule\"],\"Effect\":\"Allow\",\"Resource\":\"*\"},{\"Action\":[\"logs:CreateLogGroup\",\"logs:CreateLogStream\",\"logs:PutLogEvents\",\"logs:DescribeLogStreams\",\"logs:DescribeLogGroups\"],\"Effect\":\"Allow\",\"Resource\":\"*\"},{\"Action\":[\"iam:PassRole\"],\"Effect\":\"Allow\",\"Resource\":\"*\"},{\"Action\":[\"codestar-connections:UseConnection\"],\"Effect\":\"Allow\",\"Resource\":\"*\"}]}"
              }
            ],
            "managed_policy_arns": [],
            "max_session_duration": 3600,
            "name": "microservices-ecommerce-codepipeline-service-role",
            "name_prefix": "",
            "path": "/",
            "permissions_boundary": "",
            "tags": {
              "Environment": "production",
              "ManagedBy": "terraform",
              "Project": "microservices-ecommerce"
            },
            "tags_all": {
              "Environment": "production",
              "ManagedBy": "terraform",
              "Project": "microservices-ecommerce"
            },
            "unique_id": "AROARACBI7L6CPBAFPN4X"
          },
          "sensitive_attributes": [],
          "private": "bnVsbA=="
        }
      ]
    },
    {
      "mode": "managed",
      "type": "aws_iam_role",
      "name": "ecs_task",
      "provider": "provider[\"registry.terraform.io/hashicorp/aws\"]",
      "instances": [
        {
          "schema_version": 0,
          "attributes": {
            "arn": "arn:aws:iam::068856380156:role/microservices-ecommerce-ecs-task-role",
            "assume_role_policy": "{\"Statement\":[{\"Action\":\"sts:AssumeRole\",\"Effect\":\"Allow\",\"Principal\":{\"Service\":\"ecs-tasks.amazonaws.com\"}}],\"Version\":\"2012-10-17\"}",
            "create_date": "2025-09-15T13:10:51Z",
            "description": "",
            "force_detach_policies": false,
            "id": "microservices-ecommerce-ecs-task-role",
            "inline_policy": [],
            "managed_policy_arns": [],
            "max_session_duration": 3600,
            "name": "microservices-ecommerce-ecs-task-role",
            "name_prefix": "",
            "path": "/",
            "permissions_boundary": "",
            "tags": {
              "Environment": "production",
              "ManagedBy": "terraform",
              "Project": "microservices-ecommerce"
            },
            "tags_all": {
              "Environment": "production",
              "ManagedBy": "terraform",
              "Project": "microservices-ecommerce"
            },
            "unique_id": "AROARACBI7L6HVYUJL6QF"
          },
          "sensitive_attributes": [],
          "private": "bnVsbA=="
        }
      ]
    },
    {
      "mode": "managed",
      "type": "aws_iam_role",
      "name": "ecs_task_execution",
      "provider": "provider[\"registry.terraform.io/hashicorp/aws\"]",
      "instances": [
        {
          "schema_version": 0,
          "attributes": {
            "arn": "arn:aws:iam::068856380156:role/microservices-ecommerce-ecs-task-execution-role",
            "assume_role_policy": "{\"Statement\":[{\"Action\":\"sts:AssumeRole\",\"Effect\":\"Allow\",\"Principal\":{\"Service\":\"ecs-tasks.amazonaws.com\"}}],\"Version\":\"2012-10-17\"}",
            "create_date": "2025-09-15T13:10:51Z",
            "description": "",
            "force_detach_policies": false,
            "id": "microservices-ecommerce-ecs-task-execution-role",
            "inline_policy": [
              {
                "name": "microservices-ecommerce-ecs-task-execution-ecr-policy",
                "policy": "{\"Version\":\"2012-10-17\",\"Statement\":[{\"Action\":[\"ecr:BatchCheckLayerAvailability\",\"ecr:GetDownloadUrlForLayer\",\"ecr:BatchGetImage\",\"ecr:GetAuthorizationToken\"],\"Effect\":\"Allow\",\"Resource\":\"*\"}]}"
              }
            ],
            "managed_policy_arns": [
              "arn:aws:iam::aws:policy/service-role/AmazonECSTaskExecutionRolePolicy"
            ],
            "max_session_duration": 3600,
            "name": "microservices-ecommerce-ecs-task-execution-role",
            "name_prefix": "",
            "path": "/",
            "permissions_boundary": "",
            "tags": {
              "Environment": "production",
              "ManagedBy": "terraform",
              "Project": "microservices-ecommerce"
            },
            "tags_all": {
              "Environment": "production",
              "ManagedBy": "terraform",
              "Project": "microservices-ecommerce"
            },
            "unique_id": "AROARACBI7L6BCAFCY4QT"
          },
          "sensitive_attributes": [],
          "private": "bnVsbA=="
        }
      ]
    },
    {
      "mode": "managed",
      "type": "aws_iam_role_policy",
      "name": "codebuild",
      "provider": "provider[\"registry.terraform.io/hashicorp/aws\"]",
      "instances": [
        {
          "schema_version": 0,
          "attributes": {
            "id": "microservices-ecommerce-codebuild-service-role:microservices-ecommerce-codebuild-policy",
            "name": "microservices-ecommerce-codebuild-policy",
            "name_prefix": "",
            "policy": "{\"Version\":\"2012-10-17\",\"Statement\":[{\"Action\":[\"logs:CreateLogGroup\",\"logs:CreateLogStream\",\"logs:PutLogEvents\"],\"Effect\":\"Allow\",\"Resource\":\"arn:aws:logs:us-east-1:068856380156:log-group:/aws/codebuild/*\"},{\"Action\":[\"s3:GetBucketAcl\",\"s3:GetBucketLocation\",\"s3:GetObject\",\"s3:GetObjectVersion\",\"s3:PutObject\"],\"Effect\":\"Allow\",\"Resource\":[\"arn:aws:s3:::microservices-ecommerce-codepipeline-artifacts-0c38fc15\",\"arn:aws:s3:::microservices-ecommerce-codepipeline-artifacts-0c38fc15/*\"]},{\"Action\":[\"ecr:BatchCheckLayerAvailability\",\"ecr:GetDownloadUrlForLayer\",\"ecr:BatchGetImage\",\"ecr:GetAuthorizationToken\",\"ecr:PutImage\",\"ecr:InitiateLayerUpload\",\"ecr:UploadLayerPart\",\"ecr:CompleteLayerUpload\"],\"Effect\":\"Allow\",\"Resource\":\"*\"},{\"Action\":[\"ecs:UpdateService\"],\"Effect\":\"Allow\",\"Resource\":\"*\"},{\"Action\":[\"codeconnections:GetConnection\",\"codeconnections:UseConnection\"],\"Effect\":\"Allow\",\"Resource\":\"*\"},{\"Action\":[\"codebuild:CreateReportGroup\",\"codebuild:CreateReport\",\"codebuild:UpdateReport\",\"codebuild:BatchPutTestCases\",\"codebuild:BatchPutCodeCoverages\"],\"Effect\":\"Allow\",\"Resource\":[\"arn:aws:codebuild:us-east-1:068856380156:report-group/microservices-ecommerce-*\"]}]}",
            "role": "microservices-ecommerce-codebuild-service-role"
          },
          "sensitive_attributes": [],
          "private": "bnVsbA==",
          "dependencies": [
            "aws_iam_role.codebuild",
            "aws_s3_bucket.codepipeline_artifacts",
            "data.aws_caller_identity.current",
            "data.aws_region.current",
            "random_id.bucket_suffix"
          ]
        }
      ]
    },
    {
      "mode": "managed",
      "type": "aws_iam_role_policy",
      "name": "codepipeline",
      "provider": "provider[\"registry.terraform.io/hashicorp/aws\"]",
      "instances": [
        {
          "schema_version": 0,
          "attributes": {
            "id": "microservices-ecommerce-codepipeline-service-role:microservices-ecommerce-codepipeline-policy",
            "name": "microservices-ecommerce-codepipeline-policy",
            "name_prefix": "",
            "policy": "{\"Version\":\"2012-10-17\",\"Statement\":[{\"Action\":[\"s3:GetBucketVersioning\",\"s3:GetObject\",\"s3:GetObjectVersion\",\"s3:PutObject\"],\"Effect\":\"Allow\",\"Resource\":[\"arn:aws:s3:::microservices-ecommerce-codepipeline-artifacts-0c38fc15\",\"arn:aws:s3:::microservices-ecommerce-codepipeline-artifacts-0c38fc15/*\"]},{\"Action\":[\"codebuild:BatchGetBuilds\",\"codebuild:StartBuild\"],\"Effect\":\"Allow\",\"Resource\":\"*\"},{\"Action\":[\"ecs:DescribeServices\",\"ecs:DescribeTaskDefinition\",\"ecs:DescribeTasks\",\"ecs:ListTasks\",\"ecs:RegisterTaskDefinition\",\"ecs:UpdateService\",\"ecs:CreateService\",\"ecs:DeleteService\",\"ecs:DescribeClusters\",\"ecs:ListClusters\",\"ecs:ListServices\",\"ecs:StopTask\",\"ecs:RunTask\",\"ecs:TagResource\",\"ecs:UntagResource\"],\"Effect\":\"Allow\",\"Resource\":\"*\"},{\"Action\":[\"ecr:BatchCheckLayerAvailability\",\"ecr:GetDownloadUrlForLayer\",\"ecr:BatchGetImage\",\"ecr:GetAuthorizationToken\",\"ecr:DescribeRepositories\",\"ecr:ListImages\",\"ecr:DescribeImages\"],\"Effect\":\"Allow\",\"Resource\":\"*\"},{\"Action\":[\"elasticloadbalancing:DescribeTargetGroups\",\"elasticloadbalancing:DescribeListeners\",\"elasticloadbalancing:ModifyListener\",\"elasticloadbalancing:DescribeRules\",\"elasticloadbalancing:ModifyRule\"],\"Effect\":\"Allow\",\"Resource\":\"*\"},{\"Action\":[\"logs:CreateLogGroup\",\"logs:CreateLogStream\",\"logs:PutLogEvents\",\"logs:DescribeLogStreams\",\"logs:DescribeLogGroups\"],\"Effect\":\"Allow\",\"Resource\":\"*\"},{\"Action\":[\"iam:PassRole\"],\"Effect\":\"Allow\",\"Resource\":\"*\"},{\"Action\":[\"codestar-connections:UseConnection\"],\"Effect\":\"Allow\",\"Resource\":\"*\"}]}",
            "role": "microservices-ecommerce-codepipeline-service-role"
          },
          "sensitive_attributes": [],
          "private": "bnVsbA==",
          "dependencies": [
            "aws_iam_role.codepipeline",
            "aws_s3_bucket.codepipeline_artifacts",
            "random_id.bucket_suffix"
          ]
        }
      ]
    },
    {
      "mode": "managed",
      "type": "aws_iam_role_policy",
      "name": "ecs_task_execution_ecr",
      "provider": "provider[\"registry.terraform.io/hashicorp/aws\"]",
      "instances": [
        {
          "schema_version": 0,
          "attributes": {
            "id": "microservices-ecommerce-ecs-task-execution-role:microservices-ecommerce-ecs-task-execution-ecr-policy",
            "name": "microservices-ecommerce-ecs-task-execution-ecr-policy",
            "name_prefix": "",
            "policy": "{\"Version\":\"2012-10-17\",\"Statement\":[{\"Action\":[\"ecr:BatchCheckLayerAvailability\",\"ecr:GetDownloadUrlForLayer\",\"ecr:BatchGetImage\",\"ecr:GetAuthorizationToken\"],\"Effect\":\"Allow\",\"Resource\":\"*\"}]}",
            "role": "microservices-ecommerce-ecs-task-execution-role"
          },
          "sensitive_attributes": [],
          "private": "bnVsbA==",
          "dependencies": [
            "aws_iam_role.ecs_task_execution"
          ]
        }
      ]
    },
    {
      "mode": "managed",
      "type": "aws_iam_role_policy_attachment",
      "name": "ecs_task_execution",
      "provider": "provider[\"registry.terraform.io/hashicorp/aws\"]",
      "instances": [
        {
          "schema_version": 0,
          "attributes": {
            "id": "microservices-ecommerce-ecs-task-execution-role/arn:aws:iam::aws:policy/service-role/AmazonECSTaskExecutionRolePolicy",
            "policy_arn": "arn:aws:iam::aws:policy/service-role/AmazonECSTaskExecutionRolePolicy",
            "role": "microservices-ecommerce-ecs-task-execution-role"
          },
          "sensitive_attributes": [],
          "private": "bnVsbA==",
          "dependencies": [
            "aws_iam_role.ecs_task_execution"
          ]
        }
      ]
    },
    {
      "mode": "managed",
      "type": "aws_s3_bucket",
      "name": "codepipeline_artifacts",
      "provider": "provider[\"registry.terraform.io/hashicorp/aws\"]",
      "instances": [
        {
          "schema_version": 0,
          "attributes": {
            "acceleration_status": "",
            "acl": null,
            "arn": "arn:aws:s3:::microservices-ecommerce-codepipeline-artifacts-0c38fc15",
            "bucket": "microservices-ecommerce-codepipeline-artifacts-0c38fc15",
            "bucket_domain_name": "microservices-ecommerce-codepipeline-artifacts-0c38fc15.s3.amazonaws.com",
            "bucket_prefix": "",
            "bucket_region": "us-east-1",
            "bucket_regional_domain_name": "microservices-ecommerce-codepipeline-artifacts-0c38fc15.s3.us-east-1.amazonaws.com",
            "cors_rule": [],
            "force_destroy": true,
            "grant": [
              {
                "id": "e65ac928d861faaa29159dfe0889f121d7820405f1fd56c48d8918205a595aec",
                "permissions": [
                  "FULL_CONTROL"
                ],
                "type": "CanonicalUser",
                "uri": ""
              }
            ],
            "hosted_zone_id": "Z3AQBSTGFYJSTF",
            "id": "microservices-ecommerce-codepipeline-artifacts-0c38fc15",
            "lifecycle_rule": [],
            "logging": [],
            "object_lock_configuration": [],
            "object_lock_enabled": false,
            "policy": "",
            "region": "us-east-1",
            "replication_configuration": [],
            "request_payer": "BucketOwner",
            "server_side_encryption_configuration": [
              {
                "rule": [
                  {
                    "apply_server_side_encryption_by_default": [
                      {
                        "kms_master_key_id": "",
                        "sse_algorithm": "AES256"
                      }
                    ],
                    "bucket_key_enabled": false
                  }
                ]
              }
            ],
            "tags": {
              "Environment": "production",
              "ManagedBy": "terraform",
              "Project": "microservices-ecommerce"
            },
            "tags_all": {
              "Environment": "production",
              "ManagedBy": "terraform",
              "Project": "microservices-ecommerce"
            },
            "timeouts": null,
            "versioning": [
              {
                "enabled": true,
                "mfa_delete": false
              }
            ],
            "website": [],
            "website_domain": null,
            "website_endpoint": null
          },
          "sensitive_attributes": [],
          "private": "eyJlMmJmYjczMC1lY2FhLTExZTYtOGY4OC0zNDM2M2JjN2M0YzAiOnsiY3JlYXRlIjoxMjAwMDAwMDAwMDAwLCJkZWxldGUiOjM2MDAwMDAwMDAwMDAsInJlYWQiOjEyMDAwMDAwMDAwMDAsInVwZGF0ZSI6MTIwMDAwMDAwMDAwMH19",
          "dependencies": [
            "random_id.bucket_suffix"
          ]
        }
      ]
    },
    {
      "mode": "managed",
      "type": "aws_s3_bucket_public_access_block",
      "name": "codepipeline_artifacts",
      "provider": "provider[\"registry.terraform.io/hashicorp/aws\"]",
      "instances": [
        {
          "schema_version": 0,
          "attributes": {
            "block_public_acls": true,
            "block_public_policy": true,
            "bucket": "microservices-ecommerce-codepipeline-artifacts-0c38fc15",
            "id": "microservices-ecommerce-codepipeline-artifacts-0c38fc15",
            "ignore_public_acls": true,
            "region": "us-east-1",
            "restrict_public_buckets": true,
            "skip_destroy": null
          },
          "sensitive_attributes": [],
          "private": "bnVsbA==",
          "dependencies": [
            "aws_s3_bucket.codepipeline_artifacts",
            "random_id.bucket_suffix"
          ]
        }
      ]
    },
    {
      "mode": "managed",
      "type": "aws_s3_bucket_server_side_encryption_configuration",
      "name": "codepipeline_artifacts",
      "provider": "provider[\"registry.terraform.io/hashicorp/aws\"]",
      "instances": [
        {
          "schema_version": 0,
          "attributes": {
            "bucket": "microservices-ecommerce-codepipeline-artifacts-0c38fc15",
            "expected_bucket_owner": "",
            "id": "microservices-ecommerce-codepipeline-artifacts-0c38fc15",
            "region": "us-east-1",
            "rule": [
              {
                "apply_server_side_encryption_by_default": [
                  {
                    "kms_master_key_id": "",
                    "sse_algorithm": "AES256"
                  }
                ],
                "bucket_key_enabled": false
              }
            ]
          },
          "sensitive_attributes": [],
          "private": "bnVsbA==",
          "dependencies": [
            "aws_s3_bucket.codepipeline_artifacts",
            "random_id.bucket_suffix"
          ]
        }
      ]
    },
    {
      "mode": "managed",
      "type": "aws_s3_bucket_versioning",
      "name": "codepipeline_artifacts",
      "provider": "provider[\"registry.terraform.io/hashicorp/aws\"]",
      "instances": [
        {
          "schema_version": 0,
          "attributes": {
            "bucket": "microservices-ecommerce-codepipeline-artifacts-0c38fc15",
            "expected_bucket_owner": "",
            "id": "microservices-ecommerce-codepipeline-artifacts-0c38fc15",
            "mfa": null,
            "region": "us-east-1",
            "versioning_configuration": [
              {
                "mfa_delete": "",
                "status": "Enabled"
              }
            ]
          },
          "sensitive_attributes": [],
          "private": "bnVsbA==",
          "dependencies": [
            "aws_s3_bucket.codepipeline_artifacts",
            "random_id.bucket_suffix"
          ]
        }
      ]
    },
    {
      "mode": "managed",
      "type": "random_id",
      "name": "bucket_suffix",
      "provider": "provider[\"registry.terraform.io/hashicorp/random\"]",
      "instances": [
        {
          "schema_version": 0,
          "attributes": {
            "b64_std": "DDj8FQ==",
            "b64_url": "DDj8FQ",
            "byte_length": 4,
            "dec": "205061141",
            "hex": "0c38fc15",
            "id": "DDj8FQ",
            "keepers": null,
            "prefix": null
          },
          "sensitive_attributes": []
        }
      ]
    },
    {
      "module": "module.codebuild",
      "mode": "managed",
      "type": "aws_codebuild_project",
      "name": "services",
      "provider": "provider[\"registry.terraform.io/hashicorp/aws\"]",
      "instances": [
        {
          "index_key": "auth",
          "schema_version": 0,
          "attributes": {
            "arn": "arn:aws:codebuild:us-east-1:068856380156:project/microservices-ecommerce-auth-build",
            "artifacts": [
              {
                "artifact_identifier": "",
                "bucket_owner_access": "",
                "encryption_disabled": false,
                "location": "",
                "name": "",
                "namespace_type": "",
                "override_artifact_name": false,
                "packaging": "",
                "path": "",
                "type": "NO_ARTIFACTS"
              }
            ],
            "badge_enabled": false,
            "badge_url": "",
            "build_batch_config": [],
            "build_timeout": 60,
            "cache": [
              {
                "location": "",
                "modes": [],
                "type": "NO_CACHE"
              }
            ],
            "concurrent_build_limit": 0,
            "description": "CodeBuild project for auth-service",
            "encryption_key": "arn:aws:kms:us-east-1:068856380156:alias/aws/s3",
            "environment": [
              {
                "certificate": "",
                "compute_type": "BUILD_GENERAL1_MEDIUM",
                "docker_server": [],
                "environment_variable": [
                  {
                    "name": "AWS_DEFAULT_REGION",
                    "type": "PLAINTEXT",
                    "value": "us-east-1"
                  },
                  {
                    "name": "AWS_ACCOUNT_ID",
                    "type": "PLAINTEXT",
                    "value": "068856380156"
                  },
                  {
                    "name": "IMAGE_REPO_NAME",
                    "type": "PLAINTEXT",
                    "value": "auth-service"
                  },
                  {
                    "name": "IMAGE_TAG",
                    "type": "PLAINTEXT",
                    "value": "latest"
                  },
                  {
                    "name": "ECR_REPOSITORY_URI",
                    "type": "PLAINTEXT",
                    "value": "068856380156.dkr.ecr.us-east-1.amazonaws.com/auth-service"
                  }
                ],
                "fleet": [],
                "image": "aws/codebuild/ami/amazonlinux-x86_64-base:latest",
                "image_pull_credentials_type": "CODEBUILD",
                "privileged_mode": false,
                "registry_credential": [],
                "type": "LINUX_EC2"
              }
            ],
            "file_system_locations": [],
            "id": "arn:aws:codebuild:us-east-1:068856380156:project/microservices-ecommerce-auth-build",
            "logs_config": [
              {
                "cloudwatch_logs": [
                  {
                    "group_name": "",
                    "status": "ENABLED",
                    "stream_name": ""
                  }
                ],
                "s3_logs": [
                  {
                    "bucket_owner_access": "",
                    "encryption_disabled": false,
                    "location": "",
                    "status": "DISABLED"
                  }
                ]
              }
            ],
            "name": "microservices-ecommerce-auth-build",
            "project_visibility": "PRIVATE",
            "public_project_alias": "",
            "queued_timeout": 480,
            "region": "us-east-1",
            "resource_access_role": "",
            "secondary_artifacts": [],
            "secondary_source_version": [],
            "secondary_sources": [],
            "service_role": "arn:aws:iam::068856380156:role/microservices-ecommerce-codebuild-service-role",
            "source": [
              {
                "auth": [
                  {
                    "resource": "arn:aws:codestar-connections:us-east-1:068856380156:connection/9bd3f9b1-df7d-4736-9315-abc575f20114",
                    "type": "CODECONNECTIONS"
                  }
                ],
                "build_status_config": [],
                "buildspec": "authservice/buildspec.yml",
                "git_clone_depth": 1,
                "git_submodules_config": [
                  {
                    "fetch_submodules": false
                  }
                ],
                "insecure_ssl": false,
                "location": "https://github.com/SomasekharSunkari/MicroService_Springboot.git",
                "report_build_status": false,
                "type": "GITHUB"
              }
            ],
            "source_version": "",
            "tags": {
              "Environment": "production",
              "ManagedBy": "terraform",
              "Name": "microservices-ecommerce-auth-build",
              "Project": "microservices-ecommerce",
              "Service": "auth"
            },
            "tags_all": {
              "Environment": "production",
              "ManagedBy": "terraform",
              "Name": "microservices-ecommerce-auth-build",
              "Project": "microservices-ecommerce",
              "Service": "auth"
            },
            "vpc_config": []
          },
          "sensitive_attributes": [],
          "private": "bnVsbA==",
          "dependencies": [
            "aws_codestarconnections_connection.github",
            "aws_iam_role.codebuild",
            "module.ecr.aws_ecr_lifecycle_policy.services",
            "module.ecr.aws_ecr_repository.services",
            "module.network.aws_eip.nat",
            "module.network.aws_internet_gateway.main",
            "module.network.aws_lb.main",
            "module.network.aws_lb_listener.main",
            "module.network.aws_lb_listener_rule.services",
            "module.network.aws_lb_target_group.services",
            "module.network.aws_nat_gateway.main",
            "module.network.aws_route_table.private",
            "module.network.aws_route_table.public",
            "module.network.aws_route_table_association.private",
            "module.network.aws_route_table_association.public",
            "module.network.aws_security_group.alb",
            "module.network.aws_security_group.ecs_services",
            "module.network.aws_subnet.private",
            "module.network.aws_subnet.public",
            "module.network.aws_vpc.main"
          ]
        },
        {
          "index_key": "client",
          "schema_version": 0,
          "attributes": {
            "arn": "arn:aws:codebuild:us-east-1:068856380156:project/microservices-ecommerce-client-build",
            "artifacts": [
              {
                "artifact_identifier": "",
                "bucket_owner_access": "",
                "encryption_disabled": false,
                "location": "",
                "name": "",
                "namespace_type": "",
                "override_artifact_name": false,
                "packaging": "",
                "path": "",
                "type": "NO_ARTIFACTS"
              }
            ],
            "badge_enabled": false,
            "badge_url": "",
            "build_batch_config": [],
            "build_timeout": 60,
            "cache": [
              {
                "location": "",
                "modes": [],
                "type": "NO_CACHE"
              }
            ],
            "concurrent_build_limit": 0,
            "description": "CodeBuild project for client-service",
            "encryption_key": "arn:aws:kms:us-east-1:068856380156:alias/aws/s3",
            "environment": [
              {
                "certificate": "",
                "compute_type": "BUILD_GENERAL1_MEDIUM",
                "docker_server": [],
                "environment_variable": [
                  {
                    "name": "AWS_DEFAULT_REGION",
                    "type": "PLAINTEXT",
                    "value": "us-east-1"
                  },
                  {
                    "name": "AWS_ACCOUNT_ID",
                    "type": "PLAINTEXT",
                    "value": "068856380156"
                  },
                  {
                    "name": "IMAGE_REPO_NAME",
                    "type": "PLAINTEXT",
                    "value": "client-service"
                  },
                  {
                    "name": "IMAGE_TAG",
                    "type": "PLAINTEXT",
                    "value": "latest"
                  },
                  {
                    "name": "ECR_REPOSITORY_URI",
                    "type": "PLAINTEXT",
                    "value": "068856380156.dkr.ecr.us-east-1.amazonaws.com/client-service"
                  }
                ],
                "fleet": [],
                "image": "aws/codebuild/ami/amazonlinux-x86_64-base:latest",
                "image_pull_credentials_type": "CODEBUILD",
                "privileged_mode": false,
                "registry_credential": [],
                "type": "LINUX_EC2"
              }
            ],
            "file_system_locations": [],
            "id": "arn:aws:codebuild:us-east-1:068856380156:project/microservices-ecommerce-client-build",
            "logs_config": [
              {
                "cloudwatch_logs": [
                  {
                    "group_name": "",
                    "status": "ENABLED",
                    "stream_name": ""
                  }
                ],
                "s3_logs": [
                  {
                    "bucket_owner_access": "",
                    "encryption_disabled": false,
                    "location": "",
                    "status": "DISABLED"
                  }
                ]
              }
            ],
            "name": "microservices-ecommerce-client-build",
            "project_visibility": "PRIVATE",
            "public_project_alias": "",
            "queued_timeout": 480,
            "region": "us-east-1",
            "resource_access_role": "",
            "secondary_artifacts": [],
            "secondary_source_version": [],
            "secondary_sources": [],
            "service_role": "arn:aws:iam::068856380156:role/microservices-ecommerce-codebuild-service-role",
            "source": [
              {
                "auth": [
                  {
                    "resource": "arn:aws:codestar-connections:us-east-1:068856380156:connection/9bd3f9b1-df7d-4736-9315-abc575f20114",
                    "type": "CODECONNECTIONS"
                  }
                ],
                "build_status_config": [],
                "buildspec": "clientCode/buildspec.yml",
                "git_clone_depth": 1,
                "git_submodules_config": [
                  {
                    "fetch_submodules": false
                  }
                ],
                "insecure_ssl": false,
                "location": "https://github.com/SomasekharSunkari/MicroService_Springboot.git",
                "report_build_status": false,
                "type": "GITHUB"
              }
            ],
            "source_version": "",
            "tags": {
              "Environment": "production",
              "ManagedBy": "terraform",
              "Name": "microservices-ecommerce-client-build",
              "Project": "microservices-ecommerce",
              "Service": "client"
            },
            "tags_all": {
              "Environment": "production",
              "ManagedBy": "terraform",
              "Name": "microservices-ecommerce-client-build",
              "Project": "microservices-ecommerce",
              "Service": "client"
            },
            "vpc_config": []
          },
          "sensitive_attributes": [],
          "private": "bnVsbA==",
          "dependencies": [
            "aws_codestarconnections_connection.github",
            "aws_iam_role.codebuild",
            "module.ecr.aws_ecr_lifecycle_policy.services",
            "module.ecr.aws_ecr_repository.services",
            "module.network.aws_eip.nat",
            "module.network.aws_internet_gateway.main",
            "module.network.aws_lb.main",
            "module.network.aws_lb_listener.main",
            "module.network.aws_lb_listener_rule.services",
            "module.network.aws_lb_target_group.services",
            "module.network.aws_nat_gateway.main",
            "module.network.aws_route_table.private",
            "module.network.aws_route_table.public",
            "module.network.aws_route_table_association.private",
            "module.network.aws_route_table_association.public",
            "module.network.aws_security_group.alb",
            "module.network.aws_security_group.ecs_services",
            "module.network.aws_subnet.private",
            "module.network.aws_subnet.public",
            "module.network.aws_vpc.main"
          ]
        },
        {
          "index_key": "config",
          "schema_version": 0,
          "attributes": {
            "arn": "arn:aws:codebuild:us-east-1:068856380156:project/microservices-ecommerce-config-build",
            "artifacts": [
              {
                "artifact_identifier": "",
                "bucket_owner_access": "",
                "encryption_disabled": false,
                "location": "",
                "name": "",
                "namespace_type": "",
                "override_artifact_name": false,
                "packaging": "",
                "path": "",
                "type": "NO_ARTIFACTS"
              }
            ],
            "badge_enabled": false,
            "badge_url": "",
            "build_batch_config": [],
            "build_timeout": 60,
            "cache": [
              {
                "location": "",
                "modes": [],
                "type": "NO_CACHE"
              }
            ],
            "concurrent_build_limit": 0,
            "description": "CodeBuild project for config-server",
            "encryption_key": "arn:aws:kms:us-east-1:068856380156:alias/aws/s3",
            "environment": [
              {
                "certificate": "",
                "compute_type": "BUILD_GENERAL1_MEDIUM",
                "docker_server": [],
                "environment_variable": [
                  {
                    "name": "AWS_DEFAULT_REGION",
                    "type": "PLAINTEXT",
                    "value": "us-east-1"
                  },
                  {
                    "name": "AWS_ACCOUNT_ID",
                    "type": "PLAINTEXT",
                    "value": "068856380156"
                  },
                  {
                    "name": "IMAGE_REPO_NAME",
                    "type": "PLAINTEXT",
                    "value": "config-server"
                  },
                  {
                    "name": "IMAGE_TAG",
                    "type": "PLAINTEXT",
                    "value": "latest"
                  },
                  {
                    "name": "ECR_REPOSITORY_URI",
                    "type": "PLAINTEXT",
                    "value": "068856380156.dkr.ecr.us-east-1.amazonaws.com/config-server"
                  }
                ],
                "fleet": [],
                "image": "aws/codebuild/ami/amazonlinux-x86_64-base:latest",
                "image_pull_credentials_type": "CODEBUILD",
                "privileged_mode": false,
                "registry_credential": [],
                "type": "LINUX_EC2"
              }
            ],
            "file_system_locations": [],
            "id": "arn:aws:codebuild:us-east-1:068856380156:project/microservices-ecommerce-config-build",
            "logs_config": [
              {
                "cloudwatch_logs": [
                  {
                    "group_name": "",
                    "status": "ENABLED",
                    "stream_name": ""
                  }
                ],
                "s3_logs": [
                  {
                    "bucket_owner_access": "",
                    "encryption_disabled": false,
                    "location": "",
                    "status": "DISABLED"
                  }
                ]
              }
            ],
            "name": "microservices-ecommerce-config-build",
            "project_visibility": "PRIVATE",
            "public_project_alias": "",
            "queued_timeout": 480,
            "region": "us-east-1",
            "resource_access_role": "",
            "secondary_artifacts": [],
            "secondary_source_version": [],
            "secondary_sources": [],
            "service_role": "arn:aws:iam::068856380156:role/microservices-ecommerce-codebuild-service-role",
            "source": [
              {
                "auth": [
                  {
                    "resource": "arn:aws:codestar-connections:us-east-1:068856380156:connection/9bd3f9b1-df7d-4736-9315-abc575f20114",
                    "type": "CODECONNECTIONS"
                  }
                ],
                "build_status_config": [],
                "buildspec": "configserver/buildspec.yml",
                "git_clone_depth": 1,
                "git_submodules_config": [
                  {
                    "fetch_submodules": false
                  }
                ],
                "insecure_ssl": false,
                "location": "https://github.com/SomasekharSunkari/MicroService_Springboot.git",
                "report_build_status": false,
                "type": "GITHUB"
              }
            ],
            "source_version": "",
            "tags": {
              "Environment": "production",
              "ManagedBy": "terraform",
              "Name": "microservices-ecommerce-config-build",
              "Project": "microservices-ecommerce",
              "Service": "config"
            },
            "tags_all": {
              "Environment": "production",
              "ManagedBy": "terraform",
              "Name": "microservices-ecommerce-config-build",
              "Project": "microservices-ecommerce",
              "Service": "config"
            },
            "vpc_config": []
          },
          "sensitive_attributes": [],
          "private": "bnVsbA==",
          "dependencies": [
            "aws_codestarconnections_connection.github",
            "aws_iam_role.codebuild",
            "module.ecr.aws_ecr_lifecycle_policy.services",
            "module.ecr.aws_ecr_repository.services",
            "module.network.aws_eip.nat",
            "module.network.aws_internet_gateway.main",
            "module.network.aws_lb.main",
            "module.network.aws_lb_listener.main",
            "module.network.aws_lb_listener_rule.services",
            "module.network.aws_lb_target_group.services",
            "module.network.aws_nat_gateway.main",
            "module.network.aws_route_table.private",
            "module.network.aws_route_table.public",
            "module.network.aws_route_table_association.private",
            "module.network.aws_route_table_association.public",
            "module.network.aws_security_group.alb",
            "module.network.aws_security_group.ecs_services",
            "module.network.aws_subnet.private",
            "module.network.aws_subnet.public",
            "module.network.aws_vpc.main"
          ]
        },
        {
          "index_key": "notification",
          "schema_version": 0,
          "attributes": {
            "arn": "arn:aws:codebuild:us-east-1:068856380156:project/microservices-ecommerce-notification-build",
            "artifacts": [
              {
                "artifact_identifier": "",
                "bucket_owner_access": "",
                "encryption_disabled": false,
                "location": "",
                "name": "",
                "namespace_type": "",
                "override_artifact_name": false,
                "packaging": "",
                "path": "",
                "type": "NO_ARTIFACTS"
              }
            ],
            "badge_enabled": false,
            "badge_url": "",
            "build_batch_config": [],
            "build_timeout": 60,
            "cache": [
              {
                "location": "",
                "modes": [],
                "type": "NO_CACHE"
              }
            ],
            "concurrent_build_limit": 0,
            "description": "CodeBuild project for notification-service",
            "encryption_key": "arn:aws:kms:us-east-1:068856380156:alias/aws/s3",
            "environment": [
              {
                "certificate": "",
                "compute_type": "BUILD_GENERAL1_MEDIUM",
                "docker_server": [],
                "environment_variable": [
                  {
                    "name": "AWS_DEFAULT_REGION",
                    "type": "PLAINTEXT",
                    "value": "us-east-1"
                  },
                  {
                    "name": "AWS_ACCOUNT_ID",
                    "type": "PLAINTEXT",
                    "value": "068856380156"
                  },
                  {
                    "name": "IMAGE_REPO_NAME",
                    "type": "PLAINTEXT",
                    "value": "notification-service"
                  },
                  {
                    "name": "IMAGE_TAG",
                    "type": "PLAINTEXT",
                    "value": "latest"
                  },
                  {
                    "name": "ECR_REPOSITORY_URI",
                    "type": "PLAINTEXT",
                    "value": "068856380156.dkr.ecr.us-east-1.amazonaws.com/notification-service"
                  }
                ],
                "fleet": [],
                "image": "aws/codebuild/ami/amazonlinux-x86_64-base:latest",
                "image_pull_credentials_type": "CODEBUILD",
                "privileged_mode": false,
                "registry_credential": [],
                "type": "LINUX_EC2"
              }
            ],
            "file_system_locations": [],
            "id": "arn:aws:codebuild:us-east-1:068856380156:project/microservices-ecommerce-notification-build",
            "logs_config": [
              {
                "cloudwatch_logs": [
                  {
                    "group_name": "",
                    "status": "ENABLED",
                    "stream_name": ""
                  }
                ],
                "s3_logs": [
                  {
                    "bucket_owner_access": "",
                    "encryption_disabled": false,
                    "location": "",
                    "status": "DISABLED"
                  }
                ]
              }
            ],
            "name": "microservices-ecommerce-notification-build",
            "project_visibility": "PRIVATE",
            "public_project_alias": "",
            "queued_timeout": 480,
            "region": "us-east-1",
            "resource_access_role": "",
            "secondary_artifacts": [],
            "secondary_source_version": [],
            "secondary_sources": [],
            "service_role": "arn:aws:iam::068856380156:role/microservices-ecommerce-codebuild-service-role",
            "source": [
              {
                "auth": [
                  {
                    "resource": "arn:aws:codestar-connections:us-east-1:068856380156:connection/9bd3f9b1-df7d-4736-9315-abc575f20114",
                    "type": "CODECONNECTIONS"
                  }
                ],
                "build_status_config": [],
                "buildspec": "notification/buildspec.yml",
                "git_clone_depth": 1,
                "git_submodules_config": [
                  {
                    "fetch_submodules": false
                  }
                ],
                "insecure_ssl": false,
                "location": "https://github.com/SomasekharSunkari/MicroService_Springboot.git",
                "report_build_status": false,
                "type": "GITHUB"
              }
            ],
            "source_version": "",
            "tags": {
              "Environment": "production",
              "ManagedBy": "terraform",
              "Name": "microservices-ecommerce-notification-build",
              "Project": "microservices-ecommerce",
              "Service": "notification"
            },
            "tags_all": {
              "Environment": "production",
              "ManagedBy": "terraform",
              "Name": "microservices-ecommerce-notification-build",
              "Project": "microservices-ecommerce",
              "Service": "notification"
            },
            "vpc_config": []
          },
          "sensitive_attributes": [],
          "private": "bnVsbA==",
          "dependencies": [
            "aws_codestarconnections_connection.github",
            "aws_iam_role.codebuild",
            "module.ecr.aws_ecr_lifecycle_policy.services",
            "module.ecr.aws_ecr_repository.services",
            "module.network.aws_eip.nat",
            "module.network.aws_internet_gateway.main",
            "module.network.aws_lb.main",
            "module.network.aws_lb_listener.main",
            "module.network.aws_lb_listener_rule.services",
            "module.network.aws_lb_target_group.services",
            "module.network.aws_nat_gateway.main",
            "module.network.aws_route_table.private",
            "module.network.aws_route_table.public",
            "module.network.aws_route_table_association.private",
            "module.network.aws_route_table_association.public",
            "module.network.aws_security_group.alb",
            "module.network.aws_security_group.ecs_services",
            "module.network.aws_subnet.private",
            "module.network.aws_subnet.public",
            "module.network.aws_vpc.main"
          ]
        },
        {
          "index_key": "order",
          "schema_version": 0,
          "attributes": {
            "arn": "arn:aws:codebuild:us-east-1:068856380156:project/microservices-ecommerce-order-build",
            "artifacts": [
              {
                "artifact_identifier": "",
                "bucket_owner_access": "",
                "encryption_disabled": false,
                "location": "",
                "name": "",
                "namespace_type": "",
                "override_artifact_name": false,
                "packaging": "",
                "path": "",
                "type": "NO_ARTIFACTS"
              }
            ],
            "badge_enabled": false,
            "badge_url": "",
            "build_batch_config": [],
            "build_timeout": 60,
            "cache": [
              {
                "location": "",
                "modes": [],
                "type": "NO_CACHE"
              }
            ],
            "concurrent_build_limit": 0,
            "description": "CodeBuild project for order-service",
            "encryption_key": "arn:aws:kms:us-east-1:068856380156:alias/aws/s3",
            "environment": [
              {
                "certificate": "",
                "compute_type": "BUILD_GENERAL1_MEDIUM",
                "docker_server": [],
                "environment_variable": [
                  {
                    "name": "AWS_DEFAULT_REGION",
                    "type": "PLAINTEXT",
                    "value": "us-east-1"
                  },
                  {
                    "name": "AWS_ACCOUNT_ID",
                    "type": "PLAINTEXT",
                    "value": "068856380156"
                  },
                  {
                    "name": "IMAGE_REPO_NAME",
                    "type": "PLAINTEXT",
                    "value": "order-service"
                  },
                  {
                    "name": "IMAGE_TAG",
                    "type": "PLAINTEXT",
                    "value": "latest"
                  },
                  {
                    "name": "ECR_REPOSITORY_URI",
                    "type": "PLAINTEXT",
                    "value": "068856380156.dkr.ecr.us-east-1.amazonaws.com/order-service"
                  }
                ],
                "fleet": [],
                "image": "aws/codebuild/ami/amazonlinux-x86_64-base:latest",
                "image_pull_credentials_type": "CODEBUILD",
                "privileged_mode": false,
                "registry_credential": [],
                "type": "LINUX_EC2"
              }
            ],
            "file_system_locations": [],
            "id": "arn:aws:codebuild:us-east-1:068856380156:project/microservices-ecommerce-order-build",
            "logs_config": [
              {
                "cloudwatch_logs": [
                  {
                    "group_name": "",
                    "status": "ENABLED",
                    "stream_name": ""
                  }
                ],
                "s3_logs": [
                  {
                    "bucket_owner_access": "",
                    "encryption_disabled": false,
                    "location": "",
                    "status": "DISABLED"
                  }
                ]
              }
            ],
            "name": "microservices-ecommerce-order-build",
            "project_visibility": "PRIVATE",
            "public_project_alias": "",
            "queued_timeout": 480,
            "region": "us-east-1",
            "resource_access_role": "",
            "secondary_artifacts": [],
            "secondary_source_version": [],
            "secondary_sources": [],
            "service_role": "arn:aws:iam::068856380156:role/microservices-ecommerce-codebuild-service-role",
            "source": [
              {
                "auth": [
                  {
                    "resource": "arn:aws:codestar-connections:us-east-1:068856380156:connection/9bd3f9b1-df7d-4736-9315-abc575f20114",
                    "type": "CODECONNECTIONS"
                  }
                ],
                "build_status_config": [],
                "buildspec": "order/buildspec.yml",
                "git_clone_depth": 1,
                "git_submodules_config": [
                  {
                    "fetch_submodules": false
                  }
                ],
                "insecure_ssl": false,
                "location": "https://github.com/SomasekharSunkari/MicroService_Springboot.git",
                "report_build_status": false,
                "type": "GITHUB"
              }
            ],
            "source_version": "",
            "tags": {
              "Environment": "production",
              "ManagedBy": "terraform",
              "Name": "microservices-ecommerce-order-build",
              "Project": "microservices-ecommerce",
              "Service": "order"
            },
            "tags_all": {
              "Environment": "production",
              "ManagedBy": "terraform",
              "Name": "microservices-ecommerce-order-build",
              "Project": "microservices-ecommerce",
              "Service": "order"
            },
            "vpc_config": []
          },
          "sensitive_attributes": [],
          "private": "bnVsbA==",
          "dependencies": [
            "aws_codestarconnections_connection.github",
            "aws_iam_role.codebuild",
            "module.ecr.aws_ecr_lifecycle_policy.services",
            "module.ecr.aws_ecr_repository.services",
            "module.network.aws_eip.nat",
            "module.network.aws_internet_gateway.main",
            "module.network.aws_lb.main",
            "module.network.aws_lb_listener.main",
            "module.network.aws_lb_listener_rule.services",
            "module.network.aws_lb_target_group.services",
            "module.network.aws_nat_gateway.main",
            "module.network.aws_route_table.private",
            "module.network.aws_route_table.public",
            "module.network.aws_route_table_association.private",
            "module.network.aws_route_table_association.public",
            "module.network.aws_security_group.alb",
            "module.network.aws_security_group.ecs_services",
            "module.network.aws_subnet.private",
            "module.network.aws_subnet.public",
            "module.network.aws_vpc.main"
          ]
        },
        {
          "index_key": "payment",
          "schema_version": 0,
          "attributes": {
            "arn": "arn:aws:codebuild:us-east-1:068856380156:project/microservices-ecommerce-payment-build",
            "artifacts": [
              {
                "artifact_identifier": "",
                "bucket_owner_access": "",
                "encryption_disabled": false,
                "location": "",
                "name": "",
                "namespace_type": "",
                "override_artifact_name": false,
                "packaging": "",
                "path": "",
                "type": "NO_ARTIFACTS"
              }
            ],
            "badge_enabled": false,
            "badge_url": "",
            "build_batch_config": [],
            "build_timeout": 60,
            "cache": [
              {
                "location": "",
                "modes": [],
                "type": "NO_CACHE"
              }
            ],
            "concurrent_build_limit": 0,
            "description": "CodeBuild project for payment-service",
            "encryption_key": "arn:aws:kms:us-east-1:068856380156:alias/aws/s3",
            "environment": [
              {
                "certificate": "",
                "compute_type": "BUILD_GENERAL1_MEDIUM",
                "docker_server": [],
                "environment_variable": [
                  {
                    "name": "AWS_DEFAULT_REGION",
                    "type": "PLAINTEXT",
                    "value": "us-east-1"
                  },
                  {
                    "name": "AWS_ACCOUNT_ID",
                    "type": "PLAINTEXT",
                    "value": "068856380156"
                  },
                  {
                    "name": "IMAGE_REPO_NAME",
                    "type": "PLAINTEXT",
                    "value": "payment-service"
                  },
                  {
                    "name": "IMAGE_TAG",
                    "type": "PLAINTEXT",
                    "value": "latest"
                  },
                  {
                    "name": "ECR_REPOSITORY_URI",
                    "type": "PLAINTEXT",
                    "value": "068856380156.dkr.ecr.us-east-1.amazonaws.com/payment-service"
                  }
                ],
                "fleet": [],
                "image": "aws/codebuild/ami/amazonlinux-x86_64-base:latest",
                "image_pull_credentials_type": "CODEBUILD",
                "privileged_mode": false,
                "registry_credential": [],
                "type": "LINUX_EC2"
              }
            ],
            "file_system_locations": [],
            "id": "arn:aws:codebuild:us-east-1:068856380156:project/microservices-ecommerce-payment-build",
            "logs_config": [
              {
                "cloudwatch_logs": [
                  {
                    "group_name": "",
                    "status": "ENABLED",
                    "stream_name": ""
                  }
                ],
                "s3_logs": [
                  {
                    "bucket_owner_access": "",
                    "encryption_disabled": false,
                    "location": "",
                    "status": "DISABLED"
                  }
                ]
              }
            ],
            "name": "microservices-ecommerce-payment-build",
            "project_visibility": "PRIVATE",
            "public_project_alias": "",
            "queued_timeout": 480,
            "region": "us-east-1",
            "resource_access_role": "",
            "secondary_artifacts": [],
            "secondary_source_version": [],
            "secondary_sources": [],
            "service_role": "arn:aws:iam::068856380156:role/microservices-ecommerce-codebuild-service-role",
            "source": [
              {
                "auth": [
                  {
                    "resource": "arn:aws:codestar-connections:us-east-1:068856380156:connection/9bd3f9b1-df7d-4736-9315-abc575f20114",
                    "type": "CODECONNECTIONS"
                  }
                ],
                "build_status_config": [],
                "buildspec": "payment/buildspec.yml",
                "git_clone_depth": 1,
                "git_submodules_config": [
                  {
                    "fetch_submodules": false
                  }
                ],
                "insecure_ssl": false,
                "location": "https://github.com/SomasekharSunkari/MicroService_Springboot.git",
                "report_build_status": false,
                "type": "GITHUB"
              }
            ],
            "source_version": "",
            "tags": {
              "Environment": "production",
              "ManagedBy": "terraform",
              "Name": "microservices-ecommerce-payment-build",
              "Project": "microservices-ecommerce",
              "Service": "payment"
            },
            "tags_all": {
              "Environment": "production",
              "ManagedBy": "terraform",
              "Name": "microservices-ecommerce-payment-build",
              "Project": "microservices-ecommerce",
              "Service": "payment"
            },
            "vpc_config": []
          },
          "sensitive_attributes": [],
          "private": "bnVsbA==",
          "dependencies": [
            "aws_codestarconnections_connection.github",
            "aws_iam_role.codebuild",
            "module.ecr.aws_ecr_lifecycle_policy.services",
            "module.ecr.aws_ecr_repository.services",
            "module.network.aws_eip.nat",
            "module.network.aws_internet_gateway.main",
            "module.network.aws_lb.main",
            "module.network.aws_lb_listener.main",
            "module.network.aws_lb_listener_rule.services",
            "module.network.aws_lb_target_group.services",
            "module.network.aws_nat_gateway.main",
            "module.network.aws_route_table.private",
            "module.network.aws_route_table.public",
            "module.network.aws_route_table_association.private",
            "module.network.aws_route_table_association.public",
            "module.network.aws_security_group.alb",
            "module.network.aws_security_group.ecs_services",
            "module.network.aws_subnet.private",
            "module.network.aws_subnet.public",
            "module.network.aws_vpc.main"
          ]
        },
        {
          "index_key": "product",
          "schema_version": 0,
          "attributes": {
            "arn": "arn:aws:codebuild:us-east-1:068856380156:project/microservices-ecommerce-product-build",
            "artifacts": [
              {
                "artifact_identifier": "",
                "bucket_owner_access": "",
                "encryption_disabled": false,
                "location": "",
                "name": "",
                "namespace_type": "",
                "override_artifact_name": false,
                "packaging": "",
                "path": "",
                "type": "NO_ARTIFACTS"
              }
            ],
            "badge_enabled": false,
            "badge_url": "",
            "build_batch_config": [],
            "build_timeout": 60,
            "cache": [
              {
                "location": "",
                "modes": [],
                "type": "NO_CACHE"
              }
            ],
            "concurrent_build_limit": 0,
            "description": "CodeBuild project for product-api",
            "encryption_key": "arn:aws:kms:us-east-1:068856380156:alias/aws/s3",
            "environment": [
              {
                "certificate": "",
                "compute_type": "BUILD_GENERAL1_MEDIUM",
                "docker_server": [],
                "environment_variable": [
                  {
                    "name": "AWS_DEFAULT_REGION",
                    "type": "PLAINTEXT",
                    "value": "us-east-1"
                  },
                  {
                    "name": "AWS_ACCOUNT_ID",
                    "type": "PLAINTEXT",
                    "value": "068856380156"
                  },
                  {
                    "name": "IMAGE_REPO_NAME",
                    "type": "PLAINTEXT",
                    "value": "product-api"
                  },
                  {
                    "name": "IMAGE_TAG",
                    "type": "PLAINTEXT",
                    "value": "latest"
                  },
                  {
                    "name": "ECR_REPOSITORY_URI",
                    "type": "PLAINTEXT",
                    "value": "068856380156.dkr.ecr.us-east-1.amazonaws.com/product-api"
                  }
                ],
                "fleet": [],
                "image": "aws/codebuild/ami/amazonlinux-x86_64-base:latest",
                "image_pull_credentials_type": "CODEBUILD",
                "privileged_mode": false,
                "registry_credential": [],
                "type": "LINUX_EC2"
              }
            ],
            "file_system_locations": [],
            "id": "arn:aws:codebuild:us-east-1:068856380156:project/microservices-ecommerce-product-build",
            "logs_config": [
              {
                "cloudwatch_logs": [
                  {
                    "group_name": "",
                    "status": "ENABLED",
                    "stream_name": ""
                  }
                ],
                "s3_logs": [
                  {
                    "bucket_owner_access": "",
                    "encryption_disabled": false,
                    "location": "",
                    "status": "DISABLED"
                  }
                ]
              }
            ],
            "name": "microservices-ecommerce-product-build",
            "project_visibility": "PRIVATE",
            "public_project_alias": "",
            "queued_timeout": 480,
            "region": "us-east-1",
            "resource_access_role": "",
            "secondary_artifacts": [],
            "secondary_source_version": [],
            "secondary_sources": [],
            "service_role": "arn:aws:iam::068856380156:role/microservices-ecommerce-codebuild-service-role",
            "source": [
              {
                "auth": [
                  {
                    "resource": "arn:aws:codestar-connections:us-east-1:068856380156:connection/9bd3f9b1-df7d-4736-9315-abc575f20114",
                    "type": "CODECONNECTIONS"
                  }
                ],
                "build_status_config": [],
                "buildspec": "product/buildspec.yml",
                "git_clone_depth": 1,
                "git_submodules_config": [
                  {
                    "fetch_submodules": false
                  }
                ],
                "insecure_ssl": false,
                "location": "https://github.com/SomasekharSunkari/MicroService_Springboot.git",
                "report_build_status": false,
                "type": "GITHUB"
              }
            ],
            "source_version": "",
            "tags": {
              "Environment": "production",
              "ManagedBy": "terraform",
              "Name": "microservices-ecommerce-product-build",
              "Project": "microservices-ecommerce",
              "Service": "product"
            },
            "tags_all": {
              "Environment": "production",
              "ManagedBy": "terraform",
              "Name": "microservices-ecommerce-product-build",
              "Project": "microservices-ecommerce",
              "Service": "product"
            },
            "vpc_config": []
          },
          "sensitive_attributes": [],
          "private": "bnVsbA==",
          "dependencies": [
            "aws_codestarconnections_connection.github",
            "aws_iam_role.codebuild",
            "module.ecr.aws_ecr_lifecycle_policy.services",
            "module.ecr.aws_ecr_repository.services",
            "module.network.aws_eip.nat",
            "module.network.aws_internet_gateway.main",
            "module.network.aws_lb.main",
            "module.network.aws_lb_listener.main",
            "module.network.aws_lb_listener_rule.services",
            "module.network.aws_lb_target_group.services",
            "module.network.aws_nat_gateway.main",
            "module.network.aws_route_table.private",
            "module.network.aws_route_table.public",
            "module.network.aws_route_table_association.private",
            "module.network.aws_route_table_association.public",
            "module.network.aws_security_group.alb",
            "module.network.aws_security_group.ecs_services",
            "module.network.aws_subnet.private",
            "module.network.aws_subnet.public",
            "module.network.aws_vpc.main"
          ]
        }
      ]
    },
    {
      "module": "module.codepipeline",
      "mode": "managed",
      "type": "aws_codepipeline",
      "name": "services",
      "provider": "provider[\"registry.terraform.io/hashicorp/aws\"]",
      "instances": [
        {
          "index_key": "auth",
          "schema_version": 0,
          "attributes": {
            "arn": "arn:aws:codepipeline:us-east-1:068856380156:microservices-ecommerce-auth-pipeline",
            "artifact_store": [
              {
                "encryption_key": [],
                "location": "microservices-ecommerce-codepipeline-artifacts-0c38fc15",
                "region": "",
                "type": "S3"
              }
            ],
            "execution_mode": "QUEUED",
            "id": "microservices-ecommerce-auth-pipeline",
            "name": "microservices-ecommerce-auth-pipeline",
            "pipeline_type": "V2",
            "region": "us-east-1",
            "role_arn": "arn:aws:iam::068856380156:role/microservices-ecommerce-codepipeline-service-role",
            "stage": [
              {
                "action": [
                  {
                    "category": "Source",
                    "configuration": {
                      "BranchName": "main",
                      "ConnectionArn": "arn:aws:codestar-connections:us-east-1:068856380156:connection/9bd3f9b1-df7d-4736-9315-abc575f20114",
                      "DetectChanges": "false",
                      "FullRepositoryId": "SomasekharSunkari/MicroService_Springboot",
                      "OutputArtifactFormat": "CODE_ZIP"
                    },
                    "input_artifacts": [],
                    "name": "Source",
                    "namespace": "SourceVariables",
                    "output_artifacts": [
                      "SourceArtifact"
                    ],
                    "owner": "AWS",
                    "provider": "CodeStarSourceConnection",
                    "region": "us-east-1",
                    "role_arn": "",
                    "run_order": 1,
                    "timeout_in_minutes": 0,
                    "version": "1"
                  }
                ],
                "before_entry": [],
                "name": "Source",
                "on_failure": [
                  {
                    "condition": [],
                    "result": "RETRY",
                    "retry_configuration": [
                      {
                        "retry_mode": "ALL_ACTIONS"
                      }
                    ]
                  }
                ],
                "on_success": []
              },
              {
                "action": [
                  {
                    "category": "Build",
                    "configuration": {
                      "ProjectName": "microservices-ecommerce-auth-build"
                    },
                    "input_artifacts": [
                      "SourceArtifact"
                    ],
                    "name": "Build",
                    "namespace": "BuildVariables",
                    "output_artifacts": [
                      "BuildArtifact"
                    ],
                    "owner": "AWS",
                    "provider": "CodeBuild",
                    "region": "us-east-1",
                    "role_arn": "",
                    "run_order": 1,
                    "timeout_in_minutes": 0,
                    "version": "1"
                  }
                ],
                "before_entry": [],
                "name": "Build",
                "on_failure": [
                  {
                    "condition": [],
                    "result": "RETRY",
                    "retry_configuration": [
                      {
                        "retry_mode": "ALL_ACTIONS"
                      }
                    ]
                  }
                ],
                "on_success": []
              },
              {
                "action": [
                  {
                    "category": "Deploy",
                    "configuration": {
                      "ClusterName": "sophisticated-fish-p08ixg",
                      "ServiceName": "auth-service-service"
                    },
                    "input_artifacts": [
                      "BuildArtifact"
                    ],
                    "name": "Deploy",
                    "namespace": "DeployVariables",
                    "output_artifacts": [],
                    "owner": "AWS",
                    "provider": "ECS",
                    "region": "us-east-1",
                    "role_arn": "",
                    "run_order": 1,
                    "timeout_in_minutes": 0,
                    "version": "1"
                  }
                ],
                "before_entry": [],
                "name": "Deploy",
                "on_failure": [
                  {
                    "condition": [],
                    "result": "ROLLBACK",
                    "retry_configuration": []
                  }
                ],
                "on_success": []
              }
            ],
            "tags": {
              "Environment": "production",
              "ManagedBy": "terraform",
              "Name": "microservices-ecommerce-auth-pipeline",
              "Project": "microservices-ecommerce",
              "Service": "auth"
            },
            "tags_all": {
              "Environment": "production",
              "ManagedBy": "terraform",
              "Name": "microservices-ecommerce-auth-pipeline",
              "Project": "microservices-ecommerce",
              "Service": "auth"
            },
            "trigger": [
              {
                "git_configuration": [
                  {
                    "pull_request": [],
                    "push": [
                      {
                        "branches": [
                          {
                            "excludes": [],
                            "includes": [
                              "main"
                            ]
                          }
                        ],
                        "file_paths": [
                          {
                            "excludes": [],
                            "includes": [
                              "authservice/**"
                            ]
                          }
                        ],
                        "tags": []
                      }
                    ],
                    "source_action_name": "Source"
                  }
                ],
                "provider_type": "CodeStarSourceConnection"
              }
            ],
            "trigger_all": [
              {
                "git_configuration": [
                  {
                    "pull_request": [],
                    "push": [
                      {
                        "branches": [
                          {
                            "excludes": [],
                            "includes": [
                              "main"
                            ]
                          }
                        ],
                        "file_paths": [
                          {
                            "excludes": [],
                            "includes": [
                              "authservice/**"
                            ]
                          }
                        ],
                        "tags": []
                      }
                    ],
                    "source_action_name": "Source"
                  }
                ],
                "provider_type": "CodeStarSourceConnection"
              }
            ],
            "variable": []
          },
          "sensitive_attributes": [],
          "private": "bnVsbA==",
          "dependencies": [
            "aws_codestarconnections_connection.github",
            "aws_iam_role.codebuild",
            "aws_iam_role.codepipeline",
            "aws_iam_role.ecs_task",
            "aws_iam_role.ecs_task_execution",
            "aws_s3_bucket.codepipeline_artifacts",
            "module.codebuild.aws_codebuild_project.services",
            "module.codebuild.aws_codebuild_webhook.services",
            "module.ecr.aws_ecr_lifecycle_policy.services",
            "module.ecr.aws_ecr_repository.services",
            "module.ecs.aws_cloudwatch_log_group.services",
            "module.ecs.aws_ecs_cluster.main",
            "module.ecs.aws_ecs_cluster_capacity_providers.main",
            "module.ecs.aws_ecs_service.services",
            "module.ecs.aws_ecs_task_definition.services",
            "module.ecs.aws_service_discovery_private_dns_namespace.main",
            "module.ecs.aws_service_discovery_service.services",
            "module.network.aws_eip.nat",
            "module.network.aws_internet_gateway.main",
            "module.network.aws_lb.main",
            "module.network.aws_lb_listener.main",
            "module.network.aws_lb_listener_rule.services",
            "module.network.aws_lb_target_group.services",
            "module.network.aws_nat_gateway.main",
            "module.network.aws_route_table.private",
            "module.network.aws_route_table.public",
            "module.network.aws_route_table_association.private",
            "module.network.aws_route_table_association.public",
            "module.network.aws_security_group.alb",
            "module.network.aws_security_group.ecs_services",
            "module.network.aws_subnet.private",
            "module.network.aws_subnet.public",
            "module.network.aws_vpc.main",
            "random_id.bucket_suffix"
          ]
        },
        {
          "index_key": "client",
          "schema_version": 0,
          "attributes": {
            "arn": "arn:aws:codepipeline:us-east-1:068856380156:microservices-ecommerce-client-pipeline",
            "artifact_store": [
              {
                "encryption_key": [],
                "location": "microservices-ecommerce-codepipeline-artifacts-0c38fc15",
                "region": "",
                "type": "S3"
              }
            ],
            "execution_mode": "QUEUED",
            "id": "microservices-ecommerce-client-pipeline",
            "name": "microservices-ecommerce-client-pipeline",
            "pipeline_type": "V2",
            "region": "us-east-1",
            "role_arn": "arn:aws:iam::068856380156:role/microservices-ecommerce-codepipeline-service-role",
            "stage": [
              {
                "action": [
                  {
                    "category": "Source",
                    "configuration": {
                      "BranchName": "main",
                      "ConnectionArn": "arn:aws:codestar-connections:us-east-1:068856380156:connection/9bd3f9b1-df7d-4736-9315-abc575f20114",
                      "DetectChanges": "false",
                      "FullRepositoryId": "SomasekharSunkari/MicroService_Springboot",
                      "OutputArtifactFormat": "CODE_ZIP"
                    },
                    "input_artifacts": [],
                    "name": "Source",
                    "namespace": "SourceVariables",
                    "output_artifacts": [
                      "SourceArtifact"
                    ],
                    "owner": "AWS",
                    "provider": "CodeStarSourceConnection",
                    "region": "us-east-1",
                    "role_arn": "",
                    "run_order": 1,
                    "timeout_in_minutes": 0,
                    "version": "1"
                  }
                ],
                "before_entry": [],
                "name": "Source",
                "on_failure": [
                  {
                    "condition": [],
                    "result": "RETRY",
                    "retry_configuration": [
                      {
                        "retry_mode": "ALL_ACTIONS"
                      }
                    ]
                  }
                ],
                "on_success": []
              },
              {
                "action": [
                  {
                    "category": "Build",
                    "configuration": {
                      "ProjectName": "microservices-ecommerce-client-build"
                    },
                    "input_artifacts": [
                      "SourceArtifact"
                    ],
                    "name": "Build",
                    "namespace": "BuildVariables",
                    "output_artifacts": [
                      "BuildArtifact"
                    ],
                    "owner": "AWS",
                    "provider": "CodeBuild",
                    "region": "us-east-1",
                    "role_arn": "",
                    "run_order": 1,
                    "timeout_in_minutes": 0,
                    "version": "1"
                  }
                ],
                "before_entry": [],
                "name": "Build",
                "on_failure": [
                  {
                    "condition": [],
                    "result": "RETRY",
                    "retry_configuration": [
                      {
                        "retry_mode": "ALL_ACTIONS"
                      }
                    ]
                  }
                ],
                "on_success": []
              },
              {
                "action": [
                  {
                    "category": "Deploy",
                    "configuration": {
                      "ClusterName": "sophisticated-fish-p08ixg",
                      "ServiceName": "client-service-service"
                    },
                    "input_artifacts": [
                      "BuildArtifact"
                    ],
                    "name": "Deploy",
                    "namespace": "DeployVariables",
                    "output_artifacts": [],
                    "owner": "AWS",
                    "provider": "ECS",
                    "region": "us-east-1",
                    "role_arn": "",
                    "run_order": 1,
                    "timeout_in_minutes": 0,
                    "version": "1"
                  }
                ],
                "before_entry": [],
                "name": "Deploy",
                "on_failure": [
                  {
                    "condition": [],
                    "result": "ROLLBACK",
                    "retry_configuration": []
                  }
                ],
                "on_success": []
              }
            ],
            "tags": {
              "Environment": "production",
              "ManagedBy": "terraform",
              "Name": "microservices-ecommerce-client-pipeline",
              "Project": "microservices-ecommerce",
              "Service": "client"
            },
            "tags_all": {
              "Environment": "production",
              "ManagedBy": "terraform",
              "Name": "microservices-ecommerce-client-pipeline",
              "Project": "microservices-ecommerce",
              "Service": "client"
            },
            "trigger": [
              {
                "git_configuration": [
                  {
                    "pull_request": [],
                    "push": [
                      {
                        "branches": [
                          {
                            "excludes": [],
                            "includes": [
                              "main"
                            ]
                          }
                        ],
                        "file_paths": [
                          {
                            "excludes": [],
                            "includes": [
                              "clientCode/**"
                            ]
                          }
                        ],
                        "tags": []
                      }
                    ],
                    "source_action_name": "Source"
                  }
                ],
                "provider_type": "CodeStarSourceConnection"
              }
            ],
            "trigger_all": [
              {
                "git_configuration": [
                  {
                    "pull_request": [],
                    "push": [
                      {
                        "branches": [
                          {
                            "excludes": [],
                            "includes": [
                              "main"
                            ]
                          }
                        ],
                        "file_paths": [
                          {
                            "excludes": [],
                            "includes": [
                              "clientCode/**"
                            ]
                          }
                        ],
                        "tags": []
                      }
                    ],
                    "source_action_name": "Source"
                  }
                ],
                "provider_type": "CodeStarSourceConnection"
              }
            ],
            "variable": []
          },
          "sensitive_attributes": [],
          "private": "bnVsbA==",
          "dependencies": [
            "aws_codestarconnections_connection.github",
            "aws_iam_role.codebuild",
            "aws_iam_role.codepipeline",
            "aws_iam_role.ecs_task",
            "aws_iam_role.ecs_task_execution",
            "aws_s3_bucket.codepipeline_artifacts",
            "module.codebuild.aws_codebuild_project.services",
            "module.codebuild.aws_codebuild_webhook.services",
            "module.ecr.aws_ecr_lifecycle_policy.services",
            "module.ecr.aws_ecr_repository.services",
            "module.ecs.aws_cloudwatch_log_group.services",
            "module.ecs.aws_ecs_cluster.main",
            "module.ecs.aws_ecs_cluster_capacity_providers.main",
            "module.ecs.aws_ecs_service.services",
            "module.ecs.aws_ecs_task_definition.services",
            "module.ecs.aws_service_discovery_private_dns_namespace.main",
            "module.ecs.aws_service_discovery_service.services",
            "module.network.aws_eip.nat",
            "module.network.aws_internet_gateway.main",
            "module.network.aws_lb.main",
            "module.network.aws_lb_listener.main",
            "module.network.aws_lb_listener_rule.services",
            "module.network.aws_lb_target_group.services",
            "module.network.aws_nat_gateway.main",
            "module.network.aws_route_table.private",
            "module.network.aws_route_table.public",
            "module.network.aws_route_table_association.private",
            "module.network.aws_route_table_association.public",
            "module.network.aws_security_group.alb",
            "module.network.aws_security_group.ecs_services",
            "module.network.aws_subnet.private",
            "module.network.aws_subnet.public",
            "module.network.aws_vpc.main",
            "random_id.bucket_suffix"
          ]
        },
        {
          "index_key": "config",
          "schema_version": 0,
          "attributes": {
            "arn": "arn:aws:codepipeline:us-east-1:068856380156:microservices-ecommerce-config-pipeline",
            "artifact_store": [
              {
                "encryption_key": [],
                "location": "microservices-ecommerce-codepipeline-artifacts-0c38fc15",
                "region": "",
                "type": "S3"
              }
            ],
            "execution_mode": "QUEUED",
            "id": "microservices-ecommerce-config-pipeline",
            "name": "microservices-ecommerce-config-pipeline",
            "pipeline_type": "V2",
            "region": "us-east-1",
            "role_arn": "arn:aws:iam::068856380156:role/microservices-ecommerce-codepipeline-service-role",
            "stage": [
              {
                "action": [
                  {
                    "category": "Source",
                    "configuration": {
                      "BranchName": "main",
                      "ConnectionArn": "arn:aws:codestar-connections:us-east-1:068856380156:connection/9bd3f9b1-df7d-4736-9315-abc575f20114",
                      "DetectChanges": "false",
                      "FullRepositoryId": "SomasekharSunkari/MicroService_Springboot",
                      "OutputArtifactFormat": "CODE_ZIP"
                    },
                    "input_artifacts": [],
                    "name": "Source",
                    "namespace": "SourceVariables",
                    "output_artifacts": [
                      "SourceArtifact"
                    ],
                    "owner": "AWS",
                    "provider": "CodeStarSourceConnection",
                    "region": "us-east-1",
                    "role_arn": "",
                    "run_order": 1,
                    "timeout_in_minutes": 0,
                    "version": "1"
                  }
                ],
                "before_entry": [],
                "name": "Source",
                "on_failure": [
                  {
                    "condition": [],
                    "result": "RETRY",
                    "retry_configuration": [
                      {
                        "retry_mode": "ALL_ACTIONS"
                      }
                    ]
                  }
                ],
                "on_success": []
              },
              {
                "action": [
                  {
                    "category": "Build",
                    "configuration": {
                      "ProjectName": "microservices-ecommerce-config-build"
                    },
                    "input_artifacts": [
                      "SourceArtifact"
                    ],
                    "name": "Build",
                    "namespace": "BuildVariables",
                    "output_artifacts": [
                      "BuildArtifact"
                    ],
                    "owner": "AWS",
                    "provider": "CodeBuild",
                    "region": "us-east-1",
                    "role_arn": "",
                    "run_order": 1,
                    "timeout_in_minutes": 0,
                    "version": "1"
                  }
                ],
                "before_entry": [],
                "name": "Build",
                "on_failure": [
                  {
                    "condition": [],
                    "result": "RETRY",
                    "retry_configuration": [
                      {
                        "retry_mode": "ALL_ACTIONS"
                      }
                    ]
                  }
                ],
                "on_success": []
              },
              {
                "action": [
                  {
                    "category": "Deploy",
                    "configuration": {
                      "ClusterName": "sophisticated-fish-p08ixg",
                      "ServiceName": "config-server-service"
                    },
                    "input_artifacts": [
                      "BuildArtifact"
                    ],
                    "name": "Deploy",
                    "namespace": "DeployVariables",
                    "output_artifacts": [],
                    "owner": "AWS",
                    "provider": "ECS",
                    "region": "us-east-1",
                    "role_arn": "",
                    "run_order": 1,
                    "timeout_in_minutes": 0,
                    "version": "1"
                  }
                ],
                "before_entry": [],
                "name": "Deploy",
                "on_failure": [
                  {
                    "condition": [],
                    "result": "ROLLBACK",
                    "retry_configuration": []
                  }
                ],
                "on_success": []
              }
            ],
            "tags": {
              "Environment": "production",
              "ManagedBy": "terraform",
              "Name": "microservices-ecommerce-config-pipeline",
              "Project": "microservices-ecommerce",
              "Service": "config"
            },
            "tags_all": {
              "Environment": "production",
              "ManagedBy": "terraform",
              "Name": "microservices-ecommerce-config-pipeline",
              "Project": "microservices-ecommerce",
              "Service": "config"
            },
            "trigger": [
              {
                "git_configuration": [
                  {
                    "pull_request": [],
                    "push": [
                      {
                        "branches": [
                          {
                            "excludes": [],
                            "includes": [
                              "main"
                            ]
                          }
                        ],
                        "file_paths": [
                          {
                            "excludes": [],
                            "includes": [
                              "configserver/**"
                            ]
                          }
                        ],
                        "tags": []
                      }
                    ],
                    "source_action_name": "Source"
                  }
                ],
                "provider_type": "CodeStarSourceConnection"
              }
            ],
            "trigger_all": [
              {
                "git_configuration": [
                  {
                    "pull_request": [],
                    "push": [
                      {
                        "branches": [
                          {
                            "excludes": [],
                            "includes": [
                              "main"
                            ]
                          }
                        ],
                        "file_paths": [
                          {
                            "excludes": [],
                            "includes": [
                              "configserver/**"
                            ]
                          }
                        ],
                        "tags": []
                      }
                    ],
                    "source_action_name": "Source"
                  }
                ],
                "provider_type": "CodeStarSourceConnection"
              }
            ],
            "variable": []
          },
          "sensitive_attributes": [],
          "private": "bnVsbA==",
          "dependencies": [
            "aws_codestarconnections_connection.github",
            "aws_iam_role.codebuild",
            "aws_iam_role.codepipeline",
            "aws_iam_role.ecs_task",
            "aws_iam_role.ecs_task_execution",
            "aws_s3_bucket.codepipeline_artifacts",
            "module.codebuild.aws_codebuild_project.services",
            "module.codebuild.aws_codebuild_webhook.services",
            "module.ecr.aws_ecr_lifecycle_policy.services",
            "module.ecr.aws_ecr_repository.services",
            "module.ecs.aws_cloudwatch_log_group.services",
            "module.ecs.aws_ecs_cluster.main",
            "module.ecs.aws_ecs_cluster_capacity_providers.main",
            "module.ecs.aws_ecs_service.services",
            "module.ecs.aws_ecs_task_definition.services",
            "module.ecs.aws_service_discovery_private_dns_namespace.main",
            "module.ecs.aws_service_discovery_service.services",
            "module.network.aws_eip.nat",
            "module.network.aws_internet_gateway.main",
            "module.network.aws_lb.main",
            "module.network.aws_lb_listener.main",
            "module.network.aws_lb_listener_rule.services",
            "module.network.aws_lb_target_group.services",
            "module.network.aws_nat_gateway.main",
            "module.network.aws_route_table.private",
            "module.network.aws_route_table.public",
            "module.network.aws_route_table_association.private",
            "module.network.aws_route_table_association.public",
            "module.network.aws_security_group.alb",
            "module.network.aws_security_group.ecs_services",
            "module.network.aws_subnet.private",
            "module.network.aws_subnet.public",
            "module.network.aws_vpc.main",
            "random_id.bucket_suffix"
          ]
        },
        {
          "index_key": "notification",
          "schema_version": 0,
          "attributes": {
            "arn": "arn:aws:codepipeline:us-east-1:068856380156:microservices-ecommerce-notification-pipeline",
            "artifact_store": [
              {
                "encryption_key": [],
                "location": "microservices-ecommerce-codepipeline-artifacts-0c38fc15",
                "region": "",
                "type": "S3"
              }
            ],
            "execution_mode": "QUEUED",
            "id": "microservices-ecommerce-notification-pipeline",
            "name": "microservices-ecommerce-notification-pipeline",
            "pipeline_type": "V2",
            "region": "us-east-1",
            "role_arn": "arn:aws:iam::068856380156:role/microservices-ecommerce-codepipeline-service-role",
            "stage": [
              {
                "action": [
                  {
                    "category": "Source",
                    "configuration": {
                      "BranchName": "main",
                      "ConnectionArn": "arn:aws:codestar-connections:us-east-1:068856380156:connection/9bd3f9b1-df7d-4736-9315-abc575f20114",
                      "DetectChanges": "false",
                      "FullRepositoryId": "SomasekharSunkari/MicroService_Springboot",
                      "OutputArtifactFormat": "CODE_ZIP"
                    },
                    "input_artifacts": [],
                    "name": "Source",
                    "namespace": "SourceVariables",
                    "output_artifacts": [
                      "SourceArtifact"
                    ],
                    "owner": "AWS",
                    "provider": "CodeStarSourceConnection",
                    "region": "us-east-1",
                    "role_arn": "",
                    "run_order": 1,
                    "timeout_in_minutes": 0,
                    "version": "1"
                  }
                ],
                "before_entry": [],
                "name": "Source",
                "on_failure": [
                  {
                    "condition": [],
                    "result": "RETRY",
                    "retry_configuration": [
                      {
                        "retry_mode": "ALL_ACTIONS"
                      }
                    ]
                  }
                ],
                "on_success": []
              },
              {
                "action": [
                  {
                    "category": "Build",
                    "configuration": {
                      "ProjectName": "microservices-ecommerce-notification-build"
                    },
                    "input_artifacts": [
                      "SourceArtifact"
                    ],
                    "name": "Build",
                    "namespace": "BuildVariables",
                    "output_artifacts": [
                      "BuildArtifact"
                    ],
                    "owner": "AWS",
                    "provider": "CodeBuild",
                    "region": "us-east-1",
                    "role_arn": "",
                    "run_order": 1,
                    "timeout_in_minutes": 0,
                    "version": "1"
                  }
                ],
                "before_entry": [],
                "name": "Build",
                "on_failure": [
                  {
                    "condition": [],
                    "result": "RETRY",
                    "retry_configuration": [
                      {
                        "retry_mode": "ALL_ACTIONS"
                      }
                    ]
                  }
                ],
                "on_success": []
              },
              {
                "action": [
                  {
                    "category": "Deploy",
                    "configuration": {
                      "ClusterName": "sophisticated-fish-p08ixg",
                      "ServiceName": "notification-service-service"
                    },
                    "input_artifacts": [
                      "BuildArtifact"
                    ],
                    "name": "Deploy",
                    "namespace": "DeployVariables",
                    "output_artifacts": [],
                    "owner": "AWS",
                    "provider": "ECS",
                    "region": "us-east-1",
                    "role_arn": "",
                    "run_order": 1,
                    "timeout_in_minutes": 0,
                    "version": "1"
                  }
                ],
                "before_entry": [],
                "name": "Deploy",
                "on_failure": [
                  {
                    "condition": [],
                    "result": "ROLLBACK",
                    "retry_configuration": []
                  }
                ],
                "on_success": []
              }
            ],
            "tags": {
              "Environment": "production",
              "ManagedBy": "terraform",
              "Name": "microservices-ecommerce-notification-pipeline",
              "Project": "microservices-ecommerce",
              "Service": "notification"
            },
            "tags_all": {
              "Environment": "production",
              "ManagedBy": "terraform",
              "Name": "microservices-ecommerce-notification-pipeline",
              "Project": "microservices-ecommerce",
              "Service": "notification"
            },
            "trigger": [
              {
                "git_configuration": [
                  {
                    "pull_request": [],
                    "push": [
                      {
                        "branches": [
                          {
                            "excludes": [],
                            "includes": [
                              "main"
                            ]
                          }
                        ],
                        "file_paths": [
                          {
                            "excludes": [],
                            "includes": [
                              "notification/**"
                            ]
                          }
                        ],
                        "tags": []
                      }
                    ],
                    "source_action_name": "Source"
                  }
                ],
                "provider_type": "CodeStarSourceConnection"
              }
            ],
            "trigger_all": [
              {
                "git_configuration": [
                  {
                    "pull_request": [],
                    "push": [
                      {
                        "branches": [
                          {
                            "excludes": [],
                            "includes": [
                              "main"
                            ]
                          }
                        ],
                        "file_paths": [
                          {
                            "excludes": [],
                            "includes": [
                              "notification/**"
                            ]
                          }
                        ],
                        "tags": []
                      }
                    ],
                    "source_action_name": "Source"
                  }
                ],
                "provider_type": "CodeStarSourceConnection"
              }
            ],
            "variable": []
          },
          "sensitive_attributes": [],
          "private": "bnVsbA==",
          "dependencies": [
            "aws_codestarconnections_connection.github",
            "aws_iam_role.codebuild",
            "aws_iam_role.codepipeline",
            "aws_iam_role.ecs_task",
            "aws_iam_role.ecs_task_execution",
            "aws_s3_bucket.codepipeline_artifacts",
            "module.codebuild.aws_codebuild_project.services",
            "module.codebuild.aws_codebuild_webhook.services",
            "module.ecr.aws_ecr_lifecycle_policy.services",
            "module.ecr.aws_ecr_repository.services",
            "module.ecs.aws_cloudwatch_log_group.services",
            "module.ecs.aws_ecs_cluster.main",
            "module.ecs.aws_ecs_cluster_capacity_providers.main",
            "module.ecs.aws_ecs_service.services",
            "module.ecs.aws_ecs_task_definition.services",
            "module.ecs.aws_service_discovery_private_dns_namespace.main",
            "module.ecs.aws_service_discovery_service.services",
            "module.network.aws_eip.nat",
            "module.network.aws_internet_gateway.main",
            "module.network.aws_lb.main",
            "module.network.aws_lb_listener.main",
            "module.network.aws_lb_listener_rule.services",
            "module.network.aws_lb_target_group.services",
            "module.network.aws_nat_gateway.main",
            "module.network.aws_route_table.private",
            "module.network.aws_route_table.public",
            "module.network.aws_route_table_association.private",
            "module.network.aws_route_table_association.public",
            "module.network.aws_security_group.alb",
            "module.network.aws_security_group.ecs_services",
            "module.network.aws_subnet.private",
            "module.network.aws_subnet.public",
            "module.network.aws_vpc.main",
            "random_id.bucket_suffix"
          ]
        },
        {
          "index_key": "order",
          "schema_version": 0,
          "attributes": {
            "arn": "arn:aws:codepipeline:us-east-1:068856380156:microservices-ecommerce-order-pipeline",
            "artifact_store": [
              {
                "encryption_key": [],
                "location": "microservices-ecommerce-codepipeline-artifacts-0c38fc15",
                "region": "",
                "type": "S3"
              }
            ],
            "execution_mode": "QUEUED",
            "id": "microservices-ecommerce-order-pipeline",
            "name": "microservices-ecommerce-order-pipeline",
            "pipeline_type": "V2",
            "region": "us-east-1",
            "role_arn": "arn:aws:iam::068856380156:role/microservices-ecommerce-codepipeline-service-role",
            "stage": [
              {
                "action": [
                  {
                    "category": "Source",
                    "configuration": {
                      "BranchName": "main",
                      "ConnectionArn": "arn:aws:codestar-connections:us-east-1:068856380156:connection/9bd3f9b1-df7d-4736-9315-abc575f20114",
                      "DetectChanges": "false",
                      "FullRepositoryId": "SomasekharSunkari/MicroService_Springboot",
                      "OutputArtifactFormat": "CODE_ZIP"
                    },
                    "input_artifacts": [],
                    "name": "Source",
                    "namespace": "SourceVariables",
                    "output_artifacts": [
                      "SourceArtifact"
                    ],
                    "owner": "AWS",
                    "provider": "CodeStarSourceConnection",
                    "region": "us-east-1",
                    "role_arn": "",
                    "run_order": 1,
                    "timeout_in_minutes": 0,
                    "version": "1"
                  }
                ],
                "before_entry": [],
                "name": "Source",
                "on_failure": [
                  {
                    "condition": [],
                    "result": "RETRY",
                    "retry_configuration": [
                      {
                        "retry_mode": "ALL_ACTIONS"
                      }
                    ]
                  }
                ],
                "on_success": []
              },
              {
                "action": [
                  {
                    "category": "Build",
                    "configuration": {
                      "ProjectName": "microservices-ecommerce-order-build"
                    },
                    "input_artifacts": [
                      "SourceArtifact"
                    ],
                    "name": "Build",
                    "namespace": "BuildVariables",
                    "output_artifacts": [
                      "BuildArtifact"
                    ],
                    "owner": "AWS",
                    "provider": "CodeBuild",
                    "region": "us-east-1",
                    "role_arn": "",
                    "run_order": 1,
                    "timeout_in_minutes": 0,
                    "version": "1"
                  }
                ],
                "before_entry": [],
                "name": "Build",
                "on_failure": [
                  {
                    "condition": [],
                    "result": "RETRY",
                    "retry_configuration": [
                      {
                        "retry_mode": "ALL_ACTIONS"
                      }
                    ]
                  }
                ],
                "on_success": []
              },
              {
                "action": [
                  {
                    "category": "Deploy",
                    "configuration": {
                      "ClusterName": "sophisticated-fish-p08ixg",
                      "ServiceName": "order-service-service"
                    },
                    "input_artifacts": [
                      "BuildArtifact"
                    ],
                    "name": "Deploy",
                    "namespace": "DeployVariables",
                    "output_artifacts": [],
                    "owner": "AWS",
                    "provider": "ECS",
                    "region": "us-east-1",
                    "role_arn": "",
                    "run_order": 1,
                    "timeout_in_minutes": 0,
                    "version": "1"
                  }
                ],
                "before_entry": [],
                "name": "Deploy",
                "on_failure": [
                  {
                    "condition": [],
                    "result": "ROLLBACK",
                    "retry_configuration": []
                  }
                ],
                "on_success": []
              }
            ],
            "tags": {
              "Environment": "production",
              "ManagedBy": "terraform",
              "Name": "microservices-ecommerce-order-pipeline",
              "Project": "microservices-ecommerce",
              "Service": "order"
            },
            "tags_all": {
              "Environment": "production",
              "ManagedBy": "terraform",
              "Name": "microservices-ecommerce-order-pipeline",
              "Project": "microservices-ecommerce",
              "Service": "order"
            },
            "trigger": [
              {
                "git_configuration": [
                  {
                    "pull_request": [],
                    "push": [
                      {
                        "branches": [
                          {
                            "excludes": [],
                            "includes": [
                              "main"
                            ]
                          }
                        ],
                        "file_paths": [
                          {
                            "excludes": [],
                            "includes": [
                              "order/**"
                            ]
                          }
                        ],
                        "tags": []
                      }
                    ],
                    "source_action_name": "Source"
                  }
                ],
                "provider_type": "CodeStarSourceConnection"
              }
            ],
            "trigger_all": [
              {
                "git_configuration": [
                  {
                    "pull_request": [],
                    "push": [
                      {
                        "branches": [
                          {
                            "excludes": [],
                            "includes": [
                              "main"
                            ]
                          }
                        ],
                        "file_paths": [
                          {
                            "excludes": [],
                            "includes": [
                              "order/**"
                            ]
                          }
                        ],
                        "tags": []
                      }
                    ],
                    "source_action_name": "Source"
                  }
                ],
                "provider_type": "CodeStarSourceConnection"
              }
            ],
            "variable": []
          },
          "sensitive_attributes": [],
          "private": "bnVsbA==",
          "dependencies": [
            "aws_codestarconnections_connection.github",
            "aws_iam_role.codebuild",
            "aws_iam_role.codepipeline",
            "aws_iam_role.ecs_task",
            "aws_iam_role.ecs_task_execution",
            "aws_s3_bucket.codepipeline_artifacts",
            "module.codebuild.aws_codebuild_project.services",
            "module.codebuild.aws_codebuild_webhook.services",
            "module.ecr.aws_ecr_lifecycle_policy.services",
            "module.ecr.aws_ecr_repository.services",
            "module.ecs.aws_cloudwatch_log_group.services",
            "module.ecs.aws_ecs_cluster.main",
            "module.ecs.aws_ecs_cluster_capacity_providers.main",
            "module.ecs.aws_ecs_service.services",
            "module.ecs.aws_ecs_task_definition.services",
            "module.ecs.aws_service_discovery_private_dns_namespace.main",
            "module.ecs.aws_service_discovery_service.services",
            "module.network.aws_eip.nat",
            "module.network.aws_internet_gateway.main",
            "module.network.aws_lb.main",
            "module.network.aws_lb_listener.main",
            "module.network.aws_lb_listener_rule.services",
            "module.network.aws_lb_target_group.services",
            "module.network.aws_nat_gateway.main",
            "module.network.aws_route_table.private",
            "module.network.aws_route_table.public",
            "module.network.aws_route_table_association.private",
            "module.network.aws_route_table_association.public",
            "module.network.aws_security_group.alb",
            "module.network.aws_security_group.ecs_services",
            "module.network.aws_subnet.private",
            "module.network.aws_subnet.public",
            "module.network.aws_vpc.main",
            "random_id.bucket_suffix"
          ]
        },
        {
          "index_key": "payment",
          "schema_version": 0,
          "attributes": {
            "arn": "arn:aws:codepipeline:us-east-1:068856380156:microservices-ecommerce-payment-pipeline",
            "artifact_store": [
              {
                "encryption_key": [],
                "location": "microservices-ecommerce-codepipeline-artifacts-0c38fc15",
                "region": "",
                "type": "S3"
              }
            ],
            "execution_mode": "QUEUED",
            "id": "microservices-ecommerce-payment-pipeline",
            "name": "microservices-ecommerce-payment-pipeline",
            "pipeline_type": "V2",
            "region": "us-east-1",
            "role_arn": "arn:aws:iam::068856380156:role/microservices-ecommerce-codepipeline-service-role",
            "stage": [
              {
                "action": [
                  {
                    "category": "Source",
                    "configuration": {
                      "BranchName": "main",
                      "ConnectionArn": "arn:aws:codestar-connections:us-east-1:068856380156:connection/9bd3f9b1-df7d-4736-9315-abc575f20114",
                      "DetectChanges": "false",
                      "FullRepositoryId": "SomasekharSunkari/MicroService_Springboot",
                      "OutputArtifactFormat": "CODE_ZIP"
                    },
                    "input_artifacts": [],
                    "name": "Source",
                    "namespace": "SourceVariables",
                    "output_artifacts": [
                      "SourceArtifact"
                    ],
                    "owner": "AWS",
                    "provider": "CodeStarSourceConnection",
                    "region": "us-east-1",
                    "role_arn": "",
                    "run_order": 1,
                    "timeout_in_minutes": 0,
                    "version": "1"
                  }
                ],
                "before_entry": [],
                "name": "Source",
                "on_failure": [
                  {
                    "condition": [],
                    "result": "RETRY",
                    "retry_configuration": [
                      {
                        "retry_mode": "ALL_ACTIONS"
                      }
                    ]
                  }
                ],
                "on_success": []
              },
              {
                "action": [
                  {
                    "category": "Build",
                    "configuration": {
                      "ProjectName": "microservices-ecommerce-payment-build"
                    },
                    "input_artifacts": [
                      "SourceArtifact"
                    ],
                    "name": "Build",
                    "namespace": "BuildVariables",
                    "output_artifacts": [
                      "BuildArtifact"
                    ],
                    "owner": "AWS",
                    "provider": "CodeBuild",
                    "region": "us-east-1",
                    "role_arn": "",
                    "run_order": 1,
                    "timeout_in_minutes": 0,
                    "version": "1"
                  }
                ],
                "before_entry": [],
                "name": "Build",
                "on_failure": [
                  {
                    "condition": [],
                    "result": "RETRY",
                    "retry_configuration": [
                      {
                        "retry_mode": "ALL_ACTIONS"
                      }
                    ]
                  }
                ],
                "on_success": []
              },
              {
                "action": [
                  {
                    "category": "Deploy",
                    "configuration": {
                      "ClusterName": "sophisticated-fish-p08ixg",
                      "ServiceName": "payment-service-service"
                    },
                    "input_artifacts": [
                      "BuildArtifact"
                    ],
                    "name": "Deploy",
                    "namespace": "DeployVariables",
                    "output_artifacts": [],
                    "owner": "AWS",
                    "provider": "ECS",
                    "region": "us-east-1",
                    "role_arn": "",
                    "run_order": 1,
                    "timeout_in_minutes": 0,
                    "version": "1"
                  }
                ],
                "before_entry": [],
                "name": "Deploy",
                "on_failure": [
                  {
                    "condition": [],
                    "result": "ROLLBACK",
                    "retry_configuration": []
                  }
                ],
                "on_success": []
              }
            ],
            "tags": {
              "Environment": "production",
              "ManagedBy": "terraform",
              "Name": "microservices-ecommerce-payment-pipeline",
              "Project": "microservices-ecommerce",
              "Service": "payment"
            },
            "tags_all": {
              "Environment": "production",
              "ManagedBy": "terraform",
              "Name": "microservices-ecommerce-payment-pipeline",
              "Project": "microservices-ecommerce",
              "Service": "payment"
            },
            "trigger": [
              {
                "git_configuration": [
                  {
                    "pull_request": [],
                    "push": [
                      {
                        "branches": [
                          {
                            "excludes": [],
                            "includes": [
                              "main"
                            ]
                          }
                        ],
                        "file_paths": [
                          {
                            "excludes": [],
                            "includes": [
                              "payment/**"
                            ]
                          }
                        ],
                        "tags": []
                      }
                    ],
                    "source_action_name": "Source"
                  }
                ],
                "provider_type": "CodeStarSourceConnection"
              }
            ],
            "trigger_all": [
              {
                "git_configuration": [
                  {
                    "pull_request": [],
                    "push": [
                      {
                        "branches": [
                          {
                            "excludes": [],
                            "includes": [
                              "main"
                            ]
                          }
                        ],
                        "file_paths": [
                          {
                            "excludes": [],
                            "includes": [
                              "payment/**"
                            ]
                          }
                        ],
                        "tags": []
                      }
                    ],
                    "source_action_name": "Source"
                  }
                ],
                "provider_type": "CodeStarSourceConnection"
              }
            ],
            "variable": []
          },
          "sensitive_attributes": [],
          "private": "bnVsbA==",
          "dependencies": [
            "aws_codestarconnections_connection.github",
            "aws_iam_role.codebuild",
            "aws_iam_role.codepipeline",
            "aws_iam_role.ecs_task",
            "aws_iam_role.ecs_task_execution",
            "aws_s3_bucket.codepipeline_artifacts",
            "module.codebuild.aws_codebuild_project.services",
            "module.codebuild.aws_codebuild_webhook.services",
            "module.ecr.aws_ecr_lifecycle_policy.services",
            "module.ecr.aws_ecr_repository.services",
            "module.ecs.aws_cloudwatch_log_group.services",
            "module.ecs.aws_ecs_cluster.main",
            "module.ecs.aws_ecs_cluster_capacity_providers.main",
            "module.ecs.aws_ecs_service.services",
            "module.ecs.aws_ecs_task_definition.services",
            "module.ecs.aws_service_discovery_private_dns_namespace.main",
            "module.ecs.aws_service_discovery_service.services",
            "module.network.aws_eip.nat",
            "module.network.aws_internet_gateway.main",
            "module.network.aws_lb.main",
            "module.network.aws_lb_listener.main",
            "module.network.aws_lb_listener_rule.services",
            "module.network.aws_lb_target_group.services",
            "module.network.aws_nat_gateway.main",
            "module.network.aws_route_table.private",
            "module.network.aws_route_table.public",
            "module.network.aws_route_table_association.private",
            "module.network.aws_route_table_association.public",
            "module.network.aws_security_group.alb",
            "module.network.aws_security_group.ecs_services",
            "module.network.aws_subnet.private",
            "module.network.aws_subnet.public",
            "module.network.aws_vpc.main",
            "random_id.bucket_suffix"
          ]
        },
        {
          "index_key": "product",
          "schema_version": 0,
          "attributes": {
            "arn": "arn:aws:codepipeline:us-east-1:068856380156:microservices-ecommerce-product-pipeline",
            "artifact_store": [
              {
                "encryption_key": [],
                "location": "microservices-ecommerce-codepipeline-artifacts-0c38fc15",
                "region": "",
                "type": "S3"
              }
            ],
            "execution_mode": "QUEUED",
            "id": "microservices-ecommerce-product-pipeline",
            "name": "microservices-ecommerce-product-pipeline",
            "pipeline_type": "V2",
            "region": "us-east-1",
            "role_arn": "arn:aws:iam::068856380156:role/microservices-ecommerce-codepipeline-service-role",
            "stage": [
              {
                "action": [
                  {
                    "category": "Source",
                    "configuration": {
                      "BranchName": "main",
                      "ConnectionArn": "arn:aws:codestar-connections:us-east-1:068856380156:connection/9bd3f9b1-df7d-4736-9315-abc575f20114",
                      "DetectChanges": "false",
                      "FullRepositoryId": "SomasekharSunkari/MicroService_Springboot",
                      "OutputArtifactFormat": "CODE_ZIP"
                    },
                    "input_artifacts": [],
                    "name": "Source",
                    "namespace": "SourceVariables",
                    "output_artifacts": [
                      "SourceArtifact"
                    ],
                    "owner": "AWS",
                    "provider": "CodeStarSourceConnection",
                    "region": "us-east-1",
                    "role_arn": "",
                    "run_order": 1,
                    "timeout_in_minutes": 0,
                    "version": "1"
                  }
                ],
                "before_entry": [],
                "name": "Source",
                "on_failure": [
                  {
                    "condition": [],
                    "result": "RETRY",
                    "retry_configuration": [
                      {
                        "retry_mode": "ALL_ACTIONS"
                      }
                    ]
                  }
                ],
                "on_success": []
              },
              {
                "action": [
                  {
                    "category": "Build",
                    "configuration": {
                      "ProjectName": "microservices-ecommerce-product-build"
                    },
                    "input_artifacts": [
                      "SourceArtifact"
                    ],
                    "name": "Build",
                    "namespace": "BuildVariables",
                    "output_artifacts": [
                      "BuildArtifact"
                    ],
                    "owner": "AWS",
                    "provider": "CodeBuild",
                    "region": "us-east-1",
                    "role_arn": "",
                    "run_order": 1,
                    "timeout_in_minutes": 0,
                    "version": "1"
                  }
                ],
                "before_entry": [],
                "name": "Build",
                "on_failure": [
                  {
                    "condition": [],
                    "result": "RETRY",
                    "retry_configuration": [
                      {
                        "retry_mode": "ALL_ACTIONS"
                      }
                    ]
                  }
                ],
                "on_success": []
              },
              {
                "action": [
                  {
                    "category": "Deploy",
                    "configuration": {
                      "ClusterName": "sophisticated-fish-p08ixg",
                      "ServiceName": "product-api-service"
                    },
                    "input_artifacts": [
                      "BuildArtifact"
                    ],
                    "name": "Deploy",
                    "namespace": "DeployVariables",
                    "output_artifacts": [],
                    "owner": "AWS",
                    "provider": "ECS",
                    "region": "us-east-1",
                    "role_arn": "",
                    "run_order": 1,
                    "timeout_in_minutes": 0,
                    "version": "1"
                  }
                ],
                "before_entry": [],
                "name": "Deploy",
                "on_failure": [
                  {
                    "condition": [],
                    "result": "ROLLBACK",
                    "retry_configuration": []
                  }
                ],
                "on_success": []
              }
            ],
            "tags": {
              "Environment": "production",
              "ManagedBy": "terraform",
              "Name": "microservices-ecommerce-product-pipeline",
              "Project": "microservices-ecommerce",
              "Service": "product"
            },
            "tags_all": {
              "Environment": "production",
              "ManagedBy": "terraform",
              "Name": "microservices-ecommerce-product-pipeline",
              "Project": "microservices-ecommerce",
              "Service": "product"
            },
            "trigger": [
              {
                "git_configuration": [
                  {
                    "pull_request": [],
                    "push": [
                      {
                        "branches": [
                          {
                            "excludes": [],
                            "includes": [
                              "main"
                            ]
                          }
                        ],
                        "file_paths": [
                          {
                            "excludes": [],
                            "includes": [
                              "product/**"
                            ]
                          }
                        ],
                        "tags": []
                      }
                    ],
                    "source_action_name": "Source"
                  }
                ],
                "provider_type": "CodeStarSourceConnection"
              }
            ],
            "trigger_all": [
              {
                "git_configuration": [
                  {
                    "pull_request": [],
                    "push": [
                      {
                        "branches": [
                          {
                            "excludes": [],
                            "includes": [
                              "main"
                            ]
                          }
                        ],
                        "file_paths": [
                          {
                            "excludes": [],
                            "includes": [
                              "product/**"
                            ]
                          }
                        ],
                        "tags": []
                      }
                    ],
                    "source_action_name": "Source"
                  }
                ],
                "provider_type": "CodeStarSourceConnection"
              }
            ],
            "variable": []
          },
          "sensitive_attributes": [],
          "private": "bnVsbA==",
          "dependencies": [
            "aws_codestarconnections_connection.github",
            "aws_iam_role.codebuild",
            "aws_iam_role.codepipeline",
            "aws_iam_role.ecs_task",
            "aws_iam_role.ecs_task_execution",
            "aws_s3_bucket.codepipeline_artifacts",
            "module.codebuild.aws_codebuild_project.services",
            "module.codebuild.aws_codebuild_webhook.services",
            "module.ecr.aws_ecr_lifecycle_policy.services",
            "module.ecr.aws_ecr_repository.services",
            "module.ecs.aws_cloudwatch_log_group.services",
            "module.ecs.aws_ecs_cluster.main",
            "module.ecs.aws_ecs_cluster_capacity_providers.main",
            "module.ecs.aws_ecs_service.services",
            "module.ecs.aws_ecs_task_definition.services",
            "module.ecs.aws_service_discovery_private_dns_namespace.main",
            "module.ecs.aws_service_discovery_service.services",
            "module.network.aws_eip.nat",
            "module.network.aws_internet_gateway.main",
            "module.network.aws_lb.main",
            "module.network.aws_lb_listener.main",
            "module.network.aws_lb_listener_rule.services",
            "module.network.aws_lb_target_group.services",
            "module.network.aws_nat_gateway.main",
            "module.network.aws_route_table.private",
            "module.network.aws_route_table.public",
            "module.network.aws_route_table_association.private",
            "module.network.aws_route_table_association.public",
            "module.network.aws_security_group.alb",
            "module.network.aws_security_group.ecs_services",
            "module.network.aws_subnet.private",
            "module.network.aws_subnet.public",
            "module.network.aws_vpc.main",
            "random_id.bucket_suffix"
          ]
        }
      ]
    },
    {
      "module": "module.ecr",
      "mode": "managed",
      "type": "aws_ecr_lifecycle_policy",
      "name": "services",
      "provider": "provider[\"registry.terraform.io/hashicorp/aws\"]",
      "instances": [
        {
          "index_key": "auth",
          "schema_version": 0,
          "attributes": {
            "id": "auth-service",
            "policy": "{\"rules\":[{\"action\":{\"type\":\"expire\"},\"description\":\"Keep last 10 images\",\"rulePriority\":1,\"selection\":{\"countNumber\":10,\"countType\":\"imageCountMoreThan\",\"tagPrefixList\":[\"build-\",\"latest\"],\"tagStatus\":\"tagged\"}},{\"action\":{\"type\":\"expire\"},\"description\":\"Delete untagged images older than 1 day\",\"rulePriority\":2,\"selection\":{\"countNumber\":1,\"countType\":\"sinceImagePushed\",\"countUnit\":\"days\",\"tagStatus\":\"untagged\"}}]}",
            "region": "us-east-1",
            "registry_id": "068856380156",
            "repository": "auth-service"
          },
          "sensitive_attributes": [],
          "private": "bnVsbA==",
          "dependencies": [
            "module.ecr.aws_ecr_repository.services",
            "module.network.aws_eip.nat",
            "module.network.aws_internet_gateway.main",
            "module.network.aws_lb.main",
            "module.network.aws_lb_listener.main",
            "module.network.aws_lb_listener_rule.services",
            "module.network.aws_lb_target_group.services",
            "module.network.aws_nat_gateway.main",
            "module.network.aws_route_table.private",
            "module.network.aws_route_table.public",
            "module.network.aws_route_table_association.private",
            "module.network.aws_route_table_association.public",
            "module.network.aws_security_group.alb",
            "module.network.aws_security_group.ecs_services",
            "module.network.aws_subnet.private",
            "module.network.aws_subnet.public",
            "module.network.aws_vpc.main"
          ]
        },
        {
          "index_key": "client",
          "schema_version": 0,
          "attributes": {
            "id": "client-service",
            "policy": "{\"rules\":[{\"action\":{\"type\":\"expire\"},\"description\":\"Keep last 10 images\",\"rulePriority\":1,\"selection\":{\"countNumber\":10,\"countType\":\"imageCountMoreThan\",\"tagPrefixList\":[\"build-\",\"latest\"],\"tagStatus\":\"tagged\"}},{\"action\":{\"type\":\"expire\"},\"description\":\"Delete untagged images older than 1 day\",\"rulePriority\":2,\"selection\":{\"countNumber\":1,\"countType\":\"sinceImagePushed\",\"countUnit\":\"days\",\"tagStatus\":\"untagged\"}}]}",
            "region": "us-east-1",
            "registry_id": "068856380156",
            "repository": "client-service"
          },
          "sensitive_attributes": [],
          "private": "bnVsbA==",
          "dependencies": [
            "module.ecr.aws_ecr_repository.services",
            "module.network.aws_eip.nat",
            "module.network.aws_internet_gateway.main",
            "module.network.aws_lb.main",
            "module.network.aws_lb_listener.main",
            "module.network.aws_lb_listener_rule.services",
            "module.network.aws_lb_target_group.services",
            "module.network.aws_nat_gateway.main",
            "module.network.aws_route_table.private",
            "module.network.aws_route_table.public",
            "module.network.aws_route_table_association.private",
            "module.network.aws_route_table_association.public",
            "module.network.aws_security_group.alb",
            "module.network.aws_security_group.ecs_services",
            "module.network.aws_subnet.private",
            "module.network.aws_subnet.public",
            "module.network.aws_vpc.main"
          ]
        },
        {
          "index_key": "config",
          "schema_version": 0,
          "attributes": {
            "id": "config-server",
            "policy": "{\"rules\":[{\"action\":{\"type\":\"expire\"},\"description\":\"Keep last 10 images\",\"rulePriority\":1,\"selection\":{\"countNumber\":10,\"countType\":\"imageCountMoreThan\",\"tagPrefixList\":[\"build-\",\"latest\"],\"tagStatus\":\"tagged\"}},{\"action\":{\"type\":\"expire\"},\"description\":\"Delete untagged images older than 1 day\",\"rulePriority\":2,\"selection\":{\"countNumber\":1,\"countType\":\"sinceImagePushed\",\"countUnit\":\"days\",\"tagStatus\":\"untagged\"}}]}",
            "region": "us-east-1",
            "registry_id": "068856380156",
            "repository": "config-server"
          },
          "sensitive_attributes": [],
          "private": "bnVsbA==",
          "dependencies": [
            "module.ecr.aws_ecr_repository.services",
            "module.network.aws_eip.nat",
            "module.network.aws_internet_gateway.main",
            "module.network.aws_lb.main",
            "module.network.aws_lb_listener.main",
            "module.network.aws_lb_listener_rule.services",
            "module.network.aws_lb_target_group.services",
            "module.network.aws_nat_gateway.main",
            "module.network.aws_route_table.private",
            "module.network.aws_route_table.public",
            "module.network.aws_route_table_association.private",
            "module.network.aws_route_table_association.public",
            "module.network.aws_security_group.alb",
            "module.network.aws_security_group.ecs_services",
            "module.network.aws_subnet.private",
            "module.network.aws_subnet.public",
            "module.network.aws_vpc.main"
          ]
        },
        {
          "index_key": "notification",
          "schema_version": 0,
          "attributes": {
            "id": "notification-service",
            "policy": "{\"rules\":[{\"action\":{\"type\":\"expire\"},\"description\":\"Keep last 10 images\",\"rulePriority\":1,\"selection\":{\"countNumber\":10,\"countType\":\"imageCountMoreThan\",\"tagPrefixList\":[\"build-\",\"latest\"],\"tagStatus\":\"tagged\"}},{\"action\":{\"type\":\"expire\"},\"description\":\"Delete untagged images older than 1 day\",\"rulePriority\":2,\"selection\":{\"countNumber\":1,\"countType\":\"sinceImagePushed\",\"countUnit\":\"days\",\"tagStatus\":\"untagged\"}}]}",
            "region": "us-east-1",
            "registry_id": "068856380156",
            "repository": "notification-service"
          },
          "sensitive_attributes": [],
          "private": "bnVsbA==",
          "dependencies": [
            "module.ecr.aws_ecr_repository.services",
            "module.network.aws_eip.nat",
            "module.network.aws_internet_gateway.main",
            "module.network.aws_lb.main",
            "module.network.aws_lb_listener.main",
            "module.network.aws_lb_listener_rule.services",
            "module.network.aws_lb_target_group.services",
            "module.network.aws_nat_gateway.main",
            "module.network.aws_route_table.private",
            "module.network.aws_route_table.public",
            "module.network.aws_route_table_association.private",
            "module.network.aws_route_table_association.public",
            "module.network.aws_security_group.alb",
            "module.network.aws_security_group.ecs_services",
            "module.network.aws_subnet.private",
            "module.network.aws_subnet.public",
            "module.network.aws_vpc.main"
          ]
        },
        {
          "index_key": "order",
          "schema_version": 0,
          "attributes": {
            "id": "order-service",
            "policy": "{\"rules\":[{\"action\":{\"type\":\"expire\"},\"description\":\"Keep last 10 images\",\"rulePriority\":1,\"selection\":{\"countNumber\":10,\"countType\":\"imageCountMoreThan\",\"tagPrefixList\":[\"build-\",\"latest\"],\"tagStatus\":\"tagged\"}},{\"action\":{\"type\":\"expire\"},\"description\":\"Delete untagged images older than 1 day\",\"rulePriority\":2,\"selection\":{\"countNumber\":1,\"countType\":\"sinceImagePushed\",\"countUnit\":\"days\",\"tagStatus\":\"untagged\"}}]}",
            "region": "us-east-1",
            "registry_id": "068856380156",
            "repository": "order-service"
          },
          "sensitive_attributes": [],
          "private": "bnVsbA==",
          "dependencies": [
            "module.ecr.aws_ecr_repository.services",
            "module.network.aws_eip.nat",
            "module.network.aws_internet_gateway.main",
            "module.network.aws_lb.main",
            "module.network.aws_lb_listener.main",
            "module.network.aws_lb_listener_rule.services",
            "module.network.aws_lb_target_group.services",
            "module.network.aws_nat_gateway.main",
            "module.network.aws_route_table.private",
            "module.network.aws_route_table.public",
            "module.network.aws_route_table_association.private",
            "module.network.aws_route_table_association.public",
            "module.network.aws_security_group.alb",
            "module.network.aws_security_group.ecs_services",
            "module.network.aws_subnet.private",
            "module.network.aws_subnet.public",
            "module.network.aws_vpc.main"
          ]
        },
        {
          "index_key": "payment",
          "schema_version": 0,
          "attributes": {
            "id": "payment-service",
            "policy": "{\"rules\":[{\"action\":{\"type\":\"expire\"},\"description\":\"Keep last 10 images\",\"rulePriority\":1,\"selection\":{\"countNumber\":10,\"countType\":\"imageCountMoreThan\",\"tagPrefixList\":[\"build-\",\"latest\"],\"tagStatus\":\"tagged\"}},{\"action\":{\"type\":\"expire\"},\"description\":\"Delete untagged images older than 1 day\",\"rulePriority\":2,\"selection\":{\"countNumber\":1,\"countType\":\"sinceImagePushed\",\"countUnit\":\"days\",\"tagStatus\":\"untagged\"}}]}",
            "region": "us-east-1",
            "registry_id": "068856380156",
            "repository": "payment-service"
          },
          "sensitive_attributes": [],
          "private": "bnVsbA==",
          "dependencies": [
            "module.ecr.aws_ecr_repository.services",
            "module.network.aws_eip.nat",
            "module.network.aws_internet_gateway.main",
            "module.network.aws_lb.main",
            "module.network.aws_lb_listener.main",
            "module.network.aws_lb_listener_rule.services",
            "module.network.aws_lb_target_group.services",
            "module.network.aws_nat_gateway.main",
            "module.network.aws_route_table.private",
            "module.network.aws_route_table.public",
            "module.network.aws_route_table_association.private",
            "module.network.aws_route_table_association.public",
            "module.network.aws_security_group.alb",
            "module.network.aws_security_group.ecs_services",
            "module.network.aws_subnet.private",
            "module.network.aws_subnet.public",
            "module.network.aws_vpc.main"
          ]
        },
        {
          "index_key": "product",
          "schema_version": 0,
          "attributes": {
            "id": "product-api",
            "policy": "{\"rules\":[{\"action\":{\"type\":\"expire\"},\"description\":\"Keep last 10 images\",\"rulePriority\":1,\"selection\":{\"countNumber\":10,\"countType\":\"imageCountMoreThan\",\"tagPrefixList\":[\"build-\",\"latest\"],\"tagStatus\":\"tagged\"}},{\"action\":{\"type\":\"expire\"},\"description\":\"Delete untagged images older than 1 day\",\"rulePriority\":2,\"selection\":{\"countNumber\":1,\"countType\":\"sinceImagePushed\",\"countUnit\":\"days\",\"tagStatus\":\"untagged\"}}]}",
            "region": "us-east-1",
            "registry_id": "068856380156",
            "repository": "product-api"
          },
          "sensitive_attributes": [],
          "private": "bnVsbA==",
          "dependencies": [
            "module.ecr.aws_ecr_repository.services",
            "module.network.aws_eip.nat",
            "module.network.aws_internet_gateway.main",
            "module.network.aws_lb.main",
            "module.network.aws_lb_listener.main",
            "module.network.aws_lb_listener_rule.services",
            "module.network.aws_lb_target_group.services",
            "module.network.aws_nat_gateway.main",
            "module.network.aws_route_table.private",
            "module.network.aws_route_table.public",
            "module.network.aws_route_table_association.private",
            "module.network.aws_route_table_association.public",
            "module.network.aws_security_group.alb",
            "module.network.aws_security_group.ecs_services",
            "module.network.aws_subnet.private",
            "module.network.aws_subnet.public",
            "module.network.aws_vpc.main"
          ]
        }
      ]
    },
    {
      "module": "module.ecr",
      "mode": "managed",
      "type": "aws_ecr_repository",
      "name": "services",
      "provider": "provider[\"registry.terraform.io/hashicorp/aws\"]",
      "instances": [
        {
          "index_key": "auth",
          "schema_version": 0,
          "attributes": {
            "arn": "arn:aws:ecr:us-east-1:068856380156:repository/auth-service",
            "encryption_configuration": [
              {
                "encryption_type": "AES256",
                "kms_key": ""
              }
            ],
            "force_delete": true,
            "id": "auth-service",
            "image_scanning_configuration": [
              {
                "scan_on_push": false
              }
            ],
            "image_tag_mutability": "MUTABLE",
            "image_tag_mutability_exclusion_filter": [],
            "name": "auth-service",
            "region": "us-east-1",
            "registry_id": "068856380156",
            "repository_url": "068856380156.dkr.ecr.us-east-1.amazonaws.com/auth-service",
            "tags": {
              "Environment": "production",
              "ManagedBy": "terraform",
              "Name": "microservices-ecommerce-auth",
              "Project": "microservices-ecommerce",
              "Service": "auth"
            },
            "tags_all": {
              "Environment": "production",
              "ManagedBy": "terraform",
              "Name": "microservices-ecommerce-auth",
              "Project": "microservices-ecommerce",
              "Service": "auth"
            },
            "timeouts": null
          },
          "sensitive_attributes": [],
          "private": "eyJlMmJmYjczMC1lY2FhLTExZTYtOGY4OC0zNDM2M2JjN2M0YzAiOnsiZGVsZXRlIjoxMjAwMDAwMDAwMDAwfX0=",
          "dependencies": [
            "module.network.aws_eip.nat",
            "module.network.aws_internet_gateway.main",
            "module.network.aws_lb.main",
            "module.network.aws_lb_listener.main",
            "module.network.aws_lb_listener_rule.services",
            "module.network.aws_lb_target_group.services",
            "module.network.aws_nat_gateway.main",
            "module.network.aws_route_table.private",
            "module.network.aws_route_table.public",
            "module.network.aws_route_table_association.private",
            "module.network.aws_route_table_association.public",
            "module.network.aws_security_group.alb",
            "module.network.aws_security_group.ecs_services",
            "module.network.aws_subnet.private",
            "module.network.aws_subnet.public",
            "module.network.aws_vpc.main"
          ]
        },
        {
          "index_key": "client",
          "schema_version": 0,
          "attributes": {
            "arn": "arn:aws:ecr:us-east-1:068856380156:repository/client-service",
            "encryption_configuration": [
              {
                "encryption_type": "AES256",
                "kms_key": ""
              }
            ],
            "force_delete": true,
            "id": "client-service",
            "image_scanning_configuration": [
              {
                "scan_on_push": false
              }
            ],
            "image_tag_mutability": "MUTABLE",
            "image_tag_mutability_exclusion_filter": [],
            "name": "client-service",
            "region": "us-east-1",
            "registry_id": "068856380156",
            "repository_url": "068856380156.dkr.ecr.us-east-1.amazonaws.com/client-service",
            "tags": {
              "Environment": "production",
              "ManagedBy": "terraform",
              "Name": "microservices-ecommerce-client",
              "Project": "microservices-ecommerce",
              "Service": "client"
            },
            "tags_all": {
              "Environment": "production",
              "ManagedBy": "terraform",
              "Name": "microservices-ecommerce-client",
              "Project": "microservices-ecommerce",
              "Service": "client"
            },
            "timeouts": null
          },
          "sensitive_attributes": [],
          "private": "eyJlMmJmYjczMC1lY2FhLTExZTYtOGY4OC0zNDM2M2JjN2M0YzAiOnsiZGVsZXRlIjoxMjAwMDAwMDAwMDAwfX0=",
          "dependencies": [
            "module.network.aws_eip.nat",
            "module.network.aws_internet_gateway.main",
            "module.network.aws_lb.main",
            "module.network.aws_lb_listener.main",
            "module.network.aws_lb_listener_rule.services",
            "module.network.aws_lb_target_group.services",
            "module.network.aws_nat_gateway.main",
            "module.network.aws_route_table.private",
            "module.network.aws_route_table.public",
            "module.network.aws_route_table_association.private",
            "module.network.aws_route_table_association.public",
            "module.network.aws_security_group.alb",
            "module.network.aws_security_group.ecs_services",
            "module.network.aws_subnet.private",
            "module.network.aws_subnet.public",
            "module.network.aws_vpc.main"
          ]
        },
        {
          "index_key": "config",
          "schema_version": 0,
          "attributes": {
            "arn": "arn:aws:ecr:us-east-1:068856380156:repository/config-server",
            "encryption_configuration": [
              {
                "encryption_type": "AES256",
                "kms_key": ""
              }
            ],
            "force_delete": true,
            "id": "config-server",
            "image_scanning_configuration": [
              {
                "scan_on_push": false
              }
            ],
            "image_tag_mutability": "MUTABLE",
            "image_tag_mutability_exclusion_filter": [],
            "name": "config-server",
            "region": "us-east-1",
            "registry_id": "068856380156",
            "repository_url": "068856380156.dkr.ecr.us-east-1.amazonaws.com/config-server",
            "tags": {
              "Environment": "production",
              "ManagedBy": "terraform",
              "Name": "microservices-ecommerce-config",
              "Project": "microservices-ecommerce",
              "Service": "config"
            },
            "tags_all": {
              "Environment": "production",
              "ManagedBy": "terraform",
              "Name": "microservices-ecommerce-config",
              "Project": "microservices-ecommerce",
              "Service": "config"
            },
            "timeouts": null
          },
          "sensitive_attributes": [],
          "private": "eyJlMmJmYjczMC1lY2FhLTExZTYtOGY4OC0zNDM2M2JjN2M0YzAiOnsiZGVsZXRlIjoxMjAwMDAwMDAwMDAwfX0=",
          "dependencies": [
            "module.network.aws_eip.nat",
            "module.network.aws_internet_gateway.main",
            "module.network.aws_lb.main",
            "module.network.aws_lb_listener.main",
            "module.network.aws_lb_listener_rule.services",
            "module.network.aws_lb_target_group.services",
            "module.network.aws_nat_gateway.main",
            "module.network.aws_route_table.private",
            "module.network.aws_route_table.public",
            "module.network.aws_route_table_association.private",
            "module.network.aws_route_table_association.public",
            "module.network.aws_security_group.alb",
            "module.network.aws_security_group.ecs_services",
            "module.network.aws_subnet.private",
            "module.network.aws_subnet.public",
            "module.network.aws_vpc.main"
          ]
        },
        {
          "index_key": "notification",
          "schema_version": 0,
          "attributes": {
            "arn": "arn:aws:ecr:us-east-1:068856380156:repository/notification-service",
            "encryption_configuration": [
              {
                "encryption_type": "AES256",
                "kms_key": ""
              }
            ],
            "force_delete": true,
            "id": "notification-service",
            "image_scanning_configuration": [
              {
                "scan_on_push": false
              }
            ],
            "image_tag_mutability": "MUTABLE",
            "image_tag_mutability_exclusion_filter": [],
            "name": "notification-service",
            "region": "us-east-1",
            "registry_id": "068856380156",
            "repository_url": "068856380156.dkr.ecr.us-east-1.amazonaws.com/notification-service",
            "tags": {
              "Environment": "production",
              "ManagedBy": "terraform",
              "Name": "microservices-ecommerce-notification",
              "Project": "microservices-ecommerce",
              "Service": "notification"
            },
            "tags_all": {
              "Environment": "production",
              "ManagedBy": "terraform",
              "Name": "microservices-ecommerce-notification",
              "Project": "microservices-ecommerce",
              "Service": "notification"
            },
            "timeouts": null
          },
          "sensitive_attributes": [],
          "private": "eyJlMmJmYjczMC1lY2FhLTExZTYtOGY4OC0zNDM2M2JjN2M0YzAiOnsiZGVsZXRlIjoxMjAwMDAwMDAwMDAwfX0=",
          "dependencies": [
            "module.network.aws_eip.nat",
            "module.network.aws_internet_gateway.main",
            "module.network.aws_lb.main",
            "module.network.aws_lb_listener.main",
            "module.network.aws_lb_listener_rule.services",
            "module.network.aws_lb_target_group.services",
            "module.network.aws_nat_gateway.main",
            "module.network.aws_route_table.private",
            "module.network.aws_route_table.public",
            "module.network.aws_route_table_association.private",
            "module.network.aws_route_table_association.public",
            "module.network.aws_security_group.alb",
            "module.network.aws_security_group.ecs_services",
            "module.network.aws_subnet.private",
            "module.network.aws_subnet.public",
            "module.network.aws_vpc.main"
          ]
        },
        {
          "index_key": "order",
          "schema_version": 0,
          "attributes": {
            "arn": "arn:aws:ecr:us-east-1:068856380156:repository/order-service",
            "encryption_configuration": [
              {
                "encryption_type": "AES256",
                "kms_key": ""
              }
            ],
            "force_delete": true,
            "id": "order-service",
            "image_scanning_configuration": [
              {
                "scan_on_push": false
              }
            ],
            "image_tag_mutability": "MUTABLE",
            "image_tag_mutability_exclusion_filter": [],
            "name": "order-service",
            "region": "us-east-1",
            "registry_id": "068856380156",
            "repository_url": "068856380156.dkr.ecr.us-east-1.amazonaws.com/order-service",
            "tags": {
              "Environment": "production",
              "ManagedBy": "terraform",
              "Name": "microservices-ecommerce-order",
              "Project": "microservices-ecommerce",
              "Service": "order"
            },
            "tags_all": {
              "Environment": "production",
              "ManagedBy": "terraform",
              "Name": "microservices-ecommerce-order",
              "Project": "microservices-ecommerce",
              "Service": "order"
            },
            "timeouts": null
          },
          "sensitive_attributes": [],
          "private": "eyJlMmJmYjczMC1lY2FhLTExZTYtOGY4OC0zNDM2M2JjN2M0YzAiOnsiZGVsZXRlIjoxMjAwMDAwMDAwMDAwfX0=",
          "dependencies": [
            "module.network.aws_eip.nat",
            "module.network.aws_internet_gateway.main",
            "module.network.aws_lb.main",
            "module.network.aws_lb_listener.main",
            "module.network.aws_lb_listener_rule.services",
            "module.network.aws_lb_target_group.services",
            "module.network.aws_nat_gateway.main",
            "module.network.aws_route_table.private",
            "module.network.aws_route_table.public",
            "module.network.aws_route_table_association.private",
            "module.network.aws_route_table_association.public",
            "module.network.aws_security_group.alb",
            "module.network.aws_security_group.ecs_services",
            "module.network.aws_subnet.private",
            "module.network.aws_subnet.public",
            "module.network.aws_vpc.main"
          ]
        },
        {
          "index_key": "payment",
          "schema_version": 0,
          "attributes": {
            "arn": "arn:aws:ecr:us-east-1:068856380156:repository/payment-service",
            "encryption_configuration": [
              {
                "encryption_type": "AES256",
                "kms_key": ""
              }
            ],
            "force_delete": true,
            "id": "payment-service",
            "image_scanning_configuration": [
              {
                "scan_on_push": false
              }
            ],
            "image_tag_mutability": "MUTABLE",
            "image_tag_mutability_exclusion_filter": [],
            "name": "payment-service",
            "region": "us-east-1",
            "registry_id": "068856380156",
            "repository_url": "068856380156.dkr.ecr.us-east-1.amazonaws.com/payment-service",
            "tags": {
              "Environment": "production",
              "ManagedBy": "terraform",
              "Name": "microservices-ecommerce-payment",
              "Project": "microservices-ecommerce",
              "Service": "payment"
            },
            "tags_all": {
              "Environment": "production",
              "ManagedBy": "terraform",
              "Name": "microservices-ecommerce-payment",
              "Project": "microservices-ecommerce",
              "Service": "payment"
            },
            "timeouts": null
          },
          "sensitive_attributes": [],
          "private": "eyJlMmJmYjczMC1lY2FhLTExZTYtOGY4OC0zNDM2M2JjN2M0YzAiOnsiZGVsZXRlIjoxMjAwMDAwMDAwMDAwfX0=",
          "dependencies": [
            "module.network.aws_eip.nat",
            "module.network.aws_internet_gateway.main",
            "module.network.aws_lb.main",
            "module.network.aws_lb_listener.main",
            "module.network.aws_lb_listener_rule.services",
            "module.network.aws_lb_target_group.services",
            "module.network.aws_nat_gateway.main",
            "module.network.aws_route_table.private",
            "module.network.aws_route_table.public",
            "module.network.aws_route_table_association.private",
            "module.network.aws_route_table_association.public",
            "module.network.aws_security_group.alb",
            "module.network.aws_security_group.ecs_services",
            "module.network.aws_subnet.private",
            "module.network.aws_subnet.public",
            "module.network.aws_vpc.main"
          ]
        },
        {
          "index_key": "product",
          "schema_version": 0,
          "attributes": {
            "arn": "arn:aws:ecr:us-east-1:068856380156:repository/product-api",
            "encryption_configuration": [
              {
                "encryption_type": "AES256",
                "kms_key": ""
              }
            ],
            "force_delete": true,
            "id": "product-api",
            "image_scanning_configuration": [
              {
                "scan_on_push": false
              }
            ],
            "image_tag_mutability": "MUTABLE",
            "image_tag_mutability_exclusion_filter": [],
            "name": "product-api",
            "region": "us-east-1",
            "registry_id": "068856380156",
            "repository_url": "068856380156.dkr.ecr.us-east-1.amazonaws.com/product-api",
            "tags": {
              "Environment": "production",
              "ManagedBy": "terraform",
              "Name": "microservices-ecommerce-product",
              "Project": "microservices-ecommerce",
              "Service": "product"
            },
            "tags_all": {
              "Environment": "production",
              "ManagedBy": "terraform",
              "Name": "microservices-ecommerce-product",
              "Project": "microservices-ecommerce",
              "Service": "product"
            },
            "timeouts": null
          },
          "sensitive_attributes": [],
          "private": "eyJlMmJmYjczMC1lY2FhLTExZTYtOGY4OC0zNDM2M2JjN2M0YzAiOnsiZGVsZXRlIjoxMjAwMDAwMDAwMDAwfX0=",
          "dependencies": [
            "module.network.aws_eip.nat",
            "module.network.aws_internet_gateway.main",
            "module.network.aws_lb.main",
            "module.network.aws_lb_listener.main",
            "module.network.aws_lb_listener_rule.services",
            "module.network.aws_lb_target_group.services",
            "module.network.aws_nat_gateway.main",
            "module.network.aws_route_table.private",
            "module.network.aws_route_table.public",
            "module.network.aws_route_table_association.private",
            "module.network.aws_route_table_association.public",
            "module.network.aws_security_group.alb",
            "module.network.aws_security_group.ecs_services",
            "module.network.aws_subnet.private",
            "module.network.aws_subnet.public",
            "module.network.aws_vpc.main"
          ]
        }
      ]
    },
    {
      "module": "module.ecs",
      "mode": "managed",
      "type": "aws_cloudwatch_log_group",
      "name": "services",
      "provider": "provider[\"registry.terraform.io/hashicorp/aws\"]",
      "instances": [
        {
          "index_key": "auth",
          "schema_version": 0,
          "attributes": {
            "arn": "arn:aws:logs:us-east-1:068856380156:log-group:/ecs/auth-service",
            "id": "/ecs/auth-service",
            "kms_key_id": "",
            "log_group_class": "STANDARD",
            "name": "/ecs/auth-service",
            "name_prefix": "",
            "region": "us-east-1",
            "retention_in_days": 7,
            "skip_destroy": false,
            "tags": {
              "Environment": "production",
              "ManagedBy": "terraform",
              "Name": "microservices-ecommerce-auth-logs",
              "Project": "microservices-ecommerce",
              "Service": "auth"
            },
            "tags_all": {
              "Environment": "production",
              "ManagedBy": "terraform",
              "Name": "microservices-ecommerce-auth-logs",
              "Project": "microservices-ecommerce",
              "Service": "auth"
            }
          },
          "sensitive_attributes": [],
          "private": "bnVsbA==",
          "dependencies": [
            "aws_iam_role.ecs_task",
            "aws_iam_role.ecs_task_execution",
            "module.ecr.aws_ecr_lifecycle_policy.services",
            "module.ecr.aws_ecr_repository.services",
            "module.network.aws_eip.nat",
            "module.network.aws_internet_gateway.main",
            "module.network.aws_lb.main",
            "module.network.aws_lb_listener.main",
            "module.network.aws_lb_listener_rule.services",
            "module.network.aws_lb_target_group.services",
            "module.network.aws_nat_gateway.main",
            "module.network.aws_route_table.private",
            "module.network.aws_route_table.public",
            "module.network.aws_route_table_association.private",
            "module.network.aws_route_table_association.public",
            "module.network.aws_security_group.alb",
            "module.network.aws_security_group.ecs_services",
            "module.network.aws_subnet.private",
            "module.network.aws_subnet.public",
            "module.network.aws_vpc.main"
          ]
        },
        {
          "index_key": "client",
          "schema_version": 0,
          "attributes": {
            "arn": "arn:aws:logs:us-east-1:068856380156:log-group:/ecs/client-service",
            "id": "/ecs/client-service",
            "kms_key_id": "",
            "log_group_class": "STANDARD",
            "name": "/ecs/client-service",
            "name_prefix": "",
            "region": "us-east-1",
            "retention_in_days": 7,
            "skip_destroy": false,
            "tags": {
              "Environment": "production",
              "ManagedBy": "terraform",
              "Name": "microservices-ecommerce-client-logs",
              "Project": "microservices-ecommerce",
              "Service": "client"
            },
            "tags_all": {
              "Environment": "production",
              "ManagedBy": "terraform",
              "Name": "microservices-ecommerce-client-logs",
              "Project": "microservices-ecommerce",
              "Service": "client"
            }
          },
          "sensitive_attributes": [],
          "private": "bnVsbA==",
          "dependencies": [
            "aws_iam_role.ecs_task",
            "aws_iam_role.ecs_task_execution",
            "module.ecr.aws_ecr_lifecycle_policy.services",
            "module.ecr.aws_ecr_repository.services",
            "module.network.aws_eip.nat",
            "module.network.aws_internet_gateway.main",
            "module.network.aws_lb.main",
            "module.network.aws_lb_listener.main",
            "module.network.aws_lb_listener_rule.services",
            "module.network.aws_lb_target_group.services",
            "module.network.aws_nat_gateway.main",
            "module.network.aws_route_table.private",
            "module.network.aws_route_table.public",
            "module.network.aws_route_table_association.private",
            "module.network.aws_route_table_association.public",
            "module.network.aws_security_group.alb",
            "module.network.aws_security_group.ecs_services",
            "module.network.aws_subnet.private",
            "module.network.aws_subnet.public",
            "module.network.aws_vpc.main"
          ]
        },
        {
          "index_key": "config",
          "schema_version": 0,
          "attributes": {
            "arn": "arn:aws:logs:us-east-1:068856380156:log-group:/ecs/config-server",
            "id": "/ecs/config-server",
            "kms_key_id": "",
            "log_group_class": "STANDARD",
            "name": "/ecs/config-server",
            "name_prefix": "",
            "region": "us-east-1",
            "retention_in_days": 7,
            "skip_destroy": false,
            "tags": {
              "Environment": "production",
              "ManagedBy": "terraform",
              "Name": "microservices-ecommerce-config-logs",
              "Project": "microservices-ecommerce",
              "Service": "config"
            },
            "tags_all": {
              "Environment": "production",
              "ManagedBy": "terraform",
              "Name": "microservices-ecommerce-config-logs",
              "Project": "microservices-ecommerce",
              "Service": "config"
            }
          },
          "sensitive_attributes": [],
          "private": "bnVsbA==",
          "dependencies": [
            "aws_iam_role.ecs_task",
            "aws_iam_role.ecs_task_execution",
            "module.ecr.aws_ecr_lifecycle_policy.services",
            "module.ecr.aws_ecr_repository.services",
            "module.network.aws_eip.nat",
            "module.network.aws_internet_gateway.main",
            "module.network.aws_lb.main",
            "module.network.aws_lb_listener.main",
            "module.network.aws_lb_listener_rule.services",
            "module.network.aws_lb_target_group.services",
            "module.network.aws_nat_gateway.main",
            "module.network.aws_route_table.private",
            "module.network.aws_route_table.public",
            "module.network.aws_route_table_association.private",
            "module.network.aws_route_table_association.public",
            "module.network.aws_security_group.alb",
            "module.network.aws_security_group.ecs_services",
            "module.network.aws_subnet.private",
            "module.network.aws_subnet.public",
            "module.network.aws_vpc.main"
          ]
        },
        {
          "index_key": "notification",
          "schema_version": 0,
          "attributes": {
            "arn": "arn:aws:logs:us-east-1:068856380156:log-group:/ecs/notification-service",
            "id": "/ecs/notification-service",
            "kms_key_id": "",
            "log_group_class": "STANDARD",
            "name": "/ecs/notification-service",
            "name_prefix": "",
            "region": "us-east-1",
            "retention_in_days": 7,
            "skip_destroy": false,
            "tags": {
              "Environment": "production",
              "ManagedBy": "terraform",
              "Name": "microservices-ecommerce-notification-logs",
              "Project": "microservices-ecommerce",
              "Service": "notification"
            },
            "tags_all": {
              "Environment": "production",
              "ManagedBy": "terraform",
              "Name": "microservices-ecommerce-notification-logs",
              "Project": "microservices-ecommerce",
              "Service": "notification"
            }
          },
          "sensitive_attributes": [],
          "private": "bnVsbA==",
          "dependencies": [
            "aws_iam_role.ecs_task",
            "aws_iam_role.ecs_task_execution",
            "module.ecr.aws_ecr_lifecycle_policy.services",
            "module.ecr.aws_ecr_repository.services",
            "module.network.aws_eip.nat",
            "module.network.aws_internet_gateway.main",
            "module.network.aws_lb.main",
            "module.network.aws_lb_listener.main",
            "module.network.aws_lb_listener_rule.services",
            "module.network.aws_lb_target_group.services",
            "module.network.aws_nat_gateway.main",
            "module.network.aws_route_table.private",
            "module.network.aws_route_table.public",
            "module.network.aws_route_table_association.private",
            "module.network.aws_route_table_association.public",
            "module.network.aws_security_group.alb",
            "module.network.aws_security_group.ecs_services",
            "module.network.aws_subnet.private",
            "module.network.aws_subnet.public",
            "module.network.aws_vpc.main"
          ]
        },
        {
          "index_key": "order",
          "schema_version": 0,
          "attributes": {
            "arn": "arn:aws:logs:us-east-1:068856380156:log-group:/ecs/order-service",
            "id": "/ecs/order-service",
            "kms_key_id": "",
            "log_group_class": "STANDARD",
            "name": "/ecs/order-service",
            "name_prefix": "",
            "region": "us-east-1",
            "retention_in_days": 7,
            "skip_destroy": false,
            "tags": {
              "Environment": "production",
              "ManagedBy": "terraform",
              "Name": "microservices-ecommerce-order-logs",
              "Project": "microservices-ecommerce",
              "Service": "order"
            },
            "tags_all": {
              "Environment": "production",
              "ManagedBy": "terraform",
              "Name": "microservices-ecommerce-order-logs",
              "Project": "microservices-ecommerce",
              "Service": "order"
            }
          },
          "sensitive_attributes": [],
          "private": "bnVsbA==",
          "dependencies": [
            "aws_iam_role.ecs_task",
            "aws_iam_role.ecs_task_execution",
            "module.ecr.aws_ecr_lifecycle_policy.services",
            "module.ecr.aws_ecr_repository.services",
            "module.network.aws_eip.nat",
            "module.network.aws_internet_gateway.main",
            "module.network.aws_lb.main",
            "module.network.aws_lb_listener.main",
            "module.network.aws_lb_listener_rule.services",
            "module.network.aws_lb_target_group.services",
            "module.network.aws_nat_gateway.main",
            "module.network.aws_route_table.private",
            "module.network.aws_route_table.public",
            "module.network.aws_route_table_association.private",
            "module.network.aws_route_table_association.public",
            "module.network.aws_security_group.alb",
            "module.network.aws_security_group.ecs_services",
            "module.network.aws_subnet.private",
            "module.network.aws_subnet.public",
            "module.network.aws_vpc.main"
          ]
        },
        {
          "index_key": "payment",
          "schema_version": 0,
          "attributes": {
            "arn": "arn:aws:logs:us-east-1:068856380156:log-group:/ecs/payment-service",
            "id": "/ecs/payment-service",
            "kms_key_id": "",
            "log_group_class": "STANDARD",
            "name": "/ecs/payment-service",
            "name_prefix": "",
            "region": "us-east-1",
            "retention_in_days": 7,
            "skip_destroy": false,
            "tags": {
              "Environment": "production",
              "ManagedBy": "terraform",
              "Name": "microservices-ecommerce-payment-logs",
              "Project": "microservices-ecommerce",
              "Service": "payment"
            },
            "tags_all": {
              "Environment": "production",
              "ManagedBy": "terraform",
              "Name": "microservices-ecommerce-payment-logs",
              "Project": "microservices-ecommerce",
              "Service": "payment"
            }
          },
          "sensitive_attributes": [],
          "private": "bnVsbA==",
          "dependencies": [
            "aws_iam_role.ecs_task",
            "aws_iam_role.ecs_task_execution",
            "module.ecr.aws_ecr_lifecycle_policy.services",
            "module.ecr.aws_ecr_repository.services",
            "module.network.aws_eip.nat",
            "module.network.aws_internet_gateway.main",
            "module.network.aws_lb.main",
            "module.network.aws_lb_listener.main",
            "module.network.aws_lb_listener_rule.services",
            "module.network.aws_lb_target_group.services",
            "module.network.aws_nat_gateway.main",
            "module.network.aws_route_table.private",
            "module.network.aws_route_table.public",
            "module.network.aws_route_table_association.private",
            "module.network.aws_route_table_association.public",
            "module.network.aws_security_group.alb",
            "module.network.aws_security_group.ecs_services",
            "module.network.aws_subnet.private",
            "module.network.aws_subnet.public",
            "module.network.aws_vpc.main"
          ]
        },
        {
          "index_key": "product",
          "schema_version": 0,
          "attributes": {
            "arn": "arn:aws:logs:us-east-1:068856380156:log-group:/ecs/product-api",
            "id": "/ecs/product-api",
            "kms_key_id": "",
            "log_group_class": "STANDARD",
            "name": "/ecs/product-api",
            "name_prefix": "",
            "region": "us-east-1",
            "retention_in_days": 7,
            "skip_destroy": false,
            "tags": {
              "Environment": "production",
              "ManagedBy": "terraform",
              "Name": "microservices-ecommerce-product-logs",
              "Project": "microservices-ecommerce",
              "Service": "product"
            },
            "tags_all": {
              "Environment": "production",
              "ManagedBy": "terraform",
              "Name": "microservices-ecommerce-product-logs",
              "Project": "microservices-ecommerce",
              "Service": "product"
            }
          },
          "sensitive_attributes": [],
          "private": "bnVsbA==",
          "dependencies": [
            "aws_iam_role.ecs_task",
            "aws_iam_role.ecs_task_execution",
            "module.ecr.aws_ecr_lifecycle_policy.services",
            "module.ecr.aws_ecr_repository.services",
            "module.network.aws_eip.nat",
            "module.network.aws_internet_gateway.main",
            "module.network.aws_lb.main",
            "module.network.aws_lb_listener.main",
            "module.network.aws_lb_listener_rule.services",
            "module.network.aws_lb_target_group.services",
            "module.network.aws_nat_gateway.main",
            "module.network.aws_route_table.private",
            "module.network.aws_route_table.public",
            "module.network.aws_route_table_association.private",
            "module.network.aws_route_table_association.public",
            "module.network.aws_security_group.alb",
            "module.network.aws_security_group.ecs_services",
            "module.network.aws_subnet.private",
            "module.network.aws_subnet.public",
            "module.network.aws_vpc.main"
          ]
        }
      ]
    },
    {
      "module": "module.ecs",
      "mode": "managed",
      "type": "aws_ecs_cluster",
      "name": "main",
      "provider": "provider[\"registry.terraform.io/hashicorp/aws\"]",
      "instances": [
        {
          "schema_version": 0,
          "attributes": {
            "arn": "arn:aws:ecs:us-east-1:068856380156:cluster/sophisticated-fish-p08ixg",
            "configuration": [
              {
                "execute_command_configuration": [
                  {
                    "kms_key_id": "",
                    "log_configuration": [],
                    "logging": "DEFAULT"
                  }
                ],
                "managed_storage_configuration": []
              }
            ],
            "id": "arn:aws:ecs:us-east-1:068856380156:cluster/sophisticated-fish-p08ixg",
            "name": "sophisticated-fish-p08ixg",
            "region": "us-east-1",
            "service_connect_defaults": [],
            "setting": [
              {
                "name": "containerInsights",
                "value": "disabled"
              }
            ],
            "tags": {
              "Environment": "production",
              "ManagedBy": "terraform",
              "Name": "sophisticated-fish-p08ixg",
              "Project": "microservices-ecommerce"
            },
            "tags_all": {
              "Environment": "production",
              "ManagedBy": "terraform",
              "Name": "sophisticated-fish-p08ixg",
              "Project": "microservices-ecommerce"
            }
          },
          "sensitive_attributes": [],
          "private": "bnVsbA==",
          "dependencies": [
            "aws_iam_role.ecs_task",
            "aws_iam_role.ecs_task_execution",
            "module.ecr.aws_ecr_lifecycle_policy.services",
            "module.ecr.aws_ecr_repository.services",
            "module.network.aws_eip.nat",
            "module.network.aws_internet_gateway.main",
            "module.network.aws_lb.main",
            "module.network.aws_lb_listener.main",
            "module.network.aws_lb_listener_rule.services",
            "module.network.aws_lb_target_group.services",
            "module.network.aws_nat_gateway.main",
            "module.network.aws_route_table.private",
            "module.network.aws_route_table.public",
            "module.network.aws_route_table_association.private",
            "module.network.aws_route_table_association.public",
            "module.network.aws_security_group.alb",
            "module.network.aws_security_group.ecs_services",
            "module.network.aws_subnet.private",
            "module.network.aws_subnet.public",
            "module.network.aws_vpc.main"
          ]
        }
      ]
    },
    {
      "module": "module.ecs",
      "mode": "managed",
      "type": "aws_ecs_cluster_capacity_providers",
      "name": "main",
      "provider": "provider[\"registry.terraform.io/hashicorp/aws\"]",
      "instances": [
        {
          "schema_version": 0,
          "attributes": {
            "capacity_providers": [
              "FARGATE",
              "FARGATE_SPOT"
            ],
            "cluster_name": "sophisticated-fish-p08ixg",
            "default_capacity_provider_strategy": [
              {
                "base": 1,
                "capacity_provider": "FARGATE",
                "weight": 100
              }
            ],
            "id": "sophisticated-fish-p08ixg",
            "region": "us-east-1"
          },
          "sensitive_attributes": [],
          "private": "bnVsbA==",
          "dependencies": [
            "aws_iam_role.ecs_task",
            "aws_iam_role.ecs_task_execution",
            "module.ecr.aws_ecr_lifecycle_policy.services",
            "module.ecr.aws_ecr_repository.services",
            "module.ecs.aws_ecs_cluster.main",
            "module.network.aws_eip.nat",
            "module.network.aws_internet_gateway.main",
            "module.network.aws_lb.main",
            "module.network.aws_lb_listener.main",
            "module.network.aws_lb_listener_rule.services",
            "module.network.aws_lb_target_group.services",
            "module.network.aws_nat_gateway.main",
            "module.network.aws_route_table.private",
            "module.network.aws_route_table.public",
            "module.network.aws_route_table_association.private",
            "module.network.aws_route_table_association.public",
            "module.network.aws_security_group.alb",
            "module.network.aws_security_group.ecs_services",
            "module.network.aws_subnet.private",
            "module.network.aws_subnet.public",
            "module.network.aws_vpc.main"
          ]
        }
      ]
    },
    {
      "module": "module.ecs",
      "mode": "managed",
      "type": "aws_ecs_service",
      "name": "services",
      "provider": "provider[\"registry.terraform.io/hashicorp/aws\"]",
      "instances": [
        {
          "index_key": "auth",
          "schema_version": 1,
          "attributes": {
            "alarms": [],
            "arn": "arn:aws:ecs:us-east-1:068856380156:service/sophisticated-fish-p08ixg/auth-service-service",
            "availability_zone_rebalancing": "ENABLED",
            "capacity_provider_strategy": [],
            "cluster": "arn:aws:ecs:us-east-1:068856380156:cluster/sophisticated-fish-p08ixg",
            "deployment_circuit_breaker": [
              {
                "enable": true,
                "rollback": true
              }
            ],
            "deployment_configuration": [
              {
                "bake_time_in_minutes": "0",
                "lifecycle_hook": [],
                "strategy": "ROLLING"
              }
            ],
            "deployment_controller": [
              {
                "type": "ECS"
              }
            ],
            "deployment_maximum_percent": 200,
            "deployment_minimum_healthy_percent": 100,
            "desired_count": 1,
            "enable_ecs_managed_tags": false,
            "enable_execute_command": true,
            "force_delete": null,
            "force_new_deployment": null,
            "health_check_grace_period_seconds": 60,
            "iam_role": "/aws-service-role/ecs.amazonaws.com/AWSServiceRoleForECS",
            "id": "arn:aws:ecs:us-east-1:068856380156:service/sophisticated-fish-p08ixg/auth-service-service",
            "launch_type": "FARGATE",
            "load_balancer": [
              {
                "advanced_configuration": [],
                "container_name": "auth-service",
                "container_port": 8787,
                "elb_name": "",
                "target_group_arn": "arn:aws:elasticloadbalancing:us-east-1:068856380156:targetgroup/auth-TG-P/0f3bee01ac80b97b"
              }
            ],
            "name": "auth-service-service",
            "network_configuration": [
              {
                "assign_public_ip": false,
                "security_groups": [
                  "sg-0ff1bb0c5c6b6962d"
                ],
                "subnets": [
                  "subnet-0a5331ae248243ea2",
                  "subnet-0b267e128d38dd3c4",
                  "subnet-0d67c06c2b319904d"
                ]
              }
            ],
            "ordered_placement_strategy": [],
            "placement_constraints": [],
            "platform_version": "LATEST",
            "propagate_tags": "NONE",
            "region": "us-east-1",
            "scheduling_strategy": "REPLICA",
            "service_connect_configuration": [],
            "service_registries": [
              {
                "container_name": "",
                "container_port": 0,
                "port": 0,
                "registry_arn": "arn:aws:servicediscovery:us-east-1:068856380156:service/srv-3ypsbff6fsu6qrkc"
              }
            ],
            "sigint_rollback": null,
            "tags": {
              "Environment": "production",
              "ManagedBy": "terraform",
              "Name": "microservices-ecommerce-auth-service",
              "Project": "microservices-ecommerce",
              "Service": "auth"
            },
            "tags_all": {
              "Environment": "production",
              "ManagedBy": "terraform",
              "Name": "microservices-ecommerce-auth-service",
              "Project": "microservices-ecommerce",
              "Service": "auth"
            },
            "task_definition": "arn:aws:ecs:us-east-1:068856380156:task-definition/auth-service:7",
            "timeouts": null,
            "triggers": {},
            "volume_configuration": [],
            "vpc_lattice_configurations": [],
            "wait_for_steady_state": false
          },
          "sensitive_attributes": [],
          "private": "eyJlMmJmYjczMC1lY2FhLTExZTYtOGY4OC0zNDM2M2JjN2M0YzAiOnsiY3JlYXRlIjoxMjAwMDAwMDAwMDAwLCJkZWxldGUiOjEyMDAwMDAwMDAwMDAsInVwZGF0ZSI6MTIwMDAwMDAwMDAwMH0sInNjaGVtYV92ZXJzaW9uIjoiMSJ9",
          "dependencies": [
            "aws_iam_role.ecs_task",
            "aws_iam_role.ecs_task_execution",
            "module.ecr.aws_ecr_lifecycle_policy.services",
            "module.ecr.aws_ecr_repository.services",
            "module.ecs.aws_cloudwatch_log_group.services",
            "module.ecs.aws_ecs_cluster.main",
            "module.ecs.aws_ecs_task_definition.services",
            "module.ecs.aws_service_discovery_private_dns_namespace.main",
            "module.ecs.aws_service_discovery_service.services",
            "module.network.aws_eip.nat",
            "module.network.aws_internet_gateway.main",
            "module.network.aws_lb.main",
            "module.network.aws_lb_listener.main",
            "module.network.aws_lb_listener_rule.services",
            "module.network.aws_lb_target_group.services",
            "module.network.aws_nat_gateway.main",
            "module.network.aws_route_table.private",
            "module.network.aws_route_table.public",
            "module.network.aws_route_table_association.private",
            "module.network.aws_route_table_association.public",
            "module.network.aws_security_group.alb",
            "module.network.aws_security_group.ecs_services",
            "module.network.aws_subnet.private",
            "module.network.aws_subnet.public",
            "module.network.aws_vpc.main"
          ]
        },
        {
          "index_key": "client",
          "schema_version": 1,
          "attributes": {
            "alarms": [],
            "arn": "arn:aws:ecs:us-east-1:068856380156:service/sophisticated-fish-p08ixg/client-service-service",
            "availability_zone_rebalancing": "ENABLED",
            "capacity_provider_strategy": [],
            "cluster": "arn:aws:ecs:us-east-1:068856380156:cluster/sophisticated-fish-p08ixg",
            "deployment_circuit_breaker": [
              {
                "enable": true,
                "rollback": true
              }
            ],
            "deployment_configuration": [
              {
                "bake_time_in_minutes": "0",
                "lifecycle_hook": [],
                "strategy": "ROLLING"
              }
            ],
            "deployment_controller": [
              {
                "type": "ECS"
              }
            ],
            "deployment_maximum_percent": 200,
            "deployment_minimum_healthy_percent": 100,
            "desired_count": 1,
            "enable_ecs_managed_tags": false,
            "enable_execute_command": true,
            "force_delete": null,
            "force_new_deployment": null,
            "health_check_grace_period_seconds": 60,
            "iam_role": "/aws-service-role/ecs.amazonaws.com/AWSServiceRoleForECS",
            "id": "arn:aws:ecs:us-east-1:068856380156:service/sophisticated-fish-p08ixg/client-service-service",
            "launch_type": "FARGATE",
            "load_balancer": [
              {
                "advanced_configuration": [],
                "container_name": "client-service",
                "container_port": 80,
                "elb_name": "",
                "target_group_arn": "arn:aws:elasticloadbalancing:us-east-1:068856380156:targetgroup/frontedOne/7642d58d6f1e78ce"
              }
            ],
            "name": "client-service-service",
            "network_configuration": [
              {
                "assign_public_ip": true,
                "security_groups": [
                  "sg-0ff1bb0c5c6b6962d"
                ],
                "subnets": [
                  "subnet-0434cdb5aec53e770",
                  "subnet-0a99bec6e8cb20a88",
                  "subnet-0e75833a911eaba9c"
                ]
              }
            ],
            "ordered_placement_strategy": [],
            "placement_constraints": [],
            "platform_version": "LATEST",
            "propagate_tags": "NONE",
            "region": "us-east-1",
            "scheduling_strategy": "REPLICA",
            "service_connect_configuration": [],
            "service_registries": [
              {
                "container_name": "",
                "container_port": 0,
                "port": 0,
                "registry_arn": "arn:aws:servicediscovery:us-east-1:068856380156:service/srv-27piv6ptq7fi26yn"
              }
            ],
            "sigint_rollback": null,
            "tags": {
              "Environment": "production",
              "ManagedBy": "terraform",
              "Name": "microservices-ecommerce-client-service",
              "Project": "microservices-ecommerce",
              "Service": "client"
            },
            "tags_all": {
              "Environment": "production",
              "ManagedBy": "terraform",
              "Name": "microservices-ecommerce-client-service",
              "Project": "microservices-ecommerce",
              "Service": "client"
            },
            "task_definition": "arn:aws:ecs:us-east-1:068856380156:task-definition/client-service:7",
            "timeouts": null,
            "triggers": {},
            "volume_configuration": [],
            "vpc_lattice_configurations": [],
            "wait_for_steady_state": false
          },
          "sensitive_attributes": [],
          "private": "eyJlMmJmYjczMC1lY2FhLTExZTYtOGY4OC0zNDM2M2JjN2M0YzAiOnsiY3JlYXRlIjoxMjAwMDAwMDAwMDAwLCJkZWxldGUiOjEyMDAwMDAwMDAwMDAsInVwZGF0ZSI6MTIwMDAwMDAwMDAwMH0sInNjaGVtYV92ZXJzaW9uIjoiMSJ9",
          "dependencies": [
            "aws_iam_role.ecs_task",
            "aws_iam_role.ecs_task_execution",
            "module.ecr.aws_ecr_lifecycle_policy.services",
            "module.ecr.aws_ecr_repository.services",
            "module.ecs.aws_cloudwatch_log_group.services",
            "module.ecs.aws_ecs_cluster.main",
            "module.ecs.aws_ecs_task_definition.services",
            "module.ecs.aws_service_discovery_private_dns_namespace.main",
            "module.ecs.aws_service_discovery_service.services",
            "module.network.aws_eip.nat",
            "module.network.aws_internet_gateway.main",
            "module.network.aws_lb.main",
            "module.network.aws_lb_listener.main",
            "module.network.aws_lb_listener_rule.services",
            "module.network.aws_lb_target_group.services",
            "module.network.aws_nat_gateway.main",
            "module.network.aws_route_table.private",
            "module.network.aws_route_table.public",
            "module.network.aws_route_table_association.private",
            "module.network.aws_route_table_association.public",
            "module.network.aws_security_group.alb",
            "module.network.aws_security_group.ecs_services",
            "module.network.aws_subnet.private",
            "module.network.aws_subnet.public",
            "module.network.aws_vpc.main"
          ]
        },
        {
          "index_key": "config",
          "schema_version": 1,
          "attributes": {
            "alarms": [],
            "arn": "arn:aws:ecs:us-east-1:068856380156:service/sophisticated-fish-p08ixg/config-server-service",
            "availability_zone_rebalancing": "ENABLED",
            "capacity_provider_strategy": [],
            "cluster": "arn:aws:ecs:us-east-1:068856380156:cluster/sophisticated-fish-p08ixg",
            "deployment_circuit_breaker": [
              {
                "enable": true,
                "rollback": true
              }
            ],
            "deployment_configuration": [
              {
                "bake_time_in_minutes": "0",
                "lifecycle_hook": [],
                "strategy": "ROLLING"
              }
            ],
            "deployment_controller": [
              {
                "type": "ECS"
              }
            ],
            "deployment_maximum_percent": 200,
            "deployment_minimum_healthy_percent": 100,
            "desired_count": 1,
            "enable_ecs_managed_tags": false,
            "enable_execute_command": true,
            "force_delete": null,
            "force_new_deployment": null,
            "health_check_grace_period_seconds": 0,
            "iam_role": "/aws-service-role/ecs.amazonaws.com/AWSServiceRoleForECS",
            "id": "arn:aws:ecs:us-east-1:068856380156:service/sophisticated-fish-p08ixg/config-server-service",
            "launch_type": "FARGATE",
            "load_balancer": [],
            "name": "config-server-service",
            "network_configuration": [
              {
                "assign_public_ip": false,
                "security_groups": [
                  "sg-0ff1bb0c5c6b6962d"
                ],
                "subnets": [
                  "subnet-0a5331ae248243ea2",
                  "subnet-0b267e128d38dd3c4",
                  "subnet-0d67c06c2b319904d"
                ]
              }
            ],
            "ordered_placement_strategy": [],
            "placement_constraints": [],
            "platform_version": "LATEST",
            "propagate_tags": "NONE",
            "region": "us-east-1",
            "scheduling_strategy": "REPLICA",
            "service_connect_configuration": [],
            "service_registries": [
              {
                "container_name": "",
                "container_port": 0,
                "port": 0,
                "registry_arn": "arn:aws:servicediscovery:us-east-1:068856380156:service/srv-upgdwwiyphu6fjyg"
              }
            ],
            "sigint_rollback": null,
            "tags": {
              "Environment": "production",
              "ManagedBy": "terraform",
              "Name": "microservices-ecommerce-config-service",
              "Project": "microservices-ecommerce",
              "Service": "config"
            },
            "tags_all": {
              "Environment": "production",
              "ManagedBy": "terraform",
              "Name": "microservices-ecommerce-config-service",
              "Project": "microservices-ecommerce",
              "Service": "config"
            },
            "task_definition": "arn:aws:ecs:us-east-1:068856380156:task-definition/config-server:6",
            "timeouts": null,
            "triggers": {},
            "volume_configuration": [],
            "vpc_lattice_configurations": [],
            "wait_for_steady_state": false
          },
          "sensitive_attributes": [],
          "private": "eyJlMmJmYjczMC1lY2FhLTExZTYtOGY4OC0zNDM2M2JjN2M0YzAiOnsiY3JlYXRlIjoxMjAwMDAwMDAwMDAwLCJkZWxldGUiOjEyMDAwMDAwMDAwMDAsInVwZGF0ZSI6MTIwMDAwMDAwMDAwMH0sInNjaGVtYV92ZXJzaW9uIjoiMSJ9",
          "dependencies": [
            "aws_iam_role.ecs_task",
            "aws_iam_role.ecs_task_execution",
            "module.ecr.aws_ecr_lifecycle_policy.services",
            "module.ecr.aws_ecr_repository.services",
            "module.ecs.aws_cloudwatch_log_group.services",
            "module.ecs.aws_ecs_cluster.main",
            "module.ecs.aws_ecs_task_definition.services",
            "module.ecs.aws_service_discovery_private_dns_namespace.main",
            "module.ecs.aws_service_discovery_service.services",
            "module.network.aws_eip.nat",
            "module.network.aws_internet_gateway.main",
            "module.network.aws_lb.main",
            "module.network.aws_lb_listener.main",
            "module.network.aws_lb_listener_rule.services",
            "module.network.aws_lb_target_group.services",
            "module.network.aws_nat_gateway.main",
            "module.network.aws_route_table.private",
            "module.network.aws_route_table.public",
            "module.network.aws_route_table_association.private",
            "module.network.aws_route_table_association.public",
            "module.network.aws_security_group.alb",
            "module.network.aws_security_group.ecs_services",
            "module.network.aws_subnet.private",
            "module.network.aws_subnet.public",
            "module.network.aws_vpc.main"
          ]
        },
        {
          "index_key": "notification",
          "schema_version": 1,
          "attributes": {
            "alarms": [],
            "arn": "arn:aws:ecs:us-east-1:068856380156:service/sophisticated-fish-p08ixg/notification-service-service",
            "availability_zone_rebalancing": "ENABLED",
            "capacity_provider_strategy": [],
            "cluster": "arn:aws:ecs:us-east-1:068856380156:cluster/sophisticated-fish-p08ixg",
            "deployment_circuit_breaker": [
              {
                "enable": true,
                "rollback": true
              }
            ],
            "deployment_configuration": [
              {
                "bake_time_in_minutes": "0",
                "lifecycle_hook": [],
                "strategy": "ROLLING"
              }
            ],
            "deployment_controller": [
              {
                "type": "ECS"
              }
            ],
            "deployment_maximum_percent": 200,
            "deployment_minimum_healthy_percent": 100,
            "desired_count": 1,
            "enable_ecs_managed_tags": false,
            "enable_execute_command": true,
            "force_delete": null,
            "force_new_deployment": null,
            "health_check_grace_period_seconds": 0,
            "iam_role": "/aws-service-role/ecs.amazonaws.com/AWSServiceRoleForECS",
            "id": "arn:aws:ecs:us-east-1:068856380156:service/sophisticated-fish-p08ixg/notification-service-service",
            "launch_type": "FARGATE",
            "load_balancer": [],
            "name": "notification-service-service",
            "network_configuration": [
              {
                "assign_public_ip": false,
                "security_groups": [
                  "sg-0ff1bb0c5c6b6962d"
                ],
                "subnets": [
                  "subnet-0a5331ae248243ea2",
                  "subnet-0b267e128d38dd3c4",
                  "subnet-0d67c06c2b319904d"
                ]
              }
            ],
            "ordered_placement_strategy": [],
            "placement_constraints": [],
            "platform_version": "LATEST",
            "propagate_tags": "NONE",
            "region": "us-east-1",
            "scheduling_strategy": "REPLICA",
            "service_connect_configuration": [],
            "service_registries": [
              {
                "container_name": "",
                "container_port": 0,
                "port": 0,
                "registry_arn": "arn:aws:servicediscovery:us-east-1:068856380156:service/srv-aleekshx7xwtt3bh"
              }
            ],
            "sigint_rollback": null,
            "tags": {
              "Environment": "production",
              "ManagedBy": "terraform",
              "Name": "microservices-ecommerce-notification-service",
              "Project": "microservices-ecommerce",
              "Service": "notification"
            },
            "tags_all": {
              "Environment": "production",
              "ManagedBy": "terraform",
              "Name": "microservices-ecommerce-notification-service",
              "Project": "microservices-ecommerce",
              "Service": "notification"
            },
            "task_definition": "arn:aws:ecs:us-east-1:068856380156:task-definition/notification-service:7",
            "timeouts": null,
            "triggers": {},
            "volume_configuration": [],
            "vpc_lattice_configurations": [],
            "wait_for_steady_state": false
          },
          "sensitive_attributes": [],
          "private": "eyJlMmJmYjczMC1lY2FhLTExZTYtOGY4OC0zNDM2M2JjN2M0YzAiOnsiY3JlYXRlIjoxMjAwMDAwMDAwMDAwLCJkZWxldGUiOjEyMDAwMDAwMDAwMDAsInVwZGF0ZSI6MTIwMDAwMDAwMDAwMH0sInNjaGVtYV92ZXJzaW9uIjoiMSJ9",
          "dependencies": [
            "aws_iam_role.ecs_task",
            "aws_iam_role.ecs_task_execution",
            "module.ecr.aws_ecr_lifecycle_policy.services",
            "module.ecr.aws_ecr_repository.services",
            "module.ecs.aws_cloudwatch_log_group.services",
            "module.ecs.aws_ecs_cluster.main",
            "module.ecs.aws_ecs_task_definition.services",
            "module.ecs.aws_service_discovery_private_dns_namespace.main",
            "module.ecs.aws_service_discovery_service.services",
            "module.network.aws_eip.nat",
            "module.network.aws_internet_gateway.main",
            "module.network.aws_lb.main",
            "module.network.aws_lb_listener.main",
            "module.network.aws_lb_listener_rule.services",
            "module.network.aws_lb_target_group.services",
            "module.network.aws_nat_gateway.main",
            "module.network.aws_route_table.private",
            "module.network.aws_route_table.public",
            "module.network.aws_route_table_association.private",
            "module.network.aws_route_table_association.public",
            "module.network.aws_security_group.alb",
            "module.network.aws_security_group.ecs_services",
            "module.network.aws_subnet.private",
            "module.network.aws_subnet.public",
            "module.network.aws_vpc.main"
          ]
        },
        {
          "index_key": "order",
          "schema_version": 1,
          "attributes": {
            "alarms": [],
            "arn": "arn:aws:ecs:us-east-1:068856380156:service/sophisticated-fish-p08ixg/order-service-service",
            "availability_zone_rebalancing": "ENABLED",
            "capacity_provider_strategy": [],
            "cluster": "arn:aws:ecs:us-east-1:068856380156:cluster/sophisticated-fish-p08ixg",
            "deployment_circuit_breaker": [
              {
                "enable": true,
                "rollback": true
              }
            ],
            "deployment_configuration": [
              {
                "bake_time_in_minutes": "0",
                "lifecycle_hook": [],
                "strategy": "ROLLING"
              }
            ],
            "deployment_controller": [
              {
                "type": "ECS"
              }
            ],
            "deployment_maximum_percent": 200,
            "deployment_minimum_healthy_percent": 100,
            "desired_count": 1,
            "enable_ecs_managed_tags": false,
            "enable_execute_command": true,
            "force_delete": null,
            "force_new_deployment": null,
            "health_check_grace_period_seconds": 60,
            "iam_role": "/aws-service-role/ecs.amazonaws.com/AWSServiceRoleForECS",
            "id": "arn:aws:ecs:us-east-1:068856380156:service/sophisticated-fish-p08ixg/order-service-service",
            "launch_type": "FARGATE",
            "load_balancer": [
              {
                "advanced_configuration": [],
                "container_name": "order-service",
                "container_port": 8070,
                "elb_name": "",
                "target_group_arn": "arn:aws:elasticloadbalancing:us-east-1:068856380156:targetgroup/orders-TG-P/24ad70ed4094cd56"
              }
            ],
            "name": "order-service-service",
            "network_configuration": [
              {
                "assign_public_ip": false,
                "security_groups": [
                  "sg-0ff1bb0c5c6b6962d"
                ],
                "subnets": [
                  "subnet-0a5331ae248243ea2",
                  "subnet-0b267e128d38dd3c4",
                  "subnet-0d67c06c2b319904d"
                ]
              }
            ],
            "ordered_placement_strategy": [],
            "placement_constraints": [],
            "platform_version": "LATEST",
            "propagate_tags": "NONE",
            "region": "us-east-1",
            "scheduling_strategy": "REPLICA",
            "service_connect_configuration": [],
            "service_registries": [
              {
                "container_name": "",
                "container_port": 0,
                "port": 0,
                "registry_arn": "arn:aws:servicediscovery:us-east-1:068856380156:service/srv-wwycp6lkbxszz7xm"
              }
            ],
            "sigint_rollback": null,
            "tags": {
              "Environment": "production",
              "ManagedBy": "terraform",
              "Name": "microservices-ecommerce-order-service",
              "Project": "microservices-ecommerce",
              "Service": "order"
            },
            "tags_all": {
              "Environment": "production",
              "ManagedBy": "terraform",
              "Name": "microservices-ecommerce-order-service",
              "Project": "microservices-ecommerce",
              "Service": "order"
            },
            "task_definition": "arn:aws:ecs:us-east-1:068856380156:task-definition/order-service:7",
            "timeouts": null,
            "triggers": {},
            "volume_configuration": [],
            "vpc_lattice_configurations": [],
            "wait_for_steady_state": false
          },
          "sensitive_attributes": [],
          "private": "eyJlMmJmYjczMC1lY2FhLTExZTYtOGY4OC0zNDM2M2JjN2M0YzAiOnsiY3JlYXRlIjoxMjAwMDAwMDAwMDAwLCJkZWxldGUiOjEyMDAwMDAwMDAwMDAsInVwZGF0ZSI6MTIwMDAwMDAwMDAwMH0sInNjaGVtYV92ZXJzaW9uIjoiMSJ9",
          "dependencies": [
            "aws_iam_role.ecs_task",
            "aws_iam_role.ecs_task_execution",
            "module.ecr.aws_ecr_lifecycle_policy.services",
            "module.ecr.aws_ecr_repository.services",
            "module.ecs.aws_cloudwatch_log_group.services",
            "module.ecs.aws_ecs_cluster.main",
            "module.ecs.aws_ecs_task_definition.services",
            "module.ecs.aws_service_discovery_private_dns_namespace.main",
            "module.ecs.aws_service_discovery_service.services",
            "module.network.aws_eip.nat",
            "module.network.aws_internet_gateway.main",
            "module.network.aws_lb.main",
            "module.network.aws_lb_listener.main",
            "module.network.aws_lb_listener_rule.services",
            "module.network.aws_lb_target_group.services",
            "module.network.aws_nat_gateway.main",
            "module.network.aws_route_table.private",
            "module.network.aws_route_table.public",
            "module.network.aws_route_table_association.private",
            "module.network.aws_route_table_association.public",
            "module.network.aws_security_group.alb",
            "module.network.aws_security_group.ecs_services",
            "module.network.aws_subnet.private",
            "module.network.aws_subnet.public",
            "module.network.aws_vpc.main"
          ]
        },
        {
          "index_key": "payment",
          "schema_version": 1,
          "attributes": {
            "alarms": [],
            "arn": "arn:aws:ecs:us-east-1:068856380156:service/sophisticated-fish-p08ixg/payment-service-service",
            "availability_zone_rebalancing": "ENABLED",
            "capacity_provider_strategy": [],
            "cluster": "arn:aws:ecs:us-east-1:068856380156:cluster/sophisticated-fish-p08ixg",
            "deployment_circuit_breaker": [
              {
                "enable": true,
                "rollback": true
              }
            ],
            "deployment_configuration": [
              {
                "bake_time_in_minutes": "0",
                "lifecycle_hook": [],
                "strategy": "ROLLING"
              }
            ],
            "deployment_controller": [
              {
                "type": "ECS"
              }
            ],
            "deployment_maximum_percent": 200,
            "deployment_minimum_healthy_percent": 100,
            "desired_count": 1,
            "enable_ecs_managed_tags": false,
            "enable_execute_command": true,
            "force_delete": null,
            "force_new_deployment": null,
            "health_check_grace_period_seconds": 60,
            "iam_role": "/aws-service-role/ecs.amazonaws.com/AWSServiceRoleForECS",
            "id": "arn:aws:ecs:us-east-1:068856380156:service/sophisticated-fish-p08ixg/payment-service-service",
            "launch_type": "FARGATE",
            "load_balancer": [
              {
                "advanced_configuration": [],
                "container_name": "payment-service",
                "container_port": 8060,
                "elb_name": "",
                "target_group_arn": "arn:aws:elasticloadbalancing:us-east-1:068856380156:targetgroup/payment-TG-P/6759efbf29e29be8"
              }
            ],
            "name": "payment-service-service",
            "network_configuration": [
              {
                "assign_public_ip": false,
                "security_groups": [
                  "sg-0ff1bb0c5c6b6962d"
                ],
                "subnets": [
                  "subnet-0a5331ae248243ea2",
                  "subnet-0b267e128d38dd3c4",
                  "subnet-0d67c06c2b319904d"
                ]
              }
            ],
            "ordered_placement_strategy": [],
            "placement_constraints": [],
            "platform_version": "LATEST",
            "propagate_tags": "NONE",
            "region": "us-east-1",
            "scheduling_strategy": "REPLICA",
            "service_connect_configuration": [],
            "service_registries": [
              {
                "container_name": "",
                "container_port": 0,
                "port": 0,
                "registry_arn": "arn:aws:servicediscovery:us-east-1:068856380156:service/srv-ktcybgscsewtxau5"
              }
            ],
            "sigint_rollback": null,
            "tags": {
              "Environment": "production",
              "ManagedBy": "terraform",
              "Name": "microservices-ecommerce-payment-service",
              "Project": "microservices-ecommerce",
              "Service": "payment"
            },
            "tags_all": {
              "Environment": "production",
              "ManagedBy": "terraform",
              "Name": "microservices-ecommerce-payment-service",
              "Project": "microservices-ecommerce",
              "Service": "payment"
            },
            "task_definition": "arn:aws:ecs:us-east-1:068856380156:task-definition/payment-service:7",
            "timeouts": null,
            "triggers": {},
            "volume_configuration": [],
            "vpc_lattice_configurations": [],
            "wait_for_steady_state": false
          },
          "sensitive_attributes": [],
          "private": "eyJlMmJmYjczMC1lY2FhLTExZTYtOGY4OC0zNDM2M2JjN2M0YzAiOnsiY3JlYXRlIjoxMjAwMDAwMDAwMDAwLCJkZWxldGUiOjEyMDAwMDAwMDAwMDAsInVwZGF0ZSI6MTIwMDAwMDAwMDAwMH0sInNjaGVtYV92ZXJzaW9uIjoiMSJ9",
          "dependencies": [
            "aws_iam_role.ecs_task",
            "aws_iam_role.ecs_task_execution",
            "module.ecr.aws_ecr_lifecycle_policy.services",
            "module.ecr.aws_ecr_repository.services",
            "module.ecs.aws_cloudwatch_log_group.services",
            "module.ecs.aws_ecs_cluster.main",
            "module.ecs.aws_ecs_task_definition.services",
            "module.ecs.aws_service_discovery_private_dns_namespace.main",
            "module.ecs.aws_service_discovery_service.services",
            "module.network.aws_eip.nat",
            "module.network.aws_internet_gateway.main",
            "module.network.aws_lb.main",
            "module.network.aws_lb_listener.main",
            "module.network.aws_lb_listener_rule.services",
            "module.network.aws_lb_target_group.services",
            "module.network.aws_nat_gateway.main",
            "module.network.aws_route_table.private",
            "module.network.aws_route_table.public",
            "module.network.aws_route_table_association.private",
            "module.network.aws_route_table_association.public",
            "module.network.aws_security_group.alb",
            "module.network.aws_security_group.ecs_services",
            "module.network.aws_subnet.private",
            "module.network.aws_subnet.public",
            "module.network.aws_vpc.main"
          ]
        },
        {
          "index_key": "product",
          "schema_version": 1,
          "attributes": {
            "alarms": [],
            "arn": "arn:aws:ecs:us-east-1:068856380156:service/sophisticated-fish-p08ixg/product-api-service",
            "availability_zone_rebalancing": "ENABLED",
            "capacity_provider_strategy": [],
            "cluster": "arn:aws:ecs:us-east-1:068856380156:cluster/sophisticated-fish-p08ixg",
            "deployment_circuit_breaker": [
              {
                "enable": true,
                "rollback": true
              }
            ],
            "deployment_configuration": [
              {
                "bake_time_in_minutes": "0",
                "lifecycle_hook": [],
                "strategy": "ROLLING"
              }
            ],
            "deployment_controller": [
              {
                "type": "ECS"
              }
            ],
            "deployment_maximum_percent": 200,
            "deployment_minimum_healthy_percent": 100,
            "desired_count": 1,
            "enable_ecs_managed_tags": false,
            "enable_execute_command": true,
            "force_delete": null,
            "force_new_deployment": null,
            "health_check_grace_period_seconds": 60,
            "iam_role": "/aws-service-role/ecs.amazonaws.com/AWSServiceRoleForECS",
            "id": "arn:aws:ecs:us-east-1:068856380156:service/sophisticated-fish-p08ixg/product-api-service",
            "launch_type": "FARGATE",
            "load_balancer": [
              {
                "advanced_configuration": [],
                "container_name": "product-api",
                "container_port": 8050,
                "elb_name": "",
                "target_group_arn": "arn:aws:elasticloadbalancing:us-east-1:068856380156:targetgroup/product-TG-P/e726293d28e87d58"
              }
            ],
            "name": "product-api-service",
            "network_configuration": [
              {
                "assign_public_ip": false,
                "security_groups": [
                  "sg-0ff1bb0c5c6b6962d"
                ],
                "subnets": [
                  "subnet-0a5331ae248243ea2",
                  "subnet-0b267e128d38dd3c4",
                  "subnet-0d67c06c2b319904d"
                ]
              }
            ],
            "ordered_placement_strategy": [],
            "placement_constraints": [],
            "platform_version": "LATEST",
            "propagate_tags": "NONE",
            "region": "us-east-1",
            "scheduling_strategy": "REPLICA",
            "service_connect_configuration": [],
            "service_registries": [
              {
                "container_name": "",
                "container_port": 0,
                "port": 0,
                "registry_arn": "arn:aws:servicediscovery:us-east-1:068856380156:service/srv-5c6knvmrevbyr5ez"
              }
            ],
            "sigint_rollback": null,
            "tags": {
              "Environment": "production",
              "ManagedBy": "terraform",
              "Name": "microservices-ecommerce-product-service",
              "Project": "microservices-ecommerce",
              "Service": "product"
            },
            "tags_all": {
              "Environment": "production",
              "ManagedBy": "terraform",
              "Name": "microservices-ecommerce-product-service",
              "Project": "microservices-ecommerce",
              "Service": "product"
            },
            "task_definition": "arn:aws:ecs:us-east-1:068856380156:task-definition/product-api:7",
            "timeouts": null,
            "triggers": {},
            "volume_configuration": [],
            "vpc_lattice_configurations": [],
            "wait_for_steady_state": false
          },
          "sensitive_attributes": [],
          "private": "eyJlMmJmYjczMC1lY2FhLTExZTYtOGY4OC0zNDM2M2JjN2M0YzAiOnsiY3JlYXRlIjoxMjAwMDAwMDAwMDAwLCJkZWxldGUiOjEyMDAwMDAwMDAwMDAsInVwZGF0ZSI6MTIwMDAwMDAwMDAwMH0sInNjaGVtYV92ZXJzaW9uIjoiMSJ9",
          "dependencies": [
            "aws_iam_role.ecs_task",
            "aws_iam_role.ecs_task_execution",
            "module.ecr.aws_ecr_lifecycle_policy.services",
            "module.ecr.aws_ecr_repository.services",
            "module.ecs.aws_cloudwatch_log_group.services",
            "module.ecs.aws_ecs_cluster.main",
            "module.ecs.aws_ecs_task_definition.services",
            "module.ecs.aws_service_discovery_private_dns_namespace.main",
            "module.ecs.aws_service_discovery_service.services",
            "module.network.aws_eip.nat",
            "module.network.aws_internet_gateway.main",
            "module.network.aws_lb.main",
            "module.network.aws_lb_listener.main",
            "module.network.aws_lb_listener_rule.services",
            "module.network.aws_lb_target_group.services",
            "module.network.aws_nat_gateway.main",
            "module.network.aws_route_table.private",
            "module.network.aws_route_table.public",
            "module.network.aws_route_table_association.private",
            "module.network.aws_route_table_association.public",
            "module.network.aws_security_group.alb",
            "module.network.aws_security_group.ecs_services",
            "module.network.aws_subnet.private",
            "module.network.aws_subnet.public",
            "module.network.aws_vpc.main"
          ]
        }
      ]
    },
    {
      "module": "module.ecs",
      "mode": "managed",
      "type": "aws_ecs_task_definition",
      "name": "services",
      "provider": "provider[\"registry.terraform.io/hashicorp/aws\"]",
      "instances": [
        {
          "index_key": "auth",
          "schema_version": 1,
          "attributes": {
            "arn": "arn:aws:ecs:us-east-1:068856380156:task-definition/auth-service:7",
            "arn_without_revision": "arn:aws:ecs:us-east-1:068856380156:task-definition/auth-service",
            "container_definitions": "[{\"cpu\":1024,\"environment\":[{\"name\":\"SPRING_PROFILES_ACTIVE\",\"value\":\"prod\"}],\"essential\":true,\"image\":\"068856380156.dkr.ecr.us-east-1.amazonaws.com/auth-service:latest\",\"logConfiguration\":{\"logDriver\":\"awslogs\",\"options\":{\"awslogs-create-group\":\"true\",\"awslogs-region\":\"us-east-1\",\"awslogs-stream-prefix\":\"ecs\",\"awslogs-group\":\"/ecs/auth-service\"}},\"memory\":3072,\"mountPoints\":[],\"name\":\"auth-service\",\"portMappings\":[{\"appProtocol\":\"http\",\"containerPort\":8787,\"hostPort\":8787,\"name\":\"auth-port\",\"protocol\":\"tcp\"}],\"systemControls\":[],\"volumesFrom\":[]}]",
            "cpu": "1024",
            "enable_fault_injection": false,
            "ephemeral_storage": [
              {
                "size_in_gib": 21
              }
            ],
            "execution_role_arn": "arn:aws:iam::068856380156:role/microservices-ecommerce-ecs-task-execution-role",
            "family": "auth-service",
            "id": "auth-service",
            "ipc_mode": "",
            "memory": "3072",
            "network_mode": "awsvpc",
            "pid_mode": "",
            "placement_constraints": [],
            "proxy_configuration": [],
            "region": "us-east-1",
            "requires_compatibilities": [
              "FARGATE"
            ],
            "revision": 7,
            "runtime_platform": [
              {
                "cpu_architecture": "X86_64",
                "operating_system_family": "LINUX"
              }
            ],
            "skip_destroy": false,
            "tags": {
              "Environment": "production",
              "ManagedBy": "terraform",
              "Name": "microservices-ecommerce-auth-task",
              "Project": "microservices-ecommerce",
              "Service": "auth"
            },
            "tags_all": {
              "Environment": "production",
              "ManagedBy": "terraform",
              "Name": "microservices-ecommerce-auth-task",
              "Project": "microservices-ecommerce",
              "Service": "auth"
            },
            "task_role_arn": "arn:aws:iam::068856380156:role/microservices-ecommerce-ecs-task-role",
            "track_latest": false,
            "volume": []
          },
          "sensitive_attributes": [],
          "private": "eyJzY2hlbWFfdmVyc2lvbiI6IjEifQ==",
          "dependencies": [
            "aws_iam_role.ecs_task",
            "aws_iam_role.ecs_task_execution",
            "module.ecr.aws_ecr_lifecycle_policy.services",
            "module.ecr.aws_ecr_repository.services",
            "module.ecs.aws_cloudwatch_log_group.services",
            "module.network.aws_eip.nat",
            "module.network.aws_internet_gateway.main",
            "module.network.aws_lb.main",
            "module.network.aws_lb_listener.main",
            "module.network.aws_lb_listener_rule.services",
            "module.network.aws_lb_target_group.services",
            "module.network.aws_nat_gateway.main",
            "module.network.aws_route_table.private",
            "module.network.aws_route_table.public",
            "module.network.aws_route_table_association.private",
            "module.network.aws_route_table_association.public",
            "module.network.aws_security_group.alb",
            "module.network.aws_security_group.ecs_services",
            "module.network.aws_subnet.private",
            "module.network.aws_subnet.public",
            "module.network.aws_vpc.main"
          ]
        },
        {
          "index_key": "client",
          "schema_version": 1,
          "attributes": {
            "arn": "arn:aws:ecs:us-east-1:068856380156:task-definition/client-service:7",
            "arn_without_revision": "arn:aws:ecs:us-east-1:068856380156:task-definition/client-service",
            "container_definitions": "[{\"cpu\":1024,\"environment\":[{\"name\":\"NODE_ENV\",\"value\":\"production\"}],\"essential\":true,\"image\":\"068856380156.dkr.ecr.us-east-1.amazonaws.com/client-service:latest\",\"logConfiguration\":{\"logDriver\":\"awslogs\",\"options\":{\"awslogs-group\":\"/ecs/client-service\",\"awslogs-create-group\":\"true\",\"awslogs-region\":\"us-east-1\",\"awslogs-stream-prefix\":\"ecs\"}},\"memory\":3072,\"mountPoints\":[],\"name\":\"client-service\",\"portMappings\":[{\"appProtocol\":\"http\",\"containerPort\":80,\"hostPort\":80,\"name\":\"client-port\",\"protocol\":\"tcp\"}],\"systemControls\":[],\"volumesFrom\":[]}]",
            "cpu": "1024",
            "enable_fault_injection": false,
            "ephemeral_storage": [
              {
                "size_in_gib": 21
              }
            ],
            "execution_role_arn": "arn:aws:iam::068856380156:role/microservices-ecommerce-ecs-task-execution-role",
            "family": "client-service",
            "id": "client-service",
            "ipc_mode": "",
            "memory": "3072",
            "network_mode": "awsvpc",
            "pid_mode": "",
            "placement_constraints": [],
            "proxy_configuration": [],
            "region": "us-east-1",
            "requires_compatibilities": [
              "FARGATE"
            ],
            "revision": 7,
            "runtime_platform": [
              {
                "cpu_architecture": "X86_64",
                "operating_system_family": "LINUX"
              }
            ],
            "skip_destroy": false,
            "tags": {
              "Environment": "production",
              "ManagedBy": "terraform",
              "Name": "microservices-ecommerce-client-task",
              "Project": "microservices-ecommerce",
              "Service": "client"
            },
            "tags_all": {
              "Environment": "production",
              "ManagedBy": "terraform",
              "Name": "microservices-ecommerce-client-task",
              "Project": "microservices-ecommerce",
              "Service": "client"
            },
            "task_role_arn": "arn:aws:iam::068856380156:role/microservices-ecommerce-ecs-task-role",
            "track_latest": false,
            "volume": []
          },
          "sensitive_attributes": [],
          "private": "eyJzY2hlbWFfdmVyc2lvbiI6IjEifQ==",
          "dependencies": [
            "aws_iam_role.ecs_task",
            "aws_iam_role.ecs_task_execution",
            "module.ecr.aws_ecr_lifecycle_policy.services",
            "module.ecr.aws_ecr_repository.services",
            "module.ecs.aws_cloudwatch_log_group.services",
            "module.network.aws_eip.nat",
            "module.network.aws_internet_gateway.main",
            "module.network.aws_lb.main",
            "module.network.aws_lb_listener.main",
            "module.network.aws_lb_listener_rule.services",
            "module.network.aws_lb_target_group.services",
            "module.network.aws_nat_gateway.main",
            "module.network.aws_route_table.private",
            "module.network.aws_route_table.public",
            "module.network.aws_route_table_association.private",
            "module.network.aws_route_table_association.public",
            "module.network.aws_security_group.alb",
            "module.network.aws_security_group.ecs_services",
            "module.network.aws_subnet.private",
            "module.network.aws_subnet.public",
            "module.network.aws_vpc.main"
          ]
        },
        {
          "index_key": "config",
          "schema_version": 1,
          "attributes": {
            "arn": "arn:aws:ecs:us-east-1:068856380156:task-definition/config-server:6",
            "arn_without_revision": "arn:aws:ecs:us-east-1:068856380156:task-definition/config-server",
            "container_definitions": "[{\"cpu\":512,\"environment\":[{\"name\":\"SPRING_PROFILES_ACTIVE\",\"value\":\"prod\"}],\"essential\":true,\"image\":\"068856380156.dkr.ecr.us-east-1.amazonaws.com/config-server:latest\",\"logConfiguration\":{\"logDriver\":\"awslogs\",\"options\":{\"awslogs-create-group\":\"true\",\"awslogs-region\":\"us-east-1\",\"awslogs-stream-prefix\":\"ecs\",\"awslogs-group\":\"/ecs/config-server\"}},\"memory\":1024,\"mountPoints\":[],\"name\":\"config-server\",\"portMappings\":[{\"appProtocol\":\"http\",\"containerPort\":8888,\"hostPort\":8888,\"name\":\"config-port\",\"protocol\":\"tcp\"}],\"systemControls\":[],\"volumesFrom\":[]}]",
            "cpu": "512",
            "enable_fault_injection": false,
            "ephemeral_storage": [
              {
                "size_in_gib": 21
              }
            ],
            "execution_role_arn": "arn:aws:iam::068856380156:role/microservices-ecommerce-ecs-task-execution-role",
            "family": "config-server",
            "id": "config-server",
            "ipc_mode": "",
            "memory": "1024",
            "network_mode": "awsvpc",
            "pid_mode": "",
            "placement_constraints": [],
            "proxy_configuration": [],
            "region": "us-east-1",
            "requires_compatibilities": [
              "FARGATE"
            ],
            "revision": 6,
            "runtime_platform": [
              {
                "cpu_architecture": "X86_64",
                "operating_system_family": "LINUX"
              }
            ],
            "skip_destroy": false,
            "tags": {
              "Environment": "production",
              "ManagedBy": "terraform",
              "Name": "microservices-ecommerce-config-task",
              "Project": "microservices-ecommerce",
              "Service": "config"
            },
            "tags_all": {
              "Environment": "production",
              "ManagedBy": "terraform",
              "Name": "microservices-ecommerce-config-task",
              "Project": "microservices-ecommerce",
              "Service": "config"
            },
            "task_role_arn": "arn:aws:iam::068856380156:role/microservices-ecommerce-ecs-task-role",
            "track_latest": false,
            "volume": []
          },
          "sensitive_attributes": [],
          "private": "eyJzY2hlbWFfdmVyc2lvbiI6IjEifQ==",
          "dependencies": [
            "aws_iam_role.ecs_task",
            "aws_iam_role.ecs_task_execution",
            "module.ecr.aws_ecr_lifecycle_policy.services",
            "module.ecr.aws_ecr_repository.services",
            "module.ecs.aws_cloudwatch_log_group.services",
            "module.network.aws_eip.nat",
            "module.network.aws_internet_gateway.main",
            "module.network.aws_lb.main",
            "module.network.aws_lb_listener.main",
            "module.network.aws_lb_listener_rule.services",
            "module.network.aws_lb_target_group.services",
            "module.network.aws_nat_gateway.main",
            "module.network.aws_route_table.private",
            "module.network.aws_route_table.public",
            "module.network.aws_route_table_association.private",
            "module.network.aws_route_table_association.public",
            "module.network.aws_security_group.alb",
            "module.network.aws_security_group.ecs_services",
            "module.network.aws_subnet.private",
            "module.network.aws_subnet.public",
            "module.network.aws_vpc.main"
          ]
        },
        {
          "index_key": "notification",
          "schema_version": 1,
          "attributes": {
            "arn": "arn:aws:ecs:us-east-1:068856380156:task-definition/notification-service:7",
            "arn_without_revision": "arn:aws:ecs:us-east-1:068856380156:task-definition/notification-service",
            "container_definitions": "[{\"cpu\":1024,\"environment\":[{\"name\":\"SPRING_PROFILES_ACTIVE\",\"value\":\"prod\"}],\"essential\":true,\"image\":\"068856380156.dkr.ecr.us-east-1.amazonaws.com/notification-service:latest\",\"logConfiguration\":{\"logDriver\":\"awslogs\",\"options\":{\"awslogs-stream-prefix\":\"ecs\",\"awslogs-group\":\"/ecs/notification-service\",\"awslogs-create-group\":\"true\",\"awslogs-region\":\"us-east-1\"}},\"memory\":3072,\"mountPoints\":[],\"name\":\"notification-service\",\"portMappings\":[{\"appProtocol\":\"http\",\"containerPort\":8040,\"hostPort\":8040,\"name\":\"notification-port\",\"protocol\":\"tcp\"}],\"systemControls\":[],\"volumesFrom\":[]}]",
            "cpu": "1024",
            "enable_fault_injection": false,
            "ephemeral_storage": [
              {
                "size_in_gib": 21
              }
            ],
            "execution_role_arn": "arn:aws:iam::068856380156:role/microservices-ecommerce-ecs-task-execution-role",
            "family": "notification-service",
            "id": "notification-service",
            "ipc_mode": "",
            "memory": "3072",
            "network_mode": "awsvpc",
            "pid_mode": "",
            "placement_constraints": [],
            "proxy_configuration": [],
            "region": "us-east-1",
            "requires_compatibilities": [
              "FARGATE"
            ],
            "revision": 7,
            "runtime_platform": [
              {
                "cpu_architecture": "X86_64",
                "operating_system_family": "LINUX"
              }
            ],
            "skip_destroy": false,
            "tags": {
              "Environment": "production",
              "ManagedBy": "terraform",
              "Name": "microservices-ecommerce-notification-task",
              "Project": "microservices-ecommerce",
              "Service": "notification"
            },
            "tags_all": {
              "Environment": "production",
              "ManagedBy": "terraform",
              "Name": "microservices-ecommerce-notification-task",
              "Project": "microservices-ecommerce",
              "Service": "notification"
            },
            "task_role_arn": "arn:aws:iam::068856380156:role/microservices-ecommerce-ecs-task-role",
            "track_latest": false,
            "volume": []
          },
          "sensitive_attributes": [],
          "private": "eyJzY2hlbWFfdmVyc2lvbiI6IjEifQ==",
          "dependencies": [
            "aws_iam_role.ecs_task",
            "aws_iam_role.ecs_task_execution",
            "module.ecr.aws_ecr_lifecycle_policy.services",
            "module.ecr.aws_ecr_repository.services",
            "module.ecs.aws_cloudwatch_log_group.services",
            "module.network.aws_eip.nat",
            "module.network.aws_internet_gateway.main",
            "module.network.aws_lb.main",
            "module.network.aws_lb_listener.main",
            "module.network.aws_lb_listener_rule.services",
            "module.network.aws_lb_target_group.services",
            "module.network.aws_nat_gateway.main",
            "module.network.aws_route_table.private",
            "module.network.aws_route_table.public",
            "module.network.aws_route_table_association.private",
            "module.network.aws_route_table_association.public",
            "module.network.aws_security_group.alb",
            "module.network.aws_security_group.ecs_services",
            "module.network.aws_subnet.private",
            "module.network.aws_subnet.public",
            "module.network.aws_vpc.main"
          ]
        },
        {
          "index_key": "order",
          "schema_version": 1,
          "attributes": {
            "arn": "arn:aws:ecs:us-east-1:068856380156:task-definition/order-service:7",
            "arn_without_revision": "arn:aws:ecs:us-east-1:068856380156:task-definition/order-service",
            "container_definitions": "[{\"cpu\":1024,\"environment\":[{\"name\":\"SPRING_PROFILES_ACTIVE\",\"value\":\"prod\"}],\"essential\":true,\"image\":\"068856380156.dkr.ecr.us-east-1.amazonaws.com/order-service:latest\",\"logConfiguration\":{\"logDriver\":\"awslogs\",\"options\":{\"awslogs-region\":\"us-east-1\",\"awslogs-stream-prefix\":\"ecs\",\"awslogs-group\":\"/ecs/order-service\",\"awslogs-create-group\":\"true\"}},\"memory\":3072,\"mountPoints\":[],\"name\":\"order-service\",\"portMappings\":[{\"appProtocol\":\"http\",\"containerPort\":8070,\"hostPort\":8070,\"name\":\"order-port\",\"protocol\":\"tcp\"}],\"systemControls\":[],\"volumesFrom\":[]}]",
            "cpu": "1024",
            "enable_fault_injection": false,
            "ephemeral_storage": [
              {
                "size_in_gib": 21
              }
            ],
            "execution_role_arn": "arn:aws:iam::068856380156:role/microservices-ecommerce-ecs-task-execution-role",
            "family": "order-service",
            "id": "order-service",
            "ipc_mode": "",
            "memory": "3072",
            "network_mode": "awsvpc",
            "pid_mode": "",
            "placement_constraints": [],
            "proxy_configuration": [],
            "region": "us-east-1",
            "requires_compatibilities": [
              "FARGATE"
            ],
            "revision": 7,
            "runtime_platform": [
              {
                "cpu_architecture": "X86_64",
                "operating_system_family": "LINUX"
              }
            ],
            "skip_destroy": false,
            "tags": {
              "Environment": "production",
              "ManagedBy": "terraform",
              "Name": "microservices-ecommerce-order-task",
              "Project": "microservices-ecommerce",
              "Service": "order"
            },
            "tags_all": {
              "Environment": "production",
              "ManagedBy": "terraform",
              "Name": "microservices-ecommerce-order-task",
              "Project": "microservices-ecommerce",
              "Service": "order"
            },
            "task_role_arn": "arn:aws:iam::068856380156:role/microservices-ecommerce-ecs-task-role",
            "track_latest": false,
            "volume": []
          },
          "sensitive_attributes": [],
          "private": "eyJzY2hlbWFfdmVyc2lvbiI6IjEifQ==",
          "dependencies": [
            "aws_iam_role.ecs_task",
            "aws_iam_role.ecs_task_execution",
            "module.ecr.aws_ecr_lifecycle_policy.services",
            "module.ecr.aws_ecr_repository.services",
            "module.ecs.aws_cloudwatch_log_group.services",
            "module.network.aws_eip.nat",
            "module.network.aws_internet_gateway.main",
            "module.network.aws_lb.main",
            "module.network.aws_lb_listener.main",
            "module.network.aws_lb_listener_rule.services",
            "module.network.aws_lb_target_group.services",
            "module.network.aws_nat_gateway.main",
            "module.network.aws_route_table.private",
            "module.network.aws_route_table.public",
            "module.network.aws_route_table_association.private",
            "module.network.aws_route_table_association.public",
            "module.network.aws_security_group.alb",
            "module.network.aws_security_group.ecs_services",
            "module.network.aws_subnet.private",
            "module.network.aws_subnet.public",
            "module.network.aws_vpc.main"
          ]
        },
        {
          "index_key": "payment",
          "schema_version": 1,
          "attributes": {
            "arn": "arn:aws:ecs:us-east-1:068856380156:task-definition/payment-service:7",
            "arn_without_revision": "arn:aws:ecs:us-east-1:068856380156:task-definition/payment-service",
            "container_definitions": "[{\"cpu\":1024,\"environment\":[{\"name\":\"SPRING_PROFILES_ACTIVE\",\"value\":\"prod\"}],\"essential\":true,\"image\":\"068856380156.dkr.ecr.us-east-1.amazonaws.com/payment-service:latest\",\"logConfiguration\":{\"logDriver\":\"awslogs\",\"options\":{\"awslogs-stream-prefix\":\"ecs\",\"awslogs-group\":\"/ecs/payment-service\",\"awslogs-create-group\":\"true\",\"awslogs-region\":\"us-east-1\"}},\"memory\":3072,\"mountPoints\":[],\"name\":\"payment-service\",\"portMappings\":[{\"appProtocol\":\"http\",\"containerPort\":8060,\"hostPort\":8060,\"name\":\"payment-port\",\"protocol\":\"tcp\"}],\"systemControls\":[],\"volumesFrom\":[]}]",
            "cpu": "1024",
            "enable_fault_injection": false,
            "ephemeral_storage": [
              {
                "size_in_gib": 21
              }
            ],
            "execution_role_arn": "arn:aws:iam::068856380156:role/microservices-ecommerce-ecs-task-execution-role",
            "family": "payment-service",
            "id": "payment-service",
            "ipc_mode": "",
            "memory": "3072",
            "network_mode": "awsvpc",
            "pid_mode": "",
            "placement_constraints": [],
            "proxy_configuration": [],
            "region": "us-east-1",
            "requires_compatibilities": [
              "FARGATE"
            ],
            "revision": 7,
            "runtime_platform": [
              {
                "cpu_architecture": "X86_64",
                "operating_system_family": "LINUX"
              }
            ],
            "skip_destroy": false,
            "tags": {
              "Environment": "production",
              "ManagedBy": "terraform",
              "Name": "microservices-ecommerce-payment-task",
              "Project": "microservices-ecommerce",
              "Service": "payment"
            },
            "tags_all": {
              "Environment": "production",
              "ManagedBy": "terraform",
              "Name": "microservices-ecommerce-payment-task",
              "Project": "microservices-ecommerce",
              "Service": "payment"
            },
            "task_role_arn": "arn:aws:iam::068856380156:role/microservices-ecommerce-ecs-task-role",
            "track_latest": false,
            "volume": []
          },
          "sensitive_attributes": [],
          "private": "eyJzY2hlbWFfdmVyc2lvbiI6IjEifQ==",
          "dependencies": [
            "aws_iam_role.ecs_task",
            "aws_iam_role.ecs_task_execution",
            "module.ecr.aws_ecr_lifecycle_policy.services",
            "module.ecr.aws_ecr_repository.services",
            "module.ecs.aws_cloudwatch_log_group.services",
            "module.network.aws_eip.nat",
            "module.network.aws_internet_gateway.main",
            "module.network.aws_lb.main",
            "module.network.aws_lb_listener.main",
            "module.network.aws_lb_listener_rule.services",
            "module.network.aws_lb_target_group.services",
            "module.network.aws_nat_gateway.main",
            "module.network.aws_route_table.private",
            "module.network.aws_route_table.public",
            "module.network.aws_route_table_association.private",
            "module.network.aws_route_table_association.public",
            "module.network.aws_security_group.alb",
            "module.network.aws_security_group.ecs_services",
            "module.network.aws_subnet.private",
            "module.network.aws_subnet.public",
            "module.network.aws_vpc.main"
          ]
        },
        {
          "index_key": "product",
          "schema_version": 1,
          "attributes": {
            "arn": "arn:aws:ecs:us-east-1:068856380156:task-definition/product-api:7",
            "arn_without_revision": "arn:aws:ecs:us-east-1:068856380156:task-definition/product-api",
            "container_definitions": "[{\"cpu\":1024,\"environment\":[{\"name\":\"SPRING_PROFILES_ACTIVE\",\"value\":\"prod\"}],\"essential\":true,\"image\":\"068856380156.dkr.ecr.us-east-1.amazonaws.com/product-api:latest\",\"logConfiguration\":{\"logDriver\":\"awslogs\",\"options\":{\"awslogs-group\":\"/ecs/product-api\",\"awslogs-create-group\":\"true\",\"awslogs-region\":\"us-east-1\",\"awslogs-stream-prefix\":\"ecs\"}},\"memory\":3072,\"mountPoints\":[],\"name\":\"product-api\",\"portMappings\":[{\"appProtocol\":\"http\",\"containerPort\":8050,\"hostPort\":8050,\"name\":\"product-port\",\"protocol\":\"tcp\"}],\"systemControls\":[],\"volumesFrom\":[]}]",
            "cpu": "1024",
            "enable_fault_injection": false,
            "ephemeral_storage": [
              {
                "size_in_gib": 21
              }
            ],
            "execution_role_arn": "arn:aws:iam::068856380156:role/microservices-ecommerce-ecs-task-execution-role",
            "family": "product-api",
            "id": "product-api",
            "ipc_mode": "",
            "memory": "3072",
            "network_mode": "awsvpc",
            "pid_mode": "",
            "placement_constraints": [],
            "proxy_configuration": [],
            "region": "us-east-1",
            "requires_compatibilities": [
              "FARGATE"
            ],
            "revision": 7,
            "runtime_platform": [
              {
                "cpu_architecture": "X86_64",
                "operating_system_family": "LINUX"
              }
            ],
            "skip_destroy": false,
            "tags": {
              "Environment": "production",
              "ManagedBy": "terraform",
              "Name": "microservices-ecommerce-product-task",
              "Project": "microservices-ecommerce",
              "Service": "product"
            },
            "tags_all": {
              "Environment": "production",
              "ManagedBy": "terraform",
              "Name": "microservices-ecommerce-product-task",
              "Project": "microservices-ecommerce",
              "Service": "product"
            },
            "task_role_arn": "arn:aws:iam::068856380156:role/microservices-ecommerce-ecs-task-role",
            "track_latest": false,
            "volume": []
          },
          "sensitive_attributes": [],
          "private": "eyJzY2hlbWFfdmVyc2lvbiI6IjEifQ==",
          "dependencies": [
            "aws_iam_role.ecs_task",
            "aws_iam_role.ecs_task_execution",
            "module.ecr.aws_ecr_lifecycle_policy.services",
            "module.ecr.aws_ecr_repository.services",
            "module.ecs.aws_cloudwatch_log_group.services",
            "module.network.aws_eip.nat",
            "module.network.aws_internet_gateway.main",
            "module.network.aws_lb.main",
            "module.network.aws_lb_listener.main",
            "module.network.aws_lb_listener_rule.services",
            "module.network.aws_lb_target_group.services",
            "module.network.aws_nat_gateway.main",
            "module.network.aws_route_table.private",
            "module.network.aws_route_table.public",
            "module.network.aws_route_table_association.private",
            "module.network.aws_route_table_association.public",
            "module.network.aws_security_group.alb",
            "module.network.aws_security_group.ecs_services",
            "module.network.aws_subnet.private",
            "module.network.aws_subnet.public",
            "module.network.aws_vpc.main"
          ]
        }
      ]
    },
    {
      "module": "module.ecs",
      "mode": "managed",
      "type": "aws_service_discovery_private_dns_namespace",
      "name": "main",
      "provider": "provider[\"registry.terraform.io/hashicorp/aws\"]",
      "instances": [
        {
          "schema_version": 0,
          "attributes": {
            "arn": "arn:aws:servicediscovery:us-east-1:068856380156:namespace/ns-sh5m4wj7tm5vwfs5",
            "description": "Private DNS namespace for service discovery",
            "hosted_zone": "Z01727461163Y9QET3LCT",
            "id": "ns-sh5m4wj7tm5vwfs5",
            "name": "microservices-ecommerce.local",
            "region": "us-east-1",
            "tags": {
              "Environment": "production",
              "ManagedBy": "terraform",
              "Project": "microservices-ecommerce"
            },
            "tags_all": {
              "Environment": "production",
              "ManagedBy": "terraform",
              "Project": "microservices-ecommerce"
            },
            "vpc": "vpc-0e7ec7a470f47bccd"
          },
          "sensitive_attributes": [],
          "private": "bnVsbA==",
          "dependencies": [
            "aws_iam_role.ecs_task",
            "aws_iam_role.ecs_task_execution",
            "module.ecr.aws_ecr_lifecycle_policy.services",
            "module.ecr.aws_ecr_repository.services",
            "module.network.aws_eip.nat",
            "module.network.aws_internet_gateway.main",
            "module.network.aws_lb.main",
            "module.network.aws_lb_listener.main",
            "module.network.aws_lb_listener_rule.services",
            "module.network.aws_lb_target_group.services",
            "module.network.aws_nat_gateway.main",
            "module.network.aws_route_table.private",
            "module.network.aws_route_table.public",
            "module.network.aws_route_table_association.private",
            "module.network.aws_route_table_association.public",
            "module.network.aws_security_group.alb",
            "module.network.aws_security_group.ecs_services",
            "module.network.aws_subnet.private",
            "module.network.aws_subnet.public",
            "module.network.aws_vpc.main"
          ]
        }
      ]
    },
    {
      "module": "module.ecs",
      "mode": "managed",
      "type": "aws_service_discovery_service",
      "name": "services",
      "provider": "provider[\"registry.terraform.io/hashicorp/aws\"]",
      "instances": [
        {
          "index_key": "auth",
          "schema_version": 0,
          "attributes": {
            "arn": "arn:aws:servicediscovery:us-east-1:068856380156:service/srv-3ypsbff6fsu6qrkc",
            "description": "",
            "dns_config": [
              {
                "dns_records": [
                  {
                    "ttl": 10,
                    "type": "A"
                  }
                ],
                "namespace_id": "ns-sh5m4wj7tm5vwfs5",
                "routing_policy": "MULTIVALUE"
              }
            ],
            "force_destroy": false,
            "health_check_config": [],
            "health_check_custom_config": [],
            "id": "srv-3ypsbff6fsu6qrkc",
            "name": "auth-service",
            "namespace_id": "ns-sh5m4wj7tm5vwfs5",
            "region": "us-east-1",
            "tags": {
              "Environment": "production",
              "ManagedBy": "terraform",
              "Name": "microservices-ecommerce-auth-service-discovery",
              "Project": "microservices-ecommerce"
            },
            "tags_all": {
              "Environment": "production",
              "ManagedBy": "terraform",
              "Name": "microservices-ecommerce-auth-service-discovery",
              "Project": "microservices-ecommerce"
            },
            "type": "DNS_HTTP"
          },
          "sensitive_attributes": [],
          "private": "bnVsbA==",
          "dependencies": [
            "aws_iam_role.ecs_task",
            "aws_iam_role.ecs_task_execution",
            "module.ecr.aws_ecr_lifecycle_policy.services",
            "module.ecr.aws_ecr_repository.services",
            "module.ecs.aws_service_discovery_private_dns_namespace.main",
            "module.network.aws_eip.nat",
            "module.network.aws_internet_gateway.main",
            "module.network.aws_lb.main",
            "module.network.aws_lb_listener.main",
            "module.network.aws_lb_listener_rule.services",
            "module.network.aws_lb_target_group.services",
            "module.network.aws_nat_gateway.main",
            "module.network.aws_route_table.private",
            "module.network.aws_route_table.public",
            "module.network.aws_route_table_association.private",
            "module.network.aws_route_table_association.public",
            "module.network.aws_security_group.alb",
            "module.network.aws_security_group.ecs_services",
            "module.network.aws_subnet.private",
            "module.network.aws_subnet.public",
            "module.network.aws_vpc.main"
          ]
        },
        {
          "index_key": "client",
          "schema_version": 0,
          "attributes": {
            "arn": "arn:aws:servicediscovery:us-east-1:068856380156:service/srv-27piv6ptq7fi26yn",
            "description": "",
            "dns_config": [
              {
                "dns_records": [
                  {
                    "ttl": 10,
                    "type": "A"
                  }
                ],
                "namespace_id": "ns-sh5m4wj7tm5vwfs5",
                "routing_policy": "MULTIVALUE"
              }
            ],
            "force_destroy": false,
            "health_check_config": [],
            "health_check_custom_config": [],
            "id": "srv-27piv6ptq7fi26yn",
            "name": "client-service",
            "namespace_id": "ns-sh5m4wj7tm5vwfs5",
            "region": "us-east-1",
            "tags": {
              "Environment": "production",
              "ManagedBy": "terraform",
              "Name": "microservices-ecommerce-client-service-discovery",
              "Project": "microservices-ecommerce"
            },
            "tags_all": {
              "Environment": "production",
              "ManagedBy": "terraform",
              "Name": "microservices-ecommerce-client-service-discovery",
              "Project": "microservices-ecommerce"
            },
            "type": "DNS_HTTP"
          },
          "sensitive_attributes": [],
          "private": "bnVsbA==",
          "dependencies": [
            "aws_iam_role.ecs_task",
            "aws_iam_role.ecs_task_execution",
            "module.ecr.aws_ecr_lifecycle_policy.services",
            "module.ecr.aws_ecr_repository.services",
            "module.ecs.aws_service_discovery_private_dns_namespace.main",
            "module.network.aws_eip.nat",
            "module.network.aws_internet_gateway.main",
            "module.network.aws_lb.main",
            "module.network.aws_lb_listener.main",
            "module.network.aws_lb_listener_rule.services",
            "module.network.aws_lb_target_group.services",
            "module.network.aws_nat_gateway.main",
            "module.network.aws_route_table.private",
            "module.network.aws_route_table.public",
            "module.network.aws_route_table_association.private",
            "module.network.aws_route_table_association.public",
            "module.network.aws_security_group.alb",
            "module.network.aws_security_group.ecs_services",
            "module.network.aws_subnet.private",
            "module.network.aws_subnet.public",
            "module.network.aws_vpc.main"
          ]
        },
        {
          "index_key": "config",
          "schema_version": 0,
          "attributes": {
            "arn": "arn:aws:servicediscovery:us-east-1:068856380156:service/srv-upgdwwiyphu6fjyg",
            "description": "",
            "dns_config": [
              {
                "dns_records": [
                  {
                    "ttl": 10,
                    "type": "A"
                  }
                ],
                "namespace_id": "ns-sh5m4wj7tm5vwfs5",
                "routing_policy": "MULTIVALUE"
              }
            ],
            "force_destroy": false,
            "health_check_config": [],
            "health_check_custom_config": [],
            "id": "srv-upgdwwiyphu6fjyg",
            "name": "config-server",
            "namespace_id": "ns-sh5m4wj7tm5vwfs5",
            "region": "us-east-1",
            "tags": {
              "Environment": "production",
              "ManagedBy": "terraform",
              "Name": "microservices-ecommerce-config-server-discovery",
              "Project": "microservices-ecommerce"
            },
            "tags_all": {
              "Environment": "production",
              "ManagedBy": "terraform",
              "Name": "microservices-ecommerce-config-server-discovery",
              "Project": "microservices-ecommerce"
            },
            "type": "DNS_HTTP"
          },
          "sensitive_attributes": [],
          "private": "bnVsbA==",
          "dependencies": [
            "aws_iam_role.ecs_task",
            "aws_iam_role.ecs_task_execution",
            "module.ecr.aws_ecr_lifecycle_policy.services",
            "module.ecr.aws_ecr_repository.services",
            "module.ecs.aws_service_discovery_private_dns_namespace.main",
            "module.network.aws_eip.nat",
            "module.network.aws_internet_gateway.main",
            "module.network.aws_lb.main",
            "module.network.aws_lb_listener.main",
            "module.network.aws_lb_listener_rule.services",
            "module.network.aws_lb_target_group.services",
            "module.network.aws_nat_gateway.main",
            "module.network.aws_route_table.private",
            "module.network.aws_route_table.public",
            "module.network.aws_route_table_association.private",
            "module.network.aws_route_table_association.public",
            "module.network.aws_security_group.alb",
            "module.network.aws_security_group.ecs_services",
            "module.network.aws_subnet.private",
            "module.network.aws_subnet.public",
            "module.network.aws_vpc.main"
          ]
        },
        {
          "index_key": "notification",
          "schema_version": 0,
          "attributes": {
            "arn": "arn:aws:servicediscovery:us-east-1:068856380156:service/srv-aleekshx7xwtt3bh",
            "description": "",
            "dns_config": [
              {
                "dns_records": [
                  {
                    "ttl": 10,
                    "type": "A"
                  }
                ],
                "namespace_id": "ns-sh5m4wj7tm5vwfs5",
                "routing_policy": "MULTIVALUE"
              }
            ],
            "force_destroy": false,
            "health_check_config": [],
            "health_check_custom_config": [],
            "id": "srv-aleekshx7xwtt3bh",
            "name": "notification-service",
            "namespace_id": "ns-sh5m4wj7tm5vwfs5",
            "region": "us-east-1",
            "tags": {
              "Environment": "production",
              "ManagedBy": "terraform",
              "Name": "microservices-ecommerce-notification-service-discovery",
              "Project": "microservices-ecommerce"
            },
            "tags_all": {
              "Environment": "production",
              "ManagedBy": "terraform",
              "Name": "microservices-ecommerce-notification-service-discovery",
              "Project": "microservices-ecommerce"
            },
            "type": "DNS_HTTP"
          },
          "sensitive_attributes": [],
          "private": "bnVsbA==",
          "dependencies": [
            "aws_iam_role.ecs_task",
            "aws_iam_role.ecs_task_execution",
            "module.ecr.aws_ecr_lifecycle_policy.services",
            "module.ecr.aws_ecr_repository.services",
            "module.ecs.aws_service_discovery_private_dns_namespace.main",
            "module.network.aws_eip.nat",
            "module.network.aws_internet_gateway.main",
            "module.network.aws_lb.main",
            "module.network.aws_lb_listener.main",
            "module.network.aws_lb_listener_rule.services",
            "module.network.aws_lb_target_group.services",
            "module.network.aws_nat_gateway.main",
            "module.network.aws_route_table.private",
            "module.network.aws_route_table.public",
            "module.network.aws_route_table_association.private",
            "module.network.aws_route_table_association.public",
            "module.network.aws_security_group.alb",
            "module.network.aws_security_group.ecs_services",
            "module.network.aws_subnet.private",
            "module.network.aws_subnet.public",
            "module.network.aws_vpc.main"
          ]
        },
        {
          "index_key": "order",
          "schema_version": 0,
          "attributes": {
            "arn": "arn:aws:servicediscovery:us-east-1:068856380156:service/srv-wwycp6lkbxszz7xm",
            "description": "",
            "dns_config": [
              {
                "dns_records": [
                  {
                    "ttl": 10,
                    "type": "A"
                  }
                ],
                "namespace_id": "ns-sh5m4wj7tm5vwfs5",
                "routing_policy": "MULTIVALUE"
              }
            ],
            "force_destroy": false,
            "health_check_config": [],
            "health_check_custom_config": [],
            "id": "srv-wwycp6lkbxszz7xm",
            "name": "order-service",
            "namespace_id": "ns-sh5m4wj7tm5vwfs5",
            "region": "us-east-1",
            "tags": {
              "Environment": "production",
              "ManagedBy": "terraform",
              "Name": "microservices-ecommerce-order-service-discovery",
              "Project": "microservices-ecommerce"
            },
            "tags_all": {
              "Environment": "production",
              "ManagedBy": "terraform",
              "Name": "microservices-ecommerce-order-service-discovery",
              "Project": "microservices-ecommerce"
            },
            "type": "DNS_HTTP"
          },
          "sensitive_attributes": [],
          "private": "bnVsbA==",
          "dependencies": [
            "aws_iam_role.ecs_task",
            "aws_iam_role.ecs_task_execution",
            "module.ecr.aws_ecr_lifecycle_policy.services",
            "module.ecr.aws_ecr_repository.services",
            "module.ecs.aws_service_discovery_private_dns_namespace.main",
            "module.network.aws_eip.nat",
            "module.network.aws_internet_gateway.main",
            "module.network.aws_lb.main",
            "module.network.aws_lb_listener.main",
            "module.network.aws_lb_listener_rule.services",
            "module.network.aws_lb_target_group.services",
            "module.network.aws_nat_gateway.main",
            "module.network.aws_route_table.private",
            "module.network.aws_route_table.public",
            "module.network.aws_route_table_association.private",
            "module.network.aws_route_table_association.public",
            "module.network.aws_security_group.alb",
            "module.network.aws_security_group.ecs_services",
            "module.network.aws_subnet.private",
            "module.network.aws_subnet.public",
            "module.network.aws_vpc.main"
          ]
        },
        {
          "index_key": "payment",
          "schema_version": 0,
          "attributes": {
            "arn": "arn:aws:servicediscovery:us-east-1:068856380156:service/srv-ktcybgscsewtxau5",
            "description": "",
            "dns_config": [
              {
                "dns_records": [
                  {
                    "ttl": 10,
                    "type": "A"
                  }
                ],
                "namespace_id": "ns-sh5m4wj7tm5vwfs5",
                "routing_policy": "MULTIVALUE"
              }
            ],
            "force_destroy": false,
            "health_check_config": [],
            "health_check_custom_config": [],
            "id": "srv-ktcybgscsewtxau5",
            "name": "payment-service",
            "namespace_id": "ns-sh5m4wj7tm5vwfs5",
            "region": "us-east-1",
            "tags": {
              "Environment": "production",
              "ManagedBy": "terraform",
              "Name": "microservices-ecommerce-payment-service-discovery",
              "Project": "microservices-ecommerce"
            },
            "tags_all": {
              "Environment": "production",
              "ManagedBy": "terraform",
              "Name": "microservices-ecommerce-payment-service-discovery",
              "Project": "microservices-ecommerce"
            },
            "type": "DNS_HTTP"
          },
          "sensitive_attributes": [],
          "private": "bnVsbA==",
          "dependencies": [
            "aws_iam_role.ecs_task",
            "aws_iam_role.ecs_task_execution",
            "module.ecr.aws_ecr_lifecycle_policy.services",
            "module.ecr.aws_ecr_repository.services",
            "module.ecs.aws_service_discovery_private_dns_namespace.main",
            "module.network.aws_eip.nat",
            "module.network.aws_internet_gateway.main",
            "module.network.aws_lb.main",
            "module.network.aws_lb_listener.main",
            "module.network.aws_lb_listener_rule.services",
            "module.network.aws_lb_target_group.services",
            "module.network.aws_nat_gateway.main",
            "module.network.aws_route_table.private",
            "module.network.aws_route_table.public",
            "module.network.aws_route_table_association.private",
            "module.network.aws_route_table_association.public",
            "module.network.aws_security_group.alb",
            "module.network.aws_security_group.ecs_services",
            "module.network.aws_subnet.private",
            "module.network.aws_subnet.public",
            "module.network.aws_vpc.main"
          ]
        },
        {
          "index_key": "product",
          "schema_version": 0,
          "attributes": {
            "arn": "arn:aws:servicediscovery:us-east-1:068856380156:service/srv-5c6knvmrevbyr5ez",
            "description": "",
            "dns_config": [
              {
                "dns_records": [
                  {
                    "ttl": 10,
                    "type": "A"
                  }
                ],
                "namespace_id": "ns-sh5m4wj7tm5vwfs5",
                "routing_policy": "MULTIVALUE"
              }
            ],
            "force_destroy": false,
            "health_check_config": [],
            "health_check_custom_config": [],
            "id": "srv-5c6knvmrevbyr5ez",
            "name": "product-api",
            "namespace_id": "ns-sh5m4wj7tm5vwfs5",
            "region": "us-east-1",
            "tags": {
              "Environment": "production",
              "ManagedBy": "terraform",
              "Name": "microservices-ecommerce-product-api-discovery",
              "Project": "microservices-ecommerce"
            },
            "tags_all": {
              "Environment": "production",
              "ManagedBy": "terraform",
              "Name": "microservices-ecommerce-product-api-discovery",
              "Project": "microservices-ecommerce"
            },
            "type": "DNS_HTTP"
          },
          "sensitive_attributes": [],
          "private": "bnVsbA==",
          "dependencies": [
            "aws_iam_role.ecs_task",
            "aws_iam_role.ecs_task_execution",
            "module.ecr.aws_ecr_lifecycle_policy.services",
            "module.ecr.aws_ecr_repository.services",
            "module.ecs.aws_service_discovery_private_dns_namespace.main",
            "module.network.aws_eip.nat",
            "module.network.aws_internet_gateway.main",
            "module.network.aws_lb.main",
            "module.network.aws_lb_listener.main",
            "module.network.aws_lb_listener_rule.services",
            "module.network.aws_lb_target_group.services",
            "module.network.aws_nat_gateway.main",
            "module.network.aws_route_table.private",
            "module.network.aws_route_table.public",
            "module.network.aws_route_table_association.private",
            "module.network.aws_route_table_association.public",
            "module.network.aws_security_group.alb",
            "module.network.aws_security_group.ecs_services",
            "module.network.aws_subnet.private",
            "module.network.aws_subnet.public",
            "module.network.aws_vpc.main"
          ]
        }
      ]
    },
    {
      "module": "module.msk",
      "mode": "managed",
      "type": "aws_msk_cluster",
      "name": "kafka",
      "provider": "provider[\"registry.terraform.io/hashicorp/aws\"]",
      "instances": [
        {
          "schema_version": 0,
          "attributes": {
            "arn": "arn:aws:kafka:us-east-1:068856380156:cluster/microservices-ecommerce-msk-cluster/b8b0ec67-8332-4033-af03-37d929129b08-8",
            "bootstrap_brokers": "b-1.microservicesecommerce.nmefo7.c8.kafka.us-east-1.amazonaws.com:9092,b-2.microservicesecommerce.nmefo7.c8.kafka.us-east-1.amazonaws.com:9092,b-3.microservicesecommerce.nmefo7.c8.kafka.us-east-1.amazonaws.com:9092",
            "bootstrap_brokers_public_sasl_iam": "",
            "bootstrap_brokers_public_sasl_scram": "",
            "bootstrap_brokers_public_tls": "",
            "bootstrap_brokers_sasl_iam": "",
            "bootstrap_brokers_sasl_scram": "",
            "bootstrap_brokers_tls": "b-1.microservicesecommerce.nmefo7.c8.kafka.us-east-1.amazonaws.com:9094,b-2.microservicesecommerce.nmefo7.c8.kafka.us-east-1.amazonaws.com:9094,b-3.microservicesecommerce.nmefo7.c8.kafka.us-east-1.amazonaws.com:9094",
            "bootstrap_brokers_vpc_connectivity_sasl_iam": "",
            "bootstrap_brokers_vpc_connectivity_sasl_scram": "",
            "bootstrap_brokers_vpc_connectivity_tls": "",
            "broker_node_group_info": [
              {
                "az_distribution": "DEFAULT",
                "client_subnets": [
                  "subnet-0a5331ae248243ea2",
                  "subnet-0b267e128d38dd3c4",
                  "subnet-0d67c06c2b319904d"
                ],
                "connectivity_info": [
                  {
                    "public_access": [
                      {
                        "type": "DISABLED"
                      }
                    ],
                    "vpc_connectivity": [
                      {
                        "client_authentication": [
                          {
                            "sasl": [
                              {
                                "iam": false,
                                "scram": false
                              }
                            ],
                            "tls": false
                          }
                        ]
                      }
                    ]
                  }
                ],
                "instance_type": "kafka.m7g.large",
                "security_groups": [
                  "sg-0e57eadaab32d756f"
                ],
                "storage_info": [
                  {
                    "ebs_storage_info": [
                      {
                        "provisioned_throughput": [],
                        "volume_size": 1000
                      }
                    ]
                  }
                ]
              }
            ],
            "client_authentication": [
              {
                "sasl": [],
                "tls": [],
                "unauthenticated": true
              }
            ],
            "cluster_name": "microservices-ecommerce-msk-cluster",
            "cluster_uuid": "b8b0ec67-8332-4033-af03-37d929129b08-8",
            "configuration_info": [
              {
                "arn": "arn:aws:kafka:us-east-1:068856380156:configuration/microservices-ecommerce-msk-config/30f90dd4-e97e-422d-a921-6a28eb4ccb16-8",
                "revision": 1
              }
            ],
            "current_version": "K3P5ROKL5A1OLE",
            "encryption_info": [
              {
                "encryption_at_rest_kms_key_arn": "arn:aws:kms:us-east-1:068856380156:key/3bf42daf-aacd-4f9f-a34c-3bda2313feac",
                "encryption_in_transit": [
                  {
                    "client_broker": "TLS_PLAINTEXT",
                    "in_cluster": true
                  }
                ]
              }
            ],
            "enhanced_monitoring": "DEFAULT",
            "id": "arn:aws:kafka:us-east-1:068856380156:cluster/microservices-ecommerce-msk-cluster/b8b0ec67-8332-4033-af03-37d929129b08-8",
            "kafka_version": "3.8.x",
            "logging_info": [
              {
                "broker_logs": [
                  {
                    "cloudwatch_logs": [
                      {
                        "enabled": false,
                        "log_group": ""
                      }
                    ],
                    "firehose": [
                      {
                        "delivery_stream": "",
                        "enabled": false
                      }
                    ],
                    "s3": [
                      {
                        "bucket": "",
                        "enabled": false,
                        "prefix": ""
                      }
                    ]
                  }
                ]
              }
            ],
            "number_of_broker_nodes": 3,
            "open_monitoring": [
              {
                "prometheus": [
                  {
                    "jmx_exporter": [
                      {
                        "enabled_in_broker": false
                      }
                    ],
                    "node_exporter": [
                      {
                        "enabled_in_broker": false
                      }
                    ]
                  }
                ]
              }
            ],
            "region": "us-east-1",
            "storage_mode": "LOCAL",
            "tags": {
              "Environment": "production",
              "ManagedBy": "terraform",
              "Name": "microservices-ecommerce-msk-cluster",
              "Project": "microservices-ecommerce"
            },
            "tags_all": {
              "Environment": "production",
              "ManagedBy": "terraform",
              "Name": "microservices-ecommerce-msk-cluster",
              "Project": "microservices-ecommerce"
            },
            "timeouts": null,
            "zookeeper_connect_string": "z-1.microservicesecommerce.nmefo7.c8.kafka.us-east-1.amazonaws.com:2181,z-2.microservicesecommerce.nmefo7.c8.kafka.us-east-1.amazonaws.com:2181,z-3.microservicesecommerce.nmefo7.c8.kafka.us-east-1.amazonaws.com:2181",
            "zookeeper_connect_string_tls": "z-1.microservicesecommerce.nmefo7.c8.kafka.us-east-1.amazonaws.com:2182,z-2.microservicesecommerce.nmefo7.c8.kafka.us-east-1.amazonaws.com:2182,z-3.microservicesecommerce.nmefo7.c8.kafka.us-east-1.amazonaws.com:2182"
          },
          "sensitive_attributes": [],
          "private": "eyJlMmJmYjczMC1lY2FhLTExZTYtOGY4OC0zNDM2M2JjN2M0YzAiOnsiY3JlYXRlIjo3MjAwMDAwMDAwMDAwLCJkZWxldGUiOjcyMDAwMDAwMDAwMDAsInVwZGF0ZSI6NzIwMDAwMDAwMDAwMH19",
          "dependencies": [
            "module.msk.aws_cloudwatch_log_group.msk_broker_logs",
            "module.msk.aws_msk_configuration.kafka_config",
            "module.msk.aws_security_group.msk",
            "module.network.aws_eip.nat",
            "module.network.aws_internet_gateway.main",
            "module.network.aws_lb.main",
            "module.network.aws_lb_listener.main",
            "module.network.aws_lb_listener_rule.services",
            "module.network.aws_lb_target_group.services",
            "module.network.aws_nat_gateway.main",
            "module.network.aws_route_table.private",
            "module.network.aws_route_table.public",
            "module.network.aws_route_table_association.private",
            "module.network.aws_route_table_association.public",
            "module.network.aws_security_group.alb",
            "module.network.aws_security_group.ecs_services",
            "module.network.aws_subnet.private",
            "module.network.aws_subnet.public",
            "module.network.aws_vpc.main"
          ]
        }
      ]
    },
    {
      "module": "module.msk",
      "mode": "managed",
      "type": "aws_msk_configuration",
      "name": "kafka_config",
      "provider": "provider[\"registry.terraform.io/hashicorp/aws\"]",
      "instances": [
        {
          "schema_version": 0,
          "attributes": {
            "arn": "arn:aws:kafka:us-east-1:068856380156:configuration/microservices-ecommerce-msk-config/30f90dd4-e97e-422d-a921-6a28eb4ccb16-8",
            "description": "MSK configuration for microservices-ecommerce",
            "id": "arn:aws:kafka:us-east-1:068856380156:configuration/microservices-ecommerce-msk-config/30f90dd4-e97e-422d-a921-6a28eb4ccb16-8",
            "kafka_versions": [
              "3.5.1"
            ],
            "latest_revision": 1,
            "name": "microservices-ecommerce-msk-config",
            "region": "us-east-1",
            "server_properties": "# Basic Kafka settings for cost optimization\r\nauto.create.topics.enable=true\r\ndefault.replication.factor=3\r\nmin.insync.replicas=2\r\nnum.partitions=1\r\noffsets.topic.replication.factor=2\r\ntransaction.state.log.replication.factor=2\r\ntransaction.state.log.min.isr=2\r\n\r\n# Log retention settings (cost optimization)\r\nlog.retention.hours=168\r\nlog.retention.bytes=1073741824\r\nlog.segment.bytes=1073741824\r\n\r\n# Compression settings\r\ncompression.type=snappy\r\n"
          },
          "sensitive_attributes": [],
          "private": "bnVsbA==",
          "dependencies": [
            "module.network.aws_eip.nat",
            "module.network.aws_internet_gateway.main",
            "module.network.aws_lb.main",
            "module.network.aws_lb_listener.main",
            "module.network.aws_lb_listener_rule.services",
            "module.network.aws_lb_target_group.services",
            "module.network.aws_nat_gateway.main",
            "module.network.aws_route_table.private",
            "module.network.aws_route_table.public",
            "module.network.aws_route_table_association.private",
            "module.network.aws_route_table_association.public",
            "module.network.aws_security_group.alb",
            "module.network.aws_security_group.ecs_services",
            "module.network.aws_subnet.private",
            "module.network.aws_subnet.public",
            "module.network.aws_vpc.main"
          ]
        }
      ]
    },
    {
      "module": "module.msk",
      "mode": "managed",
      "type": "aws_security_group",
      "name": "msk",
      "provider": "provider[\"registry.terraform.io/hashicorp/aws\"]",
      "instances": [
        {
          "schema_version": 1,
          "attributes": {
            "arn": "arn:aws:ec2:us-east-1:068856380156:security-group/sg-0e57eadaab32d756f",
            "description": "Security group for MSK cluster",
            "egress": [
              {
                "cidr_blocks": [
                  "0.0.0.0/0"
                ],
                "description": "All outbound traffic",
                "from_port": 0,
                "ipv6_cidr_blocks": [],
                "prefix_list_ids": [],
                "protocol": "-1",
                "security_groups": [],
                "self": false,
                "to_port": 0
              }
            ],
            "id": "sg-0e57eadaab32d756f",
            "ingress": [
              {
                "cidr_blocks": [
                  "172.31.0.0/16"
                ],
                "description": "JMX monitoring",
                "from_port": 11001,
                "ipv6_cidr_blocks": [],
                "prefix_list_ids": [],
                "protocol": "tcp",
                "security_groups": [],
                "self": false,
                "to_port": 11001
              },
              {
                "cidr_blocks": [
                  "172.31.0.0/16"
                ],
                "description": "Kafka broker communication (TLS)",
                "from_port": 9094,
                "ipv6_cidr_blocks": [],
                "prefix_list_ids": [],
                "protocol": "tcp",
                "security_groups": [],
                "self": false,
                "to_port": 9094
              },
              {
                "cidr_blocks": [
                  "172.31.0.0/16"
                ],
                "description": "Kafka broker communication (plaintext)",
                "from_port": 9092,
                "ipv6_cidr_blocks": [],
                "prefix_list_ids": [],
                "protocol": "tcp",
                "security_groups": [],
                "self": false,
                "to_port": 9092
              },
              {
                "cidr_blocks": [
                  "172.31.0.0/16"
                ],
                "description": "Node Exporter for Prometheus monitoring",
                "from_port": 11002,
                "ipv6_cidr_blocks": [],
                "prefix_list_ids": [],
                "protocol": "tcp",
                "security_groups": [],
                "self": false,
                "to_port": 11002
              },
              {
                "cidr_blocks": [
                  "172.31.0.0/16"
                ],
                "description": "ZooKeeper communication",
                "from_port": 2181,
                "ipv6_cidr_blocks": [],
                "prefix_list_ids": [],
                "protocol": "tcp",
                "security_groups": [],
                "self": false,
                "to_port": 2181
              }
            ],
            "name": "microservices-ecommerce-msk-sg",
            "name_prefix": "",
            "owner_id": "068856380156",
            "region": "us-east-1",
            "revoke_rules_on_delete": false,
            "tags": {
              "Environment": "production",
              "ManagedBy": "terraform",
              "Name": "microservices-ecommerce-msk-sg",
              "Project": "microservices-ecommerce"
            },
            "tags_all": {
              "Environment": "production",
              "ManagedBy": "terraform",
              "Name": "microservices-ecommerce-msk-sg",
              "Project": "microservices-ecommerce"
            },
            "timeouts": null,
            "vpc_id": "vpc-0e7ec7a470f47bccd"
          },
          "sensitive_attributes": [],
          "private": "eyJlMmJmYjczMC1lY2FhLTExZTYtOGY4OC0zNDM2M2JjN2M0YzAiOnsiY3JlYXRlIjo2MDAwMDAwMDAwMDAsImRlbGV0ZSI6OTAwMDAwMDAwMDAwfSwic2NoZW1hX3ZlcnNpb24iOiIxIn0=",
          "dependencies": [
            "module.network.aws_eip.nat",
            "module.network.aws_internet_gateway.main",
            "module.network.aws_lb.main",
            "module.network.aws_lb_listener.main",
            "module.network.aws_lb_listener_rule.services",
            "module.network.aws_lb_target_group.services",
            "module.network.aws_nat_gateway.main",
            "module.network.aws_route_table.private",
            "module.network.aws_route_table.public",
            "module.network.aws_route_table_association.private",
            "module.network.aws_route_table_association.public",
            "module.network.aws_security_group.alb",
            "module.network.aws_security_group.ecs_services",
            "module.network.aws_subnet.private",
            "module.network.aws_subnet.public",
            "module.network.aws_vpc.main"
          ]
        }
      ]
    },
    {
      "module": "module.network",
      "mode": "managed",
      "type": "aws_eip",
      "name": "nat",
      "provider": "provider[\"registry.terraform.io/hashicorp/aws\"]",
      "instances": [
        {
          "index_key": 0,
          "schema_version": 0,
          "attributes": {
            "address": null,
            "allocation_id": "eipalloc-041354be3d1f67326",
            "arn": "arn:aws:ec2:us-east-1:068856380156:elastic-ip/eipalloc-041354be3d1f67326",
            "associate_with_private_ip": null,
            "association_id": "eipassoc-0e533b2afc169659f",
            "carrier_ip": "",
            "customer_owned_ip": "",
            "customer_owned_ipv4_pool": "",
            "domain": "vpc",
            "id": "eipalloc-041354be3d1f67326",
            "instance": "",
            "ipam_pool_id": null,
            "network_border_group": "us-east-1",
            "network_interface": "eni-02d2037feddf38e36",
            "private_dns": "ip-172-31-29-105.ec2.internal",
            "private_ip": "172.31.29.105",
            "ptr_record": "",
            "public_dns": "ec2-44-215-77-203.compute-1.amazonaws.com",
            "public_ip": "44.215.77.203",
            "public_ipv4_pool": "amazon",
            "region": "us-east-1",
            "tags": {
              "Environment": "production",
              "ManagedBy": "terraform",
              "Name": "microservices-ecommerce-nat-eip-1",
              "Project": "microservices-ecommerce"
            },
            "tags_all": {
              "Environment": "production",
              "ManagedBy": "terraform",
              "Name": "microservices-ecommerce-nat-eip-1",
              "Project": "microservices-ecommerce"
            },
            "timeouts": null
          },
          "sensitive_attributes": [],
          "private": "eyJlMmJmYjczMC1lY2FhLTExZTYtOGY4OC0zNDM2M2JjN2M0YzAiOnsiZGVsZXRlIjoxODAwMDAwMDAwMDAsInJlYWQiOjkwMDAwMDAwMDAwMCwidXBkYXRlIjozMDAwMDAwMDAwMDB9fQ==",
          "dependencies": [
            "module.network.aws_internet_gateway.main",
            "module.network.aws_subnet.public",
            "module.network.aws_vpc.main"
          ]
        },
        {
          "index_key": 1,
          "schema_version": 0,
          "attributes": {
            "address": null,
            "allocation_id": "eipalloc-0539f89b7df00bffe",
            "arn": "arn:aws:ec2:us-east-1:068856380156:elastic-ip/eipalloc-0539f89b7df00bffe",
            "associate_with_private_ip": null,
            "association_id": "eipassoc-09167cdbfea9fa478",
            "carrier_ip": "",
            "customer_owned_ip": "",
            "customer_owned_ipv4_pool": "",
            "domain": "vpc",
            "id": "eipalloc-0539f89b7df00bffe",
            "instance": "",
            "ipam_pool_id": null,
            "network_border_group": "us-east-1",
            "network_interface": "eni-09eaaedeff7166a87",
            "private_dns": "ip-172-31-39-179.ec2.internal",
            "private_ip": "172.31.39.179",
            "ptr_record": "",
            "public_dns": "ec2-3-234-75-121.compute-1.amazonaws.com",
            "public_ip": "3.234.75.121",
            "public_ipv4_pool": "amazon",
            "region": "us-east-1",
            "tags": {
              "Environment": "production",
              "ManagedBy": "terraform",
              "Name": "microservices-ecommerce-nat-eip-2",
              "Project": "microservices-ecommerce"
            },
            "tags_all": {
              "Environment": "production",
              "ManagedBy": "terraform",
              "Name": "microservices-ecommerce-nat-eip-2",
              "Project": "microservices-ecommerce"
            },
            "timeouts": null
          },
          "sensitive_attributes": [],
          "private": "eyJlMmJmYjczMC1lY2FhLTExZTYtOGY4OC0zNDM2M2JjN2M0YzAiOnsiZGVsZXRlIjoxODAwMDAwMDAwMDAsInJlYWQiOjkwMDAwMDAwMDAwMCwidXBkYXRlIjozMDAwMDAwMDAwMDB9fQ==",
          "dependencies": [
            "module.network.aws_internet_gateway.main",
            "module.network.aws_subnet.public",
            "module.network.aws_vpc.main"
          ]
        },
        {
          "index_key": 2,
          "schema_version": 0,
          "attributes": {
            "address": null,
            "allocation_id": "eipalloc-0ead8ac0fa6421c0e",
            "arn": "arn:aws:ec2:us-east-1:068856380156:elastic-ip/eipalloc-0ead8ac0fa6421c0e",
            "associate_with_private_ip": null,
            "association_id": "eipassoc-004ca0ba7e0a18548",
            "carrier_ip": "",
            "customer_owned_ip": "",
            "customer_owned_ipv4_pool": "",
            "domain": "vpc",
            "id": "eipalloc-0ead8ac0fa6421c0e",
            "instance": "",
            "ipam_pool_id": null,
            "network_border_group": "us-east-1",
            "network_interface": "eni-0d21168f1809fc816",
            "private_dns": "ip-172-31-3-124.ec2.internal",
            "private_ip": "172.31.3.124",
            "ptr_record": "",
            "public_dns": "ec2-34-234-3-126.compute-1.amazonaws.com",
            "public_ip": "34.234.3.126",
            "public_ipv4_pool": "amazon",
            "region": "us-east-1",
            "tags": {
              "Environment": "production",
              "ManagedBy": "terraform",
              "Name": "microservices-ecommerce-nat-eip-3",
              "Project": "microservices-ecommerce"
            },
            "tags_all": {
              "Environment": "production",
              "ManagedBy": "terraform",
              "Name": "microservices-ecommerce-nat-eip-3",
              "Project": "microservices-ecommerce"
            },
            "timeouts": null
          },
          "sensitive_attributes": [],
          "private": "eyJlMmJmYjczMC1lY2FhLTExZTYtOGY4OC0zNDM2M2JjN2M0YzAiOnsiZGVsZXRlIjoxODAwMDAwMDAwMDAsInJlYWQiOjkwMDAwMDAwMDAwMCwidXBkYXRlIjozMDAwMDAwMDAwMDB9fQ==",
          "dependencies": [
            "module.network.aws_internet_gateway.main",
            "module.network.aws_subnet.public",
            "module.network.aws_vpc.main"
          ]
        }
      ]
    },
    {
      "module": "module.network",
      "mode": "managed",
      "type": "aws_internet_gateway",
      "name": "main",
      "provider": "provider[\"registry.terraform.io/hashicorp/aws\"]",
      "instances": [
        {
          "schema_version": 0,
          "attributes": {
            "arn": "arn:aws:ec2:us-east-1:068856380156:internet-gateway/igw-037b323af9422f16b",
            "id": "igw-037b323af9422f16b",
            "owner_id": "068856380156",
            "region": "us-east-1",
            "tags": {
              "Environment": "production",
              "ManagedBy": "terraform",
              "Name": "microservices-ecommerce-igw",
              "Project": "microservices-ecommerce"
            },
            "tags_all": {
              "Environment": "production",
              "ManagedBy": "terraform",
              "Name": "microservices-ecommerce-igw",
              "Project": "microservices-ecommerce"
            },
            "timeouts": null,
            "vpc_id": "vpc-0e7ec7a470f47bccd"
          },
          "sensitive_attributes": [],
          "private": "eyJlMmJmYjczMC1lY2FhLTExZTYtOGY4OC0zNDM2M2JjN2M0YzAiOnsiY3JlYXRlIjoxMjAwMDAwMDAwMDAwLCJkZWxldGUiOjEyMDAwMDAwMDAwMDAsInVwZGF0ZSI6MTIwMDAwMDAwMDAwMH19",
          "dependencies": [
            "module.network.aws_vpc.main"
          ]
        }
      ]
    },
    {
      "module": "module.network",
      "mode": "managed",
      "type": "aws_lb",
      "name": "main",
      "provider": "provider[\"registry.terraform.io/hashicorp/aws\"]",
      "instances": [
        {
          "schema_version": 0,
          "attributes": {
            "access_logs": [
              {
                "bucket": "",
                "enabled": false,
                "prefix": ""
              }
            ],
            "arn": "arn:aws:elasticloadbalancing:us-east-1:068856380156:loadbalancer/app/public-ms-balancer/fbb269a11188643e",
            "arn_suffix": "app/public-ms-balancer/fbb269a11188643e",
            "client_keep_alive": 3600,
            "connection_logs": [
              {
                "bucket": "",
                "enabled": false,
                "prefix": ""
              }
            ],
            "customer_owned_ipv4_pool": "",
            "desync_mitigation_mode": "defensive",
            "dns_name": "public-ms-balancer-992743410.us-east-1.elb.amazonaws.com",
            "dns_record_client_routing_policy": null,
            "drop_invalid_header_fields": false,
            "enable_cross_zone_load_balancing": true,
            "enable_deletion_protection": false,
            "enable_http2": true,
            "enable_tls_version_and_cipher_suite_headers": false,
            "enable_waf_fail_open": false,
            "enable_xff_client_port": false,
            "enable_zonal_shift": false,
            "enforce_security_group_inbound_rules_on_private_link_traffic": "",
            "id": "arn:aws:elasticloadbalancing:us-east-1:068856380156:loadbalancer/app/public-ms-balancer/fbb269a11188643e",
            "idle_timeout": 60,
            "internal": false,
            "ip_address_type": "ipv4",
            "ipam_pools": [],
            "load_balancer_type": "application",
            "minimum_load_balancer_capacity": [],
            "name": "public-ms-balancer",
            "name_prefix": "",
            "preserve_host_header": false,
            "region": "us-east-1",
            "secondary_ips_auto_assigned_per_subnet": null,
            "security_groups": [
              "sg-0f9ea72b77b363a04"
            ],
            "subnet_mapping": [
              {
                "allocation_id": "",
                "ipv6_address": "",
                "outpost_id": "",
                "private_ipv4_address": "",
                "subnet_id": "subnet-0434cdb5aec53e770"
              },
              {
                "allocation_id": "",
                "ipv6_address": "",
                "outpost_id": "",
                "private_ipv4_address": "",
                "subnet_id": "subnet-0a99bec6e8cb20a88"
              },
              {
                "allocation_id": "",
                "ipv6_address": "",
                "outpost_id": "",
                "private_ipv4_address": "",
                "subnet_id": "subnet-0e75833a911eaba9c"
              }
            ],
            "subnets": [
              "subnet-0434cdb5aec53e770",
              "subnet-0a99bec6e8cb20a88",
              "subnet-0e75833a911eaba9c"
            ],
            "tags": {
              "Environment": "production",
              "ManagedBy": "terraform",
              "Project": "microservices-ecommerce"
            },
            "tags_all": {
              "Environment": "production",
              "ManagedBy": "terraform",
              "Project": "microservices-ecommerce"
            },
            "timeouts": null,
            "vpc_id": "vpc-0e7ec7a470f47bccd",
            "xff_header_processing_mode": "append",
            "zone_id": "Z35SXDOTRQ7X7K"
          },
          "sensitive_attributes": [],
          "private": "eyJlMmJmYjczMC1lY2FhLTExZTYtOGY4OC0zNDM2M2JjN2M0YzAiOnsiY3JlYXRlIjo2MDAwMDAwMDAwMDAsImRlbGV0ZSI6NjAwMDAwMDAwMDAwLCJ1cGRhdGUiOjYwMDAwMDAwMDAwMH19",
          "dependencies": [
            "module.network.aws_security_group.alb",
            "module.network.aws_subnet.public",
            "module.network.aws_vpc.main"
          ]
        }
      ]
    },
    {
      "module": "module.network",
      "mode": "managed",
      "type": "aws_lb_listener",
      "name": "main",
      "provider": "provider[\"registry.terraform.io/hashicorp/aws\"]",
      "instances": [
        {
          "schema_version": 0,
          "attributes": {
            "alpn_policy": null,
            "arn": "arn:aws:elasticloadbalancing:us-east-1:068856380156:listener/app/public-ms-balancer/fbb269a11188643e/e680545aed19f8af",
            "certificate_arn": null,
            "default_action": [
              {
                "authenticate_cognito": [],
                "authenticate_oidc": [],
                "fixed_response": [],
                "forward": [],
                "order": 1,
                "redirect": [],
                "target_group_arn": "arn:aws:elasticloadbalancing:us-east-1:068856380156:targetgroup/frontedOne/7642d58d6f1e78ce",
                "type": "forward"
              }
            ],
            "id": "arn:aws:elasticloadbalancing:us-east-1:068856380156:listener/app/public-ms-balancer/fbb269a11188643e/e680545aed19f8af",
            "load_balancer_arn": "arn:aws:elasticloadbalancing:us-east-1:068856380156:loadbalancer/app/public-ms-balancer/fbb269a11188643e",
            "mutual_authentication": [],
            "port": 80,
            "protocol": "HTTP",
            "region": "us-east-1",
            "routing_http_request_x_amzn_mtls_clientcert_header_name": null,
            "routing_http_request_x_amzn_mtls_clientcert_issuer_header_name": null,
            "routing_http_request_x_amzn_mtls_clientcert_leaf_header_name": null,
            "routing_http_request_x_amzn_mtls_clientcert_serial_number_header_name": null,
            "routing_http_request_x_amzn_mtls_clientcert_subject_header_name": null,
            "routing_http_request_x_amzn_mtls_clientcert_validity_header_name": null,
            "routing_http_request_x_amzn_tls_cipher_suite_header_name": null,
            "routing_http_request_x_amzn_tls_version_header_name": null,
            "routing_http_response_access_control_allow_credentials_header_value": "",
            "routing_http_response_access_control_allow_headers_header_value": "",
            "routing_http_response_access_control_allow_methods_header_value": "",
            "routing_http_response_access_control_allow_origin_header_value": "",
            "routing_http_response_access_control_expose_headers_header_value": "",
            "routing_http_response_access_control_max_age_header_value": "",
            "routing_http_response_content_security_policy_header_value": "",
            "routing_http_response_server_enabled": true,
            "routing_http_response_strict_transport_security_header_value": "",
            "routing_http_response_x_content_type_options_header_value": "",
            "routing_http_response_x_frame_options_header_value": "",
            "ssl_policy": "",
            "tags": {
              "Environment": "production",
              "ManagedBy": "terraform",
              "Project": "microservices-ecommerce"
            },
            "tags_all": {
              "Environment": "production",
              "ManagedBy": "terraform",
              "Project": "microservices-ecommerce"
            },
            "tcp_idle_timeout_seconds": null,
            "timeouts": null
          },
          "sensitive_attributes": [],
          "private": "eyJlMmJmYjczMC1lY2FhLTExZTYtOGY4OC0zNDM2M2JjN2M0YzAiOnsiY3JlYXRlIjozMDAwMDAwMDAwMDAsInVwZGF0ZSI6MzAwMDAwMDAwMDAwfX0=",
          "dependencies": [
            "module.network.aws_lb.main",
            "module.network.aws_lb_target_group.services",
            "module.network.aws_security_group.alb",
            "module.network.aws_subnet.public",
            "module.network.aws_vpc.main"
          ]
        }
      ]
    },
    {
      "module": "module.network",
      "mode": "managed",
      "type": "aws_lb_listener_rule",
      "name": "services",
      "provider": "provider[\"registry.terraform.io/hashicorp/aws\"]",
      "instances": [
        {
          "index_key": "auth",
          "schema_version": 0,
          "attributes": {
            "action": [
              {
                "authenticate_cognito": [],
                "authenticate_oidc": [],
                "fixed_response": [],
                "forward": [],
                "order": 1,
                "redirect": [],
                "target_group_arn": "arn:aws:elasticloadbalancing:us-east-1:068856380156:targetgroup/auth-TG-P/0f3bee01ac80b97b",
                "type": "forward"
              }
            ],
            "arn": "arn:aws:elasticloadbalancing:us-east-1:068856380156:listener-rule/app/public-ms-balancer/fbb269a11188643e/e680545aed19f8af/6c1d3330f2b6e40a",
            "condition": [
              {
                "host_header": [],
                "http_header": [],
                "http_request_method": [],
                "path_pattern": [
                  {
                    "values": [
                      "/api/v1/auth/*"
                    ]
                  }
                ],
                "query_string": [],
                "source_ip": []
              }
            ],
            "id": "arn:aws:elasticloadbalancing:us-east-1:068856380156:listener-rule/app/public-ms-balancer/fbb269a11188643e/e680545aed19f8af/6c1d3330f2b6e40a",
            "listener_arn": "arn:aws:elasticloadbalancing:us-east-1:068856380156:listener/app/public-ms-balancer/fbb269a11188643e/e680545aed19f8af",
            "priority": 1,
            "region": "us-east-1",
            "tags": {
              "Environment": "production",
              "ManagedBy": "terraform",
              "Project": "microservices-ecommerce"
            },
            "tags_all": {
              "Environment": "production",
              "ManagedBy": "terraform",
              "Project": "microservices-ecommerce"
            }
          },
          "sensitive_attributes": [],
          "private": "bnVsbA==",
          "dependencies": [
            "module.network.aws_lb.main",
            "module.network.aws_lb_listener.main",
            "module.network.aws_lb_target_group.services",
            "module.network.aws_security_group.alb",
            "module.network.aws_subnet.public",
            "module.network.aws_vpc.main"
          ]
        },
        {
          "index_key": "order",
          "schema_version": 0,
          "attributes": {
            "action": [
              {
                "authenticate_cognito": [],
                "authenticate_oidc": [],
                "fixed_response": [],
                "forward": [],
                "order": 1,
                "redirect": [],
                "target_group_arn": "arn:aws:elasticloadbalancing:us-east-1:068856380156:targetgroup/orders-TG-P/24ad70ed4094cd56",
                "type": "forward"
              }
            ],
            "arn": "arn:aws:elasticloadbalancing:us-east-1:068856380156:listener-rule/app/public-ms-balancer/fbb269a11188643e/e680545aed19f8af/273e438bd7a2162a",
            "condition": [
              {
                "host_header": [],
                "http_header": [],
                "http_request_method": [],
                "path_pattern": [
                  {
                    "values": [
                      "/api/v1/orders/*"
                    ]
                  }
                ],
                "query_string": [],
                "source_ip": []
              }
            ],
            "id": "arn:aws:elasticloadbalancing:us-east-1:068856380156:listener-rule/app/public-ms-balancer/fbb269a11188643e/e680545aed19f8af/273e438bd7a2162a",
            "listener_arn": "arn:aws:elasticloadbalancing:us-east-1:068856380156:listener/app/public-ms-balancer/fbb269a11188643e/e680545aed19f8af",
            "priority": 2,
            "region": "us-east-1",
            "tags": {
              "Environment": "production",
              "ManagedBy": "terraform",
              "Project": "microservices-ecommerce"
            },
            "tags_all": {
              "Environment": "production",
              "ManagedBy": "terraform",
              "Project": "microservices-ecommerce"
            }
          },
          "sensitive_attributes": [],
          "private": "bnVsbA==",
          "dependencies": [
            "module.network.aws_lb.main",
            "module.network.aws_lb_listener.main",
            "module.network.aws_lb_target_group.services",
            "module.network.aws_security_group.alb",
            "module.network.aws_subnet.public",
            "module.network.aws_vpc.main"
          ]
        },
        {
          "index_key": "payment",
          "schema_version": 0,
          "attributes": {
            "action": [
              {
                "authenticate_cognito": [],
                "authenticate_oidc": [],
                "fixed_response": [],
                "forward": [],
                "order": 1,
                "redirect": [],
                "target_group_arn": "arn:aws:elasticloadbalancing:us-east-1:068856380156:targetgroup/payment-TG-P/6759efbf29e29be8",
                "type": "forward"
              }
            ],
            "arn": "arn:aws:elasticloadbalancing:us-east-1:068856380156:listener-rule/app/public-ms-balancer/fbb269a11188643e/e680545aed19f8af/e0f1d0e06a5be09b",
            "condition": [
              {
                "host_header": [],
                "http_header": [],
                "http_request_method": [],
                "path_pattern": [
                  {
                    "values": [
                      "/api/v1/payments/*"
                    ]
                  }
                ],
                "query_string": [],
                "source_ip": []
              }
            ],
            "id": "arn:aws:elasticloadbalancing:us-east-1:068856380156:listener-rule/app/public-ms-balancer/fbb269a11188643e/e680545aed19f8af/e0f1d0e06a5be09b",
            "listener_arn": "arn:aws:elasticloadbalancing:us-east-1:068856380156:listener/app/public-ms-balancer/fbb269a11188643e/e680545aed19f8af",
            "priority": 5,
            "region": "us-east-1",
            "tags": {
              "Environment": "production",
              "ManagedBy": "terraform",
              "Project": "microservices-ecommerce"
            },
            "tags_all": {
              "Environment": "production",
              "ManagedBy": "terraform",
              "Project": "microservices-ecommerce"
            }
          },
          "sensitive_attributes": [],
          "private": "bnVsbA==",
          "dependencies": [
            "module.network.aws_lb.main",
            "module.network.aws_lb_listener.main",
            "module.network.aws_lb_target_group.services",
            "module.network.aws_security_group.alb",
            "module.network.aws_subnet.public",
            "module.network.aws_vpc.main"
          ]
        },
        {
          "index_key": "product",
          "schema_version": 0,
          "attributes": {
            "action": [
              {
                "authenticate_cognito": [],
                "authenticate_oidc": [],
                "fixed_response": [],
                "forward": [],
                "order": 1,
                "redirect": [],
                "target_group_arn": "arn:aws:elasticloadbalancing:us-east-1:068856380156:targetgroup/product-TG-P/e726293d28e87d58",
                "type": "forward"
              }
            ],
            "arn": "arn:aws:elasticloadbalancing:us-east-1:068856380156:listener-rule/app/public-ms-balancer/fbb269a11188643e/e680545aed19f8af/477e5c959a204696",
            "condition": [
              {
                "host_header": [],
                "http_header": [],
                "http_request_method": [],
                "path_pattern": [
                  {
                    "values": [
                      "/api/v1/products/*"
                    ]
                  }
                ],
                "query_string": [],
                "source_ip": []
              }
            ],
            "id": "arn:aws:elasticloadbalancing:us-east-1:068856380156:listener-rule/app/public-ms-balancer/fbb269a11188643e/e680545aed19f8af/477e5c959a204696",
            "listener_arn": "arn:aws:elasticloadbalancing:us-east-1:068856380156:listener/app/public-ms-balancer/fbb269a11188643e/e680545aed19f8af",
            "priority": 3,
            "region": "us-east-1",
            "tags": {
              "Environment": "production",
              "ManagedBy": "terraform",
              "Project": "microservices-ecommerce"
            },
            "tags_all": {
              "Environment": "production",
              "ManagedBy": "terraform",
              "Project": "microservices-ecommerce"
            }
          },
          "sensitive_attributes": [],
          "private": "bnVsbA==",
          "dependencies": [
            "module.network.aws_lb.main",
            "module.network.aws_lb_listener.main",
            "module.network.aws_lb_target_group.services",
            "module.network.aws_security_group.alb",
            "module.network.aws_subnet.public",
            "module.network.aws_vpc.main"
          ]
        }
      ]
    },
    {
      "module": "module.network",
      "mode": "managed",
      "type": "aws_lb_target_group",
      "name": "services",
      "provider": "provider[\"registry.terraform.io/hashicorp/aws\"]",
      "instances": [
        {
          "index_key": "auth",
          "schema_version": 0,
          "attributes": {
            "arn": "arn:aws:elasticloadbalancing:us-east-1:068856380156:targetgroup/auth-TG-P/0f3bee01ac80b97b",
            "arn_suffix": "targetgroup/auth-TG-P/0f3bee01ac80b97b",
            "connection_termination": null,
            "deregistration_delay": "300",
            "health_check": [
              {
                "enabled": true,
                "healthy_threshold": 5,
                "interval": 30,
                "matcher": "200",
                "path": "/actuator/health",
                "port": "traffic-port",
                "protocol": "HTTP",
                "timeout": 5,
                "unhealthy_threshold": 2
              }
            ],
            "id": "arn:aws:elasticloadbalancing:us-east-1:068856380156:targetgroup/auth-TG-P/0f3bee01ac80b97b",
            "ip_address_type": "ipv4",
            "lambda_multi_value_headers_enabled": false,
            "load_balancer_arns": [
              "arn:aws:elasticloadbalancing:us-east-1:068856380156:loadbalancer/app/public-ms-balancer/fbb269a11188643e"
            ],
            "load_balancing_algorithm_type": "round_robin",
            "load_balancing_anomaly_mitigation": "off",
            "load_balancing_cross_zone_enabled": "use_load_balancer_configuration",
            "name": "auth-TG-P",
            "name_prefix": "",
            "port": 8787,
            "preserve_client_ip": null,
            "protocol": "HTTP",
            "protocol_version": "HTTP1",
            "proxy_protocol_v2": false,
            "region": "us-east-1",
            "slow_start": 0,
            "stickiness": [
              {
                "cookie_duration": 86400,
                "cookie_name": "",
                "enabled": false,
                "type": "lb_cookie"
              }
            ],
            "tags": {
              "Environment": "production",
              "ManagedBy": "terraform",
              "Name": "auth-TG-P",
              "Project": "microservices-ecommerce"
            },
            "tags_all": {
              "Environment": "production",
              "ManagedBy": "terraform",
              "Name": "auth-TG-P",
              "Project": "microservices-ecommerce"
            },
            "target_failover": [
              {
                "on_deregistration": null,
                "on_unhealthy": null
              }
            ],
            "target_group_health": [
              {
                "dns_failover": [
                  {
                    "minimum_healthy_targets_count": "1",
                    "minimum_healthy_targets_percentage": "off"
                  }
                ],
                "unhealthy_state_routing": [
                  {
                    "minimum_healthy_targets_count": 1,
                    "minimum_healthy_targets_percentage": "off"
                  }
                ]
              }
            ],
            "target_health_state": [
              {
                "enable_unhealthy_connection_termination": null,
                "unhealthy_draining_interval": null
              }
            ],
            "target_type": "ip",
            "vpc_id": "vpc-0e7ec7a470f47bccd"
          },
          "sensitive_attributes": [],
          "private": "bnVsbA==",
          "dependencies": [
            "module.network.aws_vpc.main"
          ]
        },
        {
          "index_key": "client",
          "schema_version": 0,
          "attributes": {
            "arn": "arn:aws:elasticloadbalancing:us-east-1:068856380156:targetgroup/frontedOne/7642d58d6f1e78ce",
            "arn_suffix": "targetgroup/frontedOne/7642d58d6f1e78ce",
            "connection_termination": null,
            "deregistration_delay": "300",
            "health_check": [
              {
                "enabled": true,
                "healthy_threshold": 5,
                "interval": 30,
                "matcher": "200",
                "path": "/",
                "port": "traffic-port",
                "protocol": "HTTP",
                "timeout": 5,
                "unhealthy_threshold": 2
              }
            ],
            "id": "arn:aws:elasticloadbalancing:us-east-1:068856380156:targetgroup/frontedOne/7642d58d6f1e78ce",
            "ip_address_type": "ipv4",
            "lambda_multi_value_headers_enabled": false,
            "load_balancer_arns": [
              "arn:aws:elasticloadbalancing:us-east-1:068856380156:loadbalancer/app/public-ms-balancer/fbb269a11188643e"
            ],
            "load_balancing_algorithm_type": "round_robin",
            "load_balancing_anomaly_mitigation": "off",
            "load_balancing_cross_zone_enabled": "use_load_balancer_configuration",
            "name": "frontedOne",
            "name_prefix": "",
            "port": 80,
            "preserve_client_ip": null,
            "protocol": "HTTP",
            "protocol_version": "HTTP1",
            "proxy_protocol_v2": false,
            "region": "us-east-1",
            "slow_start": 0,
            "stickiness": [
              {
                "cookie_duration": 86400,
                "cookie_name": "",
                "enabled": false,
                "type": "lb_cookie"
              }
            ],
            "tags": {
              "Environment": "production",
              "ManagedBy": "terraform",
              "Name": "frontedOne",
              "Project": "microservices-ecommerce"
            },
            "tags_all": {
              "Environment": "production",
              "ManagedBy": "terraform",
              "Name": "frontedOne",
              "Project": "microservices-ecommerce"
            },
            "target_failover": [
              {
                "on_deregistration": null,
                "on_unhealthy": null
              }
            ],
            "target_group_health": [
              {
                "dns_failover": [
                  {
                    "minimum_healthy_targets_count": "1",
                    "minimum_healthy_targets_percentage": "off"
                  }
                ],
                "unhealthy_state_routing": [
                  {
                    "minimum_healthy_targets_count": 1,
                    "minimum_healthy_targets_percentage": "off"
                  }
                ]
              }
            ],
            "target_health_state": [
              {
                "enable_unhealthy_connection_termination": null,
                "unhealthy_draining_interval": null
              }
            ],
            "target_type": "ip",
            "vpc_id": "vpc-0e7ec7a470f47bccd"
          },
          "sensitive_attributes": [],
          "private": "bnVsbA==",
          "dependencies": [
            "module.network.aws_vpc.main"
          ]
        },
        {
          "index_key": "order",
          "schema_version": 0,
          "attributes": {
            "arn": "arn:aws:elasticloadbalancing:us-east-1:068856380156:targetgroup/orders-TG-P/24ad70ed4094cd56",
            "arn_suffix": "targetgroup/orders-TG-P/24ad70ed4094cd56",
            "connection_termination": null,
            "deregistration_delay": "300",
            "health_check": [
              {
                "enabled": true,
                "healthy_threshold": 5,
                "interval": 30,
                "matcher": "200",
                "path": "/actuator/health",
                "port": "traffic-port",
                "protocol": "HTTP",
                "timeout": 5,
                "unhealthy_threshold": 2
              }
            ],
            "id": "arn:aws:elasticloadbalancing:us-east-1:068856380156:targetgroup/orders-TG-P/24ad70ed4094cd56",
            "ip_address_type": "ipv4",
            "lambda_multi_value_headers_enabled": false,
            "load_balancer_arns": [
              "arn:aws:elasticloadbalancing:us-east-1:068856380156:loadbalancer/app/public-ms-balancer/fbb269a11188643e"
            ],
            "load_balancing_algorithm_type": "round_robin",
            "load_balancing_anomaly_mitigation": "off",
            "load_balancing_cross_zone_enabled": "use_load_balancer_configuration",
            "name": "orders-TG-P",
            "name_prefix": "",
            "port": 8070,
            "preserve_client_ip": null,
            "protocol": "HTTP",
            "protocol_version": "HTTP1",
            "proxy_protocol_v2": false,
            "region": "us-east-1",
            "slow_start": 0,
            "stickiness": [
              {
                "cookie_duration": 86400,
                "cookie_name": "",
                "enabled": false,
                "type": "lb_cookie"
              }
            ],
            "tags": {
              "Environment": "production",
              "ManagedBy": "terraform",
              "Name": "orders-TG-P",
              "Project": "microservices-ecommerce"
            },
            "tags_all": {
              "Environment": "production",
              "ManagedBy": "terraform",
              "Name": "orders-TG-P",
              "Project": "microservices-ecommerce"
            },
            "target_failover": [
              {
                "on_deregistration": null,
                "on_unhealthy": null
              }
            ],
            "target_group_health": [
              {
                "dns_failover": [
                  {
                    "minimum_healthy_targets_count": "1",
                    "minimum_healthy_targets_percentage": "off"
                  }
                ],
                "unhealthy_state_routing": [
                  {
                    "minimum_healthy_targets_count": 1,
                    "minimum_healthy_targets_percentage": "off"
                  }
                ]
              }
            ],
            "target_health_state": [
              {
                "enable_unhealthy_connection_termination": null,
                "unhealthy_draining_interval": null
              }
            ],
            "target_type": "ip",
            "vpc_id": "vpc-0e7ec7a470f47bccd"
          },
          "sensitive_attributes": [],
          "private": "bnVsbA==",
          "dependencies": [
            "module.network.aws_vpc.main"
          ]
        },
        {
          "index_key": "payment",
          "schema_version": 0,
          "attributes": {
            "arn": "arn:aws:elasticloadbalancing:us-east-1:068856380156:targetgroup/payment-TG-P/6759efbf29e29be8",
            "arn_suffix": "targetgroup/payment-TG-P/6759efbf29e29be8",
            "connection_termination": null,
            "deregistration_delay": "300",
            "health_check": [
              {
                "enabled": true,
                "healthy_threshold": 5,
                "interval": 30,
                "matcher": "200",
                "path": "/actuator/health",
                "port": "traffic-port",
                "protocol": "HTTP",
                "timeout": 5,
                "unhealthy_threshold": 2
              }
            ],
            "id": "arn:aws:elasticloadbalancing:us-east-1:068856380156:targetgroup/payment-TG-P/6759efbf29e29be8",
            "ip_address_type": "ipv4",
            "lambda_multi_value_headers_enabled": false,
            "load_balancer_arns": [
              "arn:aws:elasticloadbalancing:us-east-1:068856380156:loadbalancer/app/public-ms-balancer/fbb269a11188643e"
            ],
            "load_balancing_algorithm_type": "round_robin",
            "load_balancing_anomaly_mitigation": "off",
            "load_balancing_cross_zone_enabled": "use_load_balancer_configuration",
            "name": "payment-TG-P",
            "name_prefix": "",
            "port": 8060,
            "preserve_client_ip": null,
            "protocol": "HTTP",
            "protocol_version": "HTTP1",
            "proxy_protocol_v2": false,
            "region": "us-east-1",
            "slow_start": 0,
            "stickiness": [
              {
                "cookie_duration": 86400,
                "cookie_name": "",
                "enabled": false,
                "type": "lb_cookie"
              }
            ],
            "tags": {
              "Environment": "production",
              "ManagedBy": "terraform",
              "Name": "payment-TG-P",
              "Project": "microservices-ecommerce"
            },
            "tags_all": {
              "Environment": "production",
              "ManagedBy": "terraform",
              "Name": "payment-TG-P",
              "Project": "microservices-ecommerce"
            },
            "target_failover": [
              {
                "on_deregistration": null,
                "on_unhealthy": null
              }
            ],
            "target_group_health": [
              {
                "dns_failover": [
                  {
                    "minimum_healthy_targets_count": "1",
                    "minimum_healthy_targets_percentage": "off"
                  }
                ],
                "unhealthy_state_routing": [
                  {
                    "minimum_healthy_targets_count": 1,
                    "minimum_healthy_targets_percentage": "off"
                  }
                ]
              }
            ],
            "target_health_state": [
              {
                "enable_unhealthy_connection_termination": null,
                "unhealthy_draining_interval": null
              }
            ],
            "target_type": "ip",
            "vpc_id": "vpc-0e7ec7a470f47bccd"
          },
          "sensitive_attributes": [],
          "private": "bnVsbA==",
          "dependencies": [
            "module.network.aws_vpc.main"
          ]
        },
        {
          "index_key": "product",
          "schema_version": 0,
          "attributes": {
            "arn": "arn:aws:elasticloadbalancing:us-east-1:068856380156:targetgroup/product-TG-P/e726293d28e87d58",
            "arn_suffix": "targetgroup/product-TG-P/e726293d28e87d58",
            "connection_termination": null,
            "deregistration_delay": "300",
            "health_check": [
              {
                "enabled": true,
                "healthy_threshold": 5,
                "interval": 30,
                "matcher": "200",
                "path": "/actuator/health",
                "port": "traffic-port",
                "protocol": "HTTP",
                "timeout": 5,
                "unhealthy_threshold": 2
              }
            ],
            "id": "arn:aws:elasticloadbalancing:us-east-1:068856380156:targetgroup/product-TG-P/e726293d28e87d58",
            "ip_address_type": "ipv4",
            "lambda_multi_value_headers_enabled": false,
            "load_balancer_arns": [
              "arn:aws:elasticloadbalancing:us-east-1:068856380156:loadbalancer/app/public-ms-balancer/fbb269a11188643e"
            ],
            "load_balancing_algorithm_type": "round_robin",
            "load_balancing_anomaly_mitigation": "off",
            "load_balancing_cross_zone_enabled": "use_load_balancer_configuration",
            "name": "product-TG-P",
            "name_prefix": "",
            "port": 8050,
            "preserve_client_ip": null,
            "protocol": "HTTP",
            "protocol_version": "HTTP1",
            "proxy_protocol_v2": false,
            "region": "us-east-1",
            "slow_start": 0,
            "stickiness": [
              {
                "cookie_duration": 86400,
                "cookie_name": "",
                "enabled": false,
                "type": "lb_cookie"
              }
            ],
            "tags": {
              "Environment": "production",
              "ManagedBy": "terraform",
              "Name": "product-TG-P",
              "Project": "microservices-ecommerce"
            },
            "tags_all": {
              "Environment": "production",
              "ManagedBy": "terraform",
              "Name": "product-TG-P",
              "Project": "microservices-ecommerce"
            },
            "target_failover": [
              {
                "on_deregistration": null,
                "on_unhealthy": null
              }
            ],
            "target_group_health": [
              {
                "dns_failover": [
                  {
                    "minimum_healthy_targets_count": "1",
                    "minimum_healthy_targets_percentage": "off"
                  }
                ],
                "unhealthy_state_routing": [
                  {
                    "minimum_healthy_targets_count": 1,
                    "minimum_healthy_targets_percentage": "off"
                  }
                ]
              }
            ],
            "target_health_state": [
              {
                "enable_unhealthy_connection_termination": null,
                "unhealthy_draining_interval": null
              }
            ],
            "target_type": "ip",
            "vpc_id": "vpc-0e7ec7a470f47bccd"
          },
          "sensitive_attributes": [],
          "private": "bnVsbA==",
          "dependencies": [
            "module.network.aws_vpc.main"
          ]
        }
      ]
    },
    {
      "module": "module.network",
      "mode": "managed",
      "type": "aws_nat_gateway",
      "name": "main",
      "provider": "provider[\"registry.terraform.io/hashicorp/aws\"]",
      "instances": [
        {
          "index_key": 0,
          "schema_version": 0,
          "attributes": {
            "allocation_id": "eipalloc-041354be3d1f67326",
            "association_id": "eipassoc-0e533b2afc169659f",
            "connectivity_type": "public",
            "id": "nat-03bbdd3d1fdfd011c",
            "network_interface_id": "eni-02d2037feddf38e36",
            "private_ip": "172.31.29.105",
            "public_ip": "44.215.77.203",
            "region": "us-east-1",
            "secondary_allocation_ids": [],
            "secondary_private_ip_address_count": 0,
            "secondary_private_ip_addresses": [],
            "subnet_id": "subnet-0434cdb5aec53e770",
            "tags": {
              "Environment": "production",
              "ManagedBy": "terraform",
              "Name": "microservices-ecommerce-nat-gw-1",
              "Project": "microservices-ecommerce"
            },
            "tags_all": {
              "Environment": "production",
              "ManagedBy": "terraform",
              "Name": "microservices-ecommerce-nat-gw-1",
              "Project": "microservices-ecommerce"
            },
            "timeouts": null
          },
          "sensitive_attributes": [],
          "private": "eyJlMmJmYjczMC1lY2FhLTExZTYtOGY4OC0zNDM2M2JjN2M0YzAiOnsiY3JlYXRlIjo2MDAwMDAwMDAwMDAsImRlbGV0ZSI6MTgwMDAwMDAwMDAwMCwidXBkYXRlIjo2MDAwMDAwMDAwMDB9fQ==",
          "dependencies": [
            "module.network.aws_eip.nat",
            "module.network.aws_internet_gateway.main",
            "module.network.aws_subnet.public",
            "module.network.aws_vpc.main"
          ]
        },
        {
          "index_key": 1,
          "schema_version": 0,
          "attributes": {
            "allocation_id": "eipalloc-0539f89b7df00bffe",
            "association_id": "eipassoc-09167cdbfea9fa478",
            "connectivity_type": "public",
            "id": "nat-0feb3e10207eb58c8",
            "network_interface_id": "eni-09eaaedeff7166a87",
            "private_ip": "172.31.39.179",
            "public_ip": "3.234.75.121",
            "region": "us-east-1",
            "secondary_allocation_ids": [],
            "secondary_private_ip_address_count": 0,
            "secondary_private_ip_addresses": [],
            "subnet_id": "subnet-0a99bec6e8cb20a88",
            "tags": {
              "Environment": "production",
              "ManagedBy": "terraform",
              "Name": "microservices-ecommerce-nat-gw-2",
              "Project": "microservices-ecommerce"
            },
            "tags_all": {
              "Environment": "production",
              "ManagedBy": "terraform",
              "Name": "microservices-ecommerce-nat-gw-2",
              "Project": "microservices-ecommerce"
            },
            "timeouts": null
          },
          "sensitive_attributes": [],
          "private": "eyJlMmJmYjczMC1lY2FhLTExZTYtOGY4OC0zNDM2M2JjN2M0YzAiOnsiY3JlYXRlIjo2MDAwMDAwMDAwMDAsImRlbGV0ZSI6MTgwMDAwMDAwMDAwMCwidXBkYXRlIjo2MDAwMDAwMDAwMDB9fQ==",
          "dependencies": [
            "module.network.aws_eip.nat",
            "module.network.aws_internet_gateway.main",
            "module.network.aws_subnet.public",
            "module.network.aws_vpc.main"
          ]
        },
        {
          "index_key": 2,
          "schema_version": 0,
          "attributes": {
            "allocation_id": "eipalloc-0ead8ac0fa6421c0e",
            "association_id": "eipassoc-004ca0ba7e0a18548",
            "connectivity_type": "public",
            "id": "nat-0e9565df89f62ddb3",
            "network_interface_id": "eni-0d21168f1809fc816",
            "private_ip": "172.31.3.124",
            "public_ip": "34.234.3.126",
            "region": "us-east-1",
            "secondary_allocation_ids": [],
            "secondary_private_ip_address_count": 0,
            "secondary_private_ip_addresses": [],
            "subnet_id": "subnet-0e75833a911eaba9c",
            "tags": {
              "Environment": "production",
              "ManagedBy": "terraform",
              "Name": "microservices-ecommerce-nat-gw-3",
              "Project": "microservices-ecommerce"
            },
            "tags_all": {
              "Environment": "production",
              "ManagedBy": "terraform",
              "Name": "microservices-ecommerce-nat-gw-3",
              "Project": "microservices-ecommerce"
            },
            "timeouts": null
          },
          "sensitive_attributes": [],
          "private": "eyJlMmJmYjczMC1lY2FhLTExZTYtOGY4OC0zNDM2M2JjN2M0YzAiOnsiY3JlYXRlIjo2MDAwMDAwMDAwMDAsImRlbGV0ZSI6MTgwMDAwMDAwMDAwMCwidXBkYXRlIjo2MDAwMDAwMDAwMDB9fQ==",
          "dependencies": [
            "module.network.aws_eip.nat",
            "module.network.aws_internet_gateway.main",
            "module.network.aws_subnet.public",
            "module.network.aws_vpc.main"
          ]
        }
      ]
    },
    {
      "module": "module.network",
      "mode": "managed",
      "type": "aws_route_table",
      "name": "private",
      "provider": "provider[\"registry.terraform.io/hashicorp/aws\"]",
      "instances": [
        {
          "index_key": 0,
          "schema_version": 0,
          "attributes": {
            "arn": "arn:aws:ec2:us-east-1:068856380156:route-table/rtb-0413bb2ff0539681c",
            "id": "rtb-0413bb2ff0539681c",
            "owner_id": "068856380156",
            "propagating_vgws": [],
            "region": "us-east-1",
            "route": [
              {
                "carrier_gateway_id": "",
                "cidr_block": "0.0.0.0/0",
                "core_network_arn": "",
                "destination_prefix_list_id": "",
                "egress_only_gateway_id": "",
                "gateway_id": "",
                "ipv6_cidr_block": "",
                "local_gateway_id": "",
                "nat_gateway_id": "nat-03bbdd3d1fdfd011c",
                "network_interface_id": "",
                "transit_gateway_id": "",
                "vpc_endpoint_id": "",
                "vpc_peering_connection_id": ""
              }
            ],
            "tags": {
              "Environment": "production",
              "ManagedBy": "terraform",
              "Name": "microservices-ecommerce-private-rt-1",
              "Project": "microservices-ecommerce"
            },
            "tags_all": {
              "Environment": "production",
              "ManagedBy": "terraform",
              "Name": "microservices-ecommerce-private-rt-1",
              "Project": "microservices-ecommerce"
            },
            "timeouts": null,
            "vpc_id": "vpc-0e7ec7a470f47bccd"
          },
          "sensitive_attributes": [],
          "private": "eyJlMmJmYjczMC1lY2FhLTExZTYtOGY4OC0zNDM2M2JjN2M0YzAiOnsiY3JlYXRlIjozMDAwMDAwMDAwMDAsImRlbGV0ZSI6MzAwMDAwMDAwMDAwLCJ1cGRhdGUiOjEyMDAwMDAwMDAwMH19",
          "dependencies": [
            "module.network.aws_eip.nat",
            "module.network.aws_internet_gateway.main",
            "module.network.aws_nat_gateway.main",
            "module.network.aws_subnet.private",
            "module.network.aws_subnet.public",
            "module.network.aws_vpc.main"
          ]
        },
        {
          "index_key": 1,
          "schema_version": 0,
          "attributes": {
            "arn": "arn:aws:ec2:us-east-1:068856380156:route-table/rtb-05d41b600f8803d5a",
            "id": "rtb-05d41b600f8803d5a",
            "owner_id": "068856380156",
            "propagating_vgws": [],
            "region": "us-east-1",
            "route": [
              {
                "carrier_gateway_id": "",
                "cidr_block": "0.0.0.0/0",
                "core_network_arn": "",
                "destination_prefix_list_id": "",
                "egress_only_gateway_id": "",
                "gateway_id": "",
                "ipv6_cidr_block": "",
                "local_gateway_id": "",
                "nat_gateway_id": "nat-0feb3e10207eb58c8",
                "network_interface_id": "",
                "transit_gateway_id": "",
                "vpc_endpoint_id": "",
                "vpc_peering_connection_id": ""
              }
            ],
            "tags": {
              "Environment": "production",
              "ManagedBy": "terraform",
              "Name": "microservices-ecommerce-private-rt-2",
              "Project": "microservices-ecommerce"
            },
            "tags_all": {
              "Environment": "production",
              "ManagedBy": "terraform",
              "Name": "microservices-ecommerce-private-rt-2",
              "Project": "microservices-ecommerce"
            },
            "timeouts": null,
            "vpc_id": "vpc-0e7ec7a470f47bccd"
          },
          "sensitive_attributes": [],
          "private": "eyJlMmJmYjczMC1lY2FhLTExZTYtOGY4OC0zNDM2M2JjN2M0YzAiOnsiY3JlYXRlIjozMDAwMDAwMDAwMDAsImRlbGV0ZSI6MzAwMDAwMDAwMDAwLCJ1cGRhdGUiOjEyMDAwMDAwMDAwMH19",
          "dependencies": [
            "module.network.aws_eip.nat",
            "module.network.aws_internet_gateway.main",
            "module.network.aws_nat_gateway.main",
            "module.network.aws_subnet.private",
            "module.network.aws_subnet.public",
            "module.network.aws_vpc.main"
          ]
        },
        {
          "index_key": 2,
          "schema_version": 0,
          "attributes": {
            "arn": "arn:aws:ec2:us-east-1:068856380156:route-table/rtb-09a2ce08d99d65946",
            "id": "rtb-09a2ce08d99d65946",
            "owner_id": "068856380156",
            "propagating_vgws": [],
            "region": "us-east-1",
            "route": [
              {
                "carrier_gateway_id": "",
                "cidr_block": "0.0.0.0/0",
                "core_network_arn": "",
                "destination_prefix_list_id": "",
                "egress_only_gateway_id": "",
                "gateway_id": "",
                "ipv6_cidr_block": "",
                "local_gateway_id": "",
                "nat_gateway_id": "nat-0e9565df89f62ddb3",
                "network_interface_id": "",
                "transit_gateway_id": "",
                "vpc_endpoint_id": "",
                "vpc_peering_connection_id": ""
              }
            ],
            "tags": {
              "Environment": "production",
              "ManagedBy": "terraform",
              "Name": "microservices-ecommerce-private-rt-3",
              "Project": "microservices-ecommerce"
            },
            "tags_all": {
              "Environment": "production",
              "ManagedBy": "terraform",
              "Name": "microservices-ecommerce-private-rt-3",
              "Project": "microservices-ecommerce"
            },
            "timeouts": null,
            "vpc_id": "vpc-0e7ec7a470f47bccd"
          },
          "sensitive_attributes": [],
          "private": "eyJlMmJmYjczMC1lY2FhLTExZTYtOGY4OC0zNDM2M2JjN2M0YzAiOnsiY3JlYXRlIjozMDAwMDAwMDAwMDAsImRlbGV0ZSI6MzAwMDAwMDAwMDAwLCJ1cGRhdGUiOjEyMDAwMDAwMDAwMH19",
          "dependencies": [
            "module.network.aws_eip.nat",
            "module.network.aws_internet_gateway.main",
            "module.network.aws_nat_gateway.main",
            "module.network.aws_subnet.private",
            "module.network.aws_subnet.public",
            "module.network.aws_vpc.main"
          ]
        }
      ]
    },
    {
      "module": "module.network",
      "mode": "managed",
      "type": "aws_route_table",
      "name": "public",
      "provider": "provider[\"registry.terraform.io/hashicorp/aws\"]",
      "instances": [
        {
          "schema_version": 0,
          "attributes": {
            "arn": "arn:aws:ec2:us-east-1:068856380156:route-table/rtb-0f9f97d7f277f7b69",
            "id": "rtb-0f9f97d7f277f7b69",
            "owner_id": "068856380156",
            "propagating_vgws": [],
            "region": "us-east-1",
            "route": [
              {
                "carrier_gateway_id": "",
                "cidr_block": "0.0.0.0/0",
                "core_network_arn": "",
                "destination_prefix_list_id": "",
                "egress_only_gateway_id": "",
                "gateway_id": "igw-037b323af9422f16b",
                "ipv6_cidr_block": "",
                "local_gateway_id": "",
                "nat_gateway_id": "",
                "network_interface_id": "",
                "transit_gateway_id": "",
                "vpc_endpoint_id": "",
                "vpc_peering_connection_id": ""
              }
            ],
            "tags": {
              "Environment": "production",
              "ManagedBy": "terraform",
              "Name": "microservices-ecommerce-public-rt",
              "Project": "microservices-ecommerce"
            },
            "tags_all": {
              "Environment": "production",
              "ManagedBy": "terraform",
              "Name": "microservices-ecommerce-public-rt",
              "Project": "microservices-ecommerce"
            },
            "timeouts": null,
            "vpc_id": "vpc-0e7ec7a470f47bccd"
          },
          "sensitive_attributes": [],
          "private": "eyJlMmJmYjczMC1lY2FhLTExZTYtOGY4OC0zNDM2M2JjN2M0YzAiOnsiY3JlYXRlIjozMDAwMDAwMDAwMDAsImRlbGV0ZSI6MzAwMDAwMDAwMDAwLCJ1cGRhdGUiOjEyMDAwMDAwMDAwMH19",
          "dependencies": [
            "module.network.aws_internet_gateway.main",
            "module.network.aws_vpc.main"
          ]
        }
      ]
    },
    {
      "module": "module.network",
      "mode": "managed",
      "type": "aws_route_table_association",
      "name": "private",
      "provider": "provider[\"registry.terraform.io/hashicorp/aws\"]",
      "instances": [
        {
          "index_key": 0,
          "schema_version": 0,
          "attributes": {
            "gateway_id": "",
            "id": "rtbassoc-0b74c31bf04df55fc",
            "region": "us-east-1",
            "route_table_id": "rtb-0413bb2ff0539681c",
            "subnet_id": "subnet-0b267e128d38dd3c4",
            "timeouts": null
          },
          "sensitive_attributes": [],
          "private": "eyJlMmJmYjczMC1lY2FhLTExZTYtOGY4OC0zNDM2M2JjN2M0YzAiOnsiY3JlYXRlIjozMDAwMDAwMDAwMDAsImRlbGV0ZSI6MzAwMDAwMDAwMDAwLCJ1cGRhdGUiOjEyMDAwMDAwMDAwMH19",
          "dependencies": [
            "module.network.aws_eip.nat",
            "module.network.aws_internet_gateway.main",
            "module.network.aws_nat_gateway.main",
            "module.network.aws_route_table.private",
            "module.network.aws_subnet.private",
            "module.network.aws_subnet.public",
            "module.network.aws_vpc.main"
          ]
        },
        {
          "index_key": 1,
          "schema_version": 0,
          "attributes": {
            "gateway_id": "",
            "id": "rtbassoc-0e71d8fd2e89e105e",
            "region": "us-east-1",
            "route_table_id": "rtb-05d41b600f8803d5a",
            "subnet_id": "subnet-0d67c06c2b319904d",
            "timeouts": null
          },
          "sensitive_attributes": [],
          "private": "eyJlMmJmYjczMC1lY2FhLTExZTYtOGY4OC0zNDM2M2JjN2M0YzAiOnsiY3JlYXRlIjozMDAwMDAwMDAwMDAsImRlbGV0ZSI6MzAwMDAwMDAwMDAwLCJ1cGRhdGUiOjEyMDAwMDAwMDAwMH19",
          "dependencies": [
            "module.network.aws_eip.nat",
            "module.network.aws_internet_gateway.main",
            "module.network.aws_nat_gateway.main",
            "module.network.aws_route_table.private",
            "module.network.aws_subnet.private",
            "module.network.aws_subnet.public",
            "module.network.aws_vpc.main"
          ]
        },
        {
          "index_key": 2,
          "schema_version": 0,
          "attributes": {
            "gateway_id": "",
            "id": "rtbassoc-04f020c5f545d4a1e",
            "region": "us-east-1",
            "route_table_id": "rtb-09a2ce08d99d65946",
            "subnet_id": "subnet-0a5331ae248243ea2",
            "timeouts": null
          },
          "sensitive_attributes": [],
          "private": "eyJlMmJmYjczMC1lY2FhLTExZTYtOGY4OC0zNDM2M2JjN2M0YzAiOnsiY3JlYXRlIjozMDAwMDAwMDAwMDAsImRlbGV0ZSI6MzAwMDAwMDAwMDAwLCJ1cGRhdGUiOjEyMDAwMDAwMDAwMH19",
          "dependencies": [
            "module.network.aws_eip.nat",
            "module.network.aws_internet_gateway.main",
            "module.network.aws_nat_gateway.main",
            "module.network.aws_route_table.private",
            "module.network.aws_subnet.private",
            "module.network.aws_subnet.public",
            "module.network.aws_vpc.main"
          ]
        }
      ]
    },
    {
      "module": "module.network",
      "mode": "managed",
      "type": "aws_route_table_association",
      "name": "public",
      "provider": "provider[\"registry.terraform.io/hashicorp/aws\"]",
      "instances": [
        {
          "index_key": 0,
          "schema_version": 0,
          "attributes": {
            "gateway_id": "",
            "id": "rtbassoc-074828f9b1bd3c501",
            "region": "us-east-1",
            "route_table_id": "rtb-0f9f97d7f277f7b69",
            "subnet_id": "subnet-0434cdb5aec53e770",
            "timeouts": null
          },
          "sensitive_attributes": [],
          "private": "eyJlMmJmYjczMC1lY2FhLTExZTYtOGY4OC0zNDM2M2JjN2M0YzAiOnsiY3JlYXRlIjozMDAwMDAwMDAwMDAsImRlbGV0ZSI6MzAwMDAwMDAwMDAwLCJ1cGRhdGUiOjEyMDAwMDAwMDAwMH19",
          "dependencies": [
            "module.network.aws_internet_gateway.main",
            "module.network.aws_route_table.public",
            "module.network.aws_subnet.public",
            "module.network.aws_vpc.main"
          ]
        },
        {
          "index_key": 1,
          "schema_version": 0,
          "attributes": {
            "gateway_id": "",
            "id": "rtbassoc-0416aedd8e67f9908",
            "region": "us-east-1",
            "route_table_id": "rtb-0f9f97d7f277f7b69",
            "subnet_id": "subnet-0a99bec6e8cb20a88",
            "timeouts": null
          },
          "sensitive_attributes": [],
          "private": "eyJlMmJmYjczMC1lY2FhLTExZTYtOGY4OC0zNDM2M2JjN2M0YzAiOnsiY3JlYXRlIjozMDAwMDAwMDAwMDAsImRlbGV0ZSI6MzAwMDAwMDAwMDAwLCJ1cGRhdGUiOjEyMDAwMDAwMDAwMH19",
          "dependencies": [
            "module.network.aws_internet_gateway.main",
            "module.network.aws_route_table.public",
            "module.network.aws_subnet.public",
            "module.network.aws_vpc.main"
          ]
        },
        {
          "index_key": 2,
          "schema_version": 0,
          "attributes": {
            "gateway_id": "",
            "id": "rtbassoc-06ad5dcc150d2b8b3",
            "region": "us-east-1",
            "route_table_id": "rtb-0f9f97d7f277f7b69",
            "subnet_id": "subnet-0e75833a911eaba9c",
            "timeouts": null
          },
          "sensitive_attributes": [],
          "private": "eyJlMmJmYjczMC1lY2FhLTExZTYtOGY4OC0zNDM2M2JjN2M0YzAiOnsiY3JlYXRlIjozMDAwMDAwMDAwMDAsImRlbGV0ZSI6MzAwMDAwMDAwMDAwLCJ1cGRhdGUiOjEyMDAwMDAwMDAwMH19",
          "dependencies": [
            "module.network.aws_internet_gateway.main",
            "module.network.aws_route_table.public",
            "module.network.aws_subnet.public",
            "module.network.aws_vpc.main"
          ]
        }
      ]
    },
    {
      "module": "module.network",
      "mode": "managed",
      "type": "aws_security_group",
      "name": "alb",
      "provider": "provider[\"registry.terraform.io/hashicorp/aws\"]",
      "instances": [
        {
          "schema_version": 1,
          "attributes": {
            "arn": "arn:aws:ec2:us-east-1:068856380156:security-group/sg-0f9ea72b77b363a04",
            "description": "Security group for Application Load Balancer",
            "egress": [
              {
                "cidr_blocks": [
                  "0.0.0.0/0"
                ],
                "description": "",
                "from_port": 0,
                "ipv6_cidr_blocks": [],
                "prefix_list_ids": [],
                "protocol": "-1",
                "security_groups": [],
                "self": false,
                "to_port": 0
              }
            ],
            "id": "sg-0f9ea72b77b363a04",
            "ingress": [
              {
                "cidr_blocks": [
                  "0.0.0.0/0"
                ],
                "description": "",
                "from_port": 443,
                "ipv6_cidr_blocks": [],
                "prefix_list_ids": [],
                "protocol": "tcp",
                "security_groups": [],
                "self": false,
                "to_port": 443
              },
              {
                "cidr_blocks": [
                  "0.0.0.0/0"
                ],
                "description": "",
                "from_port": 80,
                "ipv6_cidr_blocks": [],
                "prefix_list_ids": [],
                "protocol": "tcp",
                "security_groups": [],
                "self": false,
                "to_port": 80
              }
            ],
            "name": "microservices-ecommerce-alb",
            "name_prefix": "",
            "owner_id": "068856380156",
            "region": "us-east-1",
            "revoke_rules_on_delete": false,
            "tags": {
              "Environment": "production",
              "ManagedBy": "terraform",
              "Name": "microservices-ecommerce-alb-sg",
              "Project": "microservices-ecommerce"
            },
            "tags_all": {
              "Environment": "production",
              "ManagedBy": "terraform",
              "Name": "microservices-ecommerce-alb-sg",
              "Project": "microservices-ecommerce"
            },
            "timeouts": null,
            "vpc_id": "vpc-0e7ec7a470f47bccd"
          },
          "sensitive_attributes": [],
          "private": "eyJlMmJmYjczMC1lY2FhLTExZTYtOGY4OC0zNDM2M2JjN2M0YzAiOnsiY3JlYXRlIjo2MDAwMDAwMDAwMDAsImRlbGV0ZSI6OTAwMDAwMDAwMDAwfSwic2NoZW1hX3ZlcnNpb24iOiIxIn0=",
          "dependencies": [
            "module.network.aws_vpc.main"
          ]
        }
      ]
    },
    {
      "module": "module.network",
      "mode": "managed",
      "type": "aws_security_group",
      "name": "ecs_services",
      "provider": "provider[\"registry.terraform.io/hashicorp/aws\"]",
      "instances": [
        {
          "schema_version": 1,
          "attributes": {
            "arn": "arn:aws:ec2:us-east-1:068856380156:security-group/sg-0ff1bb0c5c6b6962d",
            "description": "Security group for ECS services",
            "egress": [
              {
                "cidr_blocks": [
                  "0.0.0.0/0"
                ],
                "description": "",
                "from_port": 0,
                "ipv6_cidr_blocks": [],
                "prefix_list_ids": [],
                "protocol": "-1",
                "security_groups": [],
                "self": false,
                "to_port": 0
              }
            ],
            "id": "sg-0ff1bb0c5c6b6962d",
            "ingress": [
              {
                "cidr_blocks": [
                  "172.31.0.0/16"
                ],
                "description": "",
                "from_port": 0,
                "ipv6_cidr_blocks": [],
                "prefix_list_ids": [],
                "protocol": "tcp",
                "security_groups": [],
                "self": false,
                "to_port": 65535
              },
              {
                "cidr_blocks": [],
                "description": "",
                "from_port": 0,
                "ipv6_cidr_blocks": [],
                "prefix_list_ids": [],
                "protocol": "tcp",
                "security_groups": [
                  "sg-0f9ea72b77b363a04"
                ],
                "self": false,
                "to_port": 65535
              }
            ],
            "name": "microservices-ecommerce-ecs-services",
            "name_prefix": "",
            "owner_id": "068856380156",
            "region": "us-east-1",
            "revoke_rules_on_delete": false,
            "tags": {
              "Environment": "production",
              "ManagedBy": "terraform",
              "Name": "microservices-ecommerce-ecs-services-sg",
              "Project": "microservices-ecommerce"
            },
            "tags_all": {
              "Environment": "production",
              "ManagedBy": "terraform",
              "Name": "microservices-ecommerce-ecs-services-sg",
              "Project": "microservices-ecommerce"
            },
            "timeouts": null,
            "vpc_id": "vpc-0e7ec7a470f47bccd"
          },
          "sensitive_attributes": [],
          "private": "eyJlMmJmYjczMC1lY2FhLTExZTYtOGY4OC0zNDM2M2JjN2M0YzAiOnsiY3JlYXRlIjo2MDAwMDAwMDAwMDAsImRlbGV0ZSI6OTAwMDAwMDAwMDAwfSwic2NoZW1hX3ZlcnNpb24iOiIxIn0=",
          "dependencies": [
            "module.network.aws_security_group.alb",
            "module.network.aws_vpc.main"
          ]
        }
      ]
    },
    {
      "module": "module.network",
      "mode": "managed",
      "type": "aws_subnet",
      "name": "private",
      "provider": "provider[\"registry.terraform.io/hashicorp/aws\"]",
      "instances": [
        {
          "index_key": 0,
          "schema_version": 1,
          "attributes": {
            "arn": "arn:aws:ec2:us-east-1:068856380156:subnet/subnet-0b267e128d38dd3c4",
            "assign_ipv6_address_on_creation": false,
            "availability_zone": "us-east-1a",
            "availability_zone_id": "use1-az2",
            "cidr_block": "172.31.48.0/20",
            "customer_owned_ipv4_pool": "",
            "enable_dns64": false,
            "enable_lni_at_device_index": 0,
            "enable_resource_name_dns_a_record_on_launch": false,
            "enable_resource_name_dns_aaaa_record_on_launch": false,
            "id": "subnet-0b267e128d38dd3c4",
            "ipv6_cidr_block": "",
            "ipv6_cidr_block_association_id": "",
            "ipv6_native": false,
            "map_customer_owned_ip_on_launch": false,
            "map_public_ip_on_launch": false,
            "outpost_arn": "",
            "owner_id": "068856380156",
            "private_dns_hostname_type_on_launch": "ip-name",
            "region": "us-east-1",
            "tags": {
              "Environment": "production",
              "ManagedBy": "terraform",
              "Name": "microservices-ecommerce-private-subnet-1",
              "Project": "microservices-ecommerce",
              "Type": "Private"
            },
            "tags_all": {
              "Environment": "production",
              "ManagedBy": "terraform",
              "Name": "microservices-ecommerce-private-subnet-1",
              "Project": "microservices-ecommerce",
              "Type": "Private"
            },
            "timeouts": null,
            "vpc_id": "vpc-0e7ec7a470f47bccd"
          },
          "sensitive_attributes": [],
          "private": "eyJlMmJmYjczMC1lY2FhLTExZTYtOGY4OC0zNDM2M2JjN2M0YzAiOnsiY3JlYXRlIjo2MDAwMDAwMDAwMDAsImRlbGV0ZSI6MTIwMDAwMDAwMDAwMH0sInNjaGVtYV92ZXJzaW9uIjoiMSJ9",
          "dependencies": [
            "module.network.aws_vpc.main"
          ]
        },
        {
          "index_key": 1,
          "schema_version": 1,
          "attributes": {
            "arn": "arn:aws:ec2:us-east-1:068856380156:subnet/subnet-0d67c06c2b319904d",
            "assign_ipv6_address_on_creation": false,
            "availability_zone": "us-east-1b",
            "availability_zone_id": "use1-az4",
            "cidr_block": "172.31.64.0/20",
            "customer_owned_ipv4_pool": "",
            "enable_dns64": false,
            "enable_lni_at_device_index": 0,
            "enable_resource_name_dns_a_record_on_launch": false,
            "enable_resource_name_dns_aaaa_record_on_launch": false,
            "id": "subnet-0d67c06c2b319904d",
            "ipv6_cidr_block": "",
            "ipv6_cidr_block_association_id": "",
            "ipv6_native": false,
            "map_customer_owned_ip_on_launch": false,
            "map_public_ip_on_launch": false,
            "outpost_arn": "",
            "owner_id": "068856380156",
            "private_dns_hostname_type_on_launch": "ip-name",
            "region": "us-east-1",
            "tags": {
              "Environment": "production",
              "ManagedBy": "terraform",
              "Name": "microservices-ecommerce-private-subnet-2",
              "Project": "microservices-ecommerce",
              "Type": "Private"
            },
            "tags_all": {
              "Environment": "production",
              "ManagedBy": "terraform",
              "Name": "microservices-ecommerce-private-subnet-2",
              "Project": "microservices-ecommerce",
              "Type": "Private"
            },
            "timeouts": null,
            "vpc_id": "vpc-0e7ec7a470f47bccd"
          },
          "sensitive_attributes": [],
          "private": "eyJlMmJmYjczMC1lY2FhLTExZTYtOGY4OC0zNDM2M2JjN2M0YzAiOnsiY3JlYXRlIjo2MDAwMDAwMDAwMDAsImRlbGV0ZSI6MTIwMDAwMDAwMDAwMH0sInNjaGVtYV92ZXJzaW9uIjoiMSJ9",
          "dependencies": [
            "module.network.aws_vpc.main"
          ]
        },
        {
          "index_key": 2,
          "schema_version": 1,
          "attributes": {
            "arn": "arn:aws:ec2:us-east-1:068856380156:subnet/subnet-0a5331ae248243ea2",
            "assign_ipv6_address_on_creation": false,
            "availability_zone": "us-east-1c",
            "availability_zone_id": "use1-az6",
            "cidr_block": "172.31.80.0/20",
            "customer_owned_ipv4_pool": "",
            "enable_dns64": false,
            "enable_lni_at_device_index": 0,
            "enable_resource_name_dns_a_record_on_launch": false,
            "enable_resource_name_dns_aaaa_record_on_launch": false,
            "id": "subnet-0a5331ae248243ea2",
            "ipv6_cidr_block": "",
            "ipv6_cidr_block_association_id": "",
            "ipv6_native": false,
            "map_customer_owned_ip_on_launch": false,
            "map_public_ip_on_launch": false,
            "outpost_arn": "",
            "owner_id": "068856380156",
            "private_dns_hostname_type_on_launch": "ip-name",
            "region": "us-east-1",
            "tags": {
              "Environment": "production",
              "ManagedBy": "terraform",
              "Name": "microservices-ecommerce-private-subnet-3",
              "Project": "microservices-ecommerce",
              "Type": "Private"
            },
            "tags_all": {
              "Environment": "production",
              "ManagedBy": "terraform",
              "Name": "microservices-ecommerce-private-subnet-3",
              "Project": "microservices-ecommerce",
              "Type": "Private"
            },
            "timeouts": null,
            "vpc_id": "vpc-0e7ec7a470f47bccd"
          },
          "sensitive_attributes": [],
          "private": "eyJlMmJmYjczMC1lY2FhLTExZTYtOGY4OC0zNDM2M2JjN2M0YzAiOnsiY3JlYXRlIjo2MDAwMDAwMDAwMDAsImRlbGV0ZSI6MTIwMDAwMDAwMDAwMH0sInNjaGVtYV92ZXJzaW9uIjoiMSJ9",
          "dependencies": [
            "module.network.aws_vpc.main"
          ]
        }
      ]
    },
    {
      "module": "module.network",
      "mode": "managed",
      "type": "aws_subnet",
      "name": "public",
      "provider": "provider[\"registry.terraform.io/hashicorp/aws\"]",
      "instances": [
        {
          "index_key": 0,
          "schema_version": 1,
          "attributes": {
            "arn": "arn:aws:ec2:us-east-1:068856380156:subnet/subnet-0434cdb5aec53e770",
            "assign_ipv6_address_on_creation": false,
            "availability_zone": "us-east-1a",
            "availability_zone_id": "use1-az2",
            "cidr_block": "172.31.16.0/20",
            "customer_owned_ipv4_pool": "",
            "enable_dns64": false,
            "enable_lni_at_device_index": 0,
            "enable_resource_name_dns_a_record_on_launch": false,
            "enable_resource_name_dns_aaaa_record_on_launch": false,
            "id": "subnet-0434cdb5aec53e770",
            "ipv6_cidr_block": "",
            "ipv6_cidr_block_association_id": "",
            "ipv6_native": false,
            "map_customer_owned_ip_on_launch": false,
            "map_public_ip_on_launch": true,
            "outpost_arn": "",
            "owner_id": "068856380156",
            "private_dns_hostname_type_on_launch": "ip-name",
            "region": "us-east-1",
            "tags": {
              "Environment": "production",
              "ManagedBy": "terraform",
              "Name": "microservices-ecommerce-public-subnet-1",
              "Project": "microservices-ecommerce",
              "Type": "Public"
            },
            "tags_all": {
              "Environment": "production",
              "ManagedBy": "terraform",
              "Name": "microservices-ecommerce-public-subnet-1",
              "Project": "microservices-ecommerce",
              "Type": "Public"
            },
            "timeouts": null,
            "vpc_id": "vpc-0e7ec7a470f47bccd"
          },
          "sensitive_attributes": [],
          "private": "eyJlMmJmYjczMC1lY2FhLTExZTYtOGY4OC0zNDM2M2JjN2M0YzAiOnsiY3JlYXRlIjo2MDAwMDAwMDAwMDAsImRlbGV0ZSI6MTIwMDAwMDAwMDAwMH0sInNjaGVtYV92ZXJzaW9uIjoiMSJ9",
          "dependencies": [
            "module.network.aws_vpc.main"
          ]
        },
        {
          "index_key": 1,
          "schema_version": 1,
          "attributes": {
            "arn": "arn:aws:ec2:us-east-1:068856380156:subnet/subnet-0a99bec6e8cb20a88",
            "assign_ipv6_address_on_creation": false,
            "availability_zone": "us-east-1b",
            "availability_zone_id": "use1-az4",
            "cidr_block": "172.31.32.0/20",
            "customer_owned_ipv4_pool": "",
            "enable_dns64": false,
            "enable_lni_at_device_index": 0,
            "enable_resource_name_dns_a_record_on_launch": false,
            "enable_resource_name_dns_aaaa_record_on_launch": false,
            "id": "subnet-0a99bec6e8cb20a88",
            "ipv6_cidr_block": "",
            "ipv6_cidr_block_association_id": "",
            "ipv6_native": false,
            "map_customer_owned_ip_on_launch": false,
            "map_public_ip_on_launch": true,
            "outpost_arn": "",
            "owner_id": "068856380156",
            "private_dns_hostname_type_on_launch": "ip-name",
            "region": "us-east-1",
            "tags": {
              "Environment": "production",
              "ManagedBy": "terraform",
              "Name": "microservices-ecommerce-public-subnet-2",
              "Project": "microservices-ecommerce",
              "Type": "Public"
            },
            "tags_all": {
              "Environment": "production",
              "ManagedBy": "terraform",
              "Name": "microservices-ecommerce-public-subnet-2",
              "Project": "microservices-ecommerce",
              "Type": "Public"
            },
            "timeouts": null,
            "vpc_id": "vpc-0e7ec7a470f47bccd"
          },
          "sensitive_attributes": [],
          "private": "eyJlMmJmYjczMC1lY2FhLTExZTYtOGY4OC0zNDM2M2JjN2M0YzAiOnsiY3JlYXRlIjo2MDAwMDAwMDAwMDAsImRlbGV0ZSI6MTIwMDAwMDAwMDAwMH0sInNjaGVtYV92ZXJzaW9uIjoiMSJ9",
          "dependencies": [
            "module.network.aws_vpc.main"
          ]
        },
        {
          "index_key": 2,
          "schema_version": 1,
          "attributes": {
            "arn": "arn:aws:ec2:us-east-1:068856380156:subnet/subnet-0e75833a911eaba9c",
            "assign_ipv6_address_on_creation": false,
            "availability_zone": "us-east-1c",
            "availability_zone_id": "use1-az6",
            "cidr_block": "172.31.0.0/20",
            "customer_owned_ipv4_pool": "",
            "enable_dns64": false,
            "enable_lni_at_device_index": 0,
            "enable_resource_name_dns_a_record_on_launch": false,
            "enable_resource_name_dns_aaaa_record_on_launch": false,
            "id": "subnet-0e75833a911eaba9c",
            "ipv6_cidr_block": "",
            "ipv6_cidr_block_association_id": "",
            "ipv6_native": false,
            "map_customer_owned_ip_on_launch": false,
            "map_public_ip_on_launch": true,
            "outpost_arn": "",
            "owner_id": "068856380156",
            "private_dns_hostname_type_on_launch": "ip-name",
            "region": "us-east-1",
            "tags": {
              "Environment": "production",
              "ManagedBy": "terraform",
              "Name": "microservices-ecommerce-public-subnet-3",
              "Project": "microservices-ecommerce",
              "Type": "Public"
            },
            "tags_all": {
              "Environment": "production",
              "ManagedBy": "terraform",
              "Name": "microservices-ecommerce-public-subnet-3",
              "Project": "microservices-ecommerce",
              "Type": "Public"
            },
            "timeouts": null,
            "vpc_id": "vpc-0e7ec7a470f47bccd"
          },
          "sensitive_attributes": [],
          "private": "eyJlMmJmYjczMC1lY2FhLTExZTYtOGY4OC0zNDM2M2JjN2M0YzAiOnsiY3JlYXRlIjo2MDAwMDAwMDAwMDAsImRlbGV0ZSI6MTIwMDAwMDAwMDAwMH0sInNjaGVtYV92ZXJzaW9uIjoiMSJ9",
          "dependencies": [
            "module.network.aws_vpc.main"
          ]
        }
      ]
    },
    {
      "module": "module.network",
      "mode": "managed",
      "type": "aws_vpc",
      "name": "main",
      "provider": "provider[\"registry.terraform.io/hashicorp/aws\"]",
      "instances": [
        {
          "schema_version": 1,
          "attributes": {
            "arn": "arn:aws:ec2:us-east-1:068856380156:vpc/vpc-0e7ec7a470f47bccd",
            "assign_generated_ipv6_cidr_block": false,
            "cidr_block": "172.31.0.0/16",
            "default_network_acl_id": "acl-0e08e41f1aa2660c9",
            "default_route_table_id": "rtb-0d32e6e45a7a3f073",
            "default_security_group_id": "sg-09817b25546942162",
            "dhcp_options_id": "dopt-08f7f8f9029923b08",
            "enable_dns_hostnames": true,
            "enable_dns_support": true,
            "enable_network_address_usage_metrics": false,
            "id": "vpc-0e7ec7a470f47bccd",
            "instance_tenancy": "default",
            "ipv4_ipam_pool_id": null,
            "ipv4_netmask_length": null,
            "ipv6_association_id": "",
            "ipv6_cidr_block": "",
            "ipv6_cidr_block_network_border_group": "",
            "ipv6_ipam_pool_id": "",
            "ipv6_netmask_length": 0,
            "main_route_table_id": "rtb-0d32e6e45a7a3f073",
            "owner_id": "068856380156",
            "region": "us-east-1",
            "tags": {
              "Environment": "production",
              "ManagedBy": "terraform",
              "Name": "microservices-ecommerce-vpc",
              "Project": "microservices-ecommerce"
            },
            "tags_all": {
              "Environment": "production",
              "ManagedBy": "terraform",
              "Name": "microservices-ecommerce-vpc",
              "Project": "microservices-ecommerce"
            }
          },
          "sensitive_attributes": [],
          "private": "eyJzY2hlbWFfdmVyc2lvbiI6IjEifQ=="
        }
      ]
    }
  ],
  "check_results": [
    {
      "object_kind": "var",
      "config_addr": "module.msk.var.client_broker_encryption",
      "status": "pass",
      "objects": [
        {
          "object_addr": "module.msk.var.client_broker_encryption",
          "status": "pass"
        }
      ]
    },
    {
      "object_kind": "var",
      "config_addr": "module.msk.var.log_retention_days",
      "status": "pass",
      "objects": [
        {
          "object_addr": "module.msk.var.log_retention_days",
          "status": "pass"
        }
      ]
    },
    {
      "object_kind": "var",
      "config_addr": "module.msk.var.instance_type",
      "status": "pass",
      "objects": [
        {
          "object_addr": "module.msk.var.instance_type",
          "status": "pass"
        }
      ]
    },
    {
      "object_kind": "var",
      "config_addr": "module.msk.var.broker_count",
      "status": "pass",
      "objects": [
        {
          "object_addr": "module.msk.var.broker_count",
          "status": "pass"
        }
      ]
    },
    {
      "object_kind": "var",
      "config_addr": "module.msk.var.storage_volume_size",
      "status": "pass",
      "objects": [
        {
          "object_addr": "module.msk.var.storage_volume_size",
          "status": "pass"
        }
      ]
    },
    {
      "object_kind": "var",
      "config_addr": "module.msk.var.private_subnet_ids",
      "status": "pass",
      "objects": [
        {
          "object_addr": "module.msk.var.private_subnet_ids",
          "status": "pass"
        }
      ]
    }
  ]
}
